
Microsoft Visual Studio Solution File, Format Version 12.00
# Visual Studio Version 17
VisualStudioVersion = 17.0.31903.59
MinimumVisualStudioVersion = 10.0.40219.1
Project("{2150E333-8FDC-42A3-9474-1A3956D46DE8}") = "30.SystemInterface", "30.SystemInterface", "{B56134A8-A6B5-4CA7-AFF6-5FF720AA3582}"
EndProject
Project("{2150E333-8FDC-42A3-9474-1A3956D46DE8}") = "20.Common", "20.Common", "{E28ED0DC-9944-44F4-A010-C7F7C90DBC76}"
EndProject
Project("{9A19103F-16F7-4668-BE54-9A1E7A4F7556}") = "NV.CT.Protocol", "..\Common\Protocol\NV.CT.Protocol.csproj", "{8B693C7E-767F-40F3-8B38-BC40D3228EE6}"
EndProject
Project("{2150E333-8FDC-42A3-9474-1A3956D46DE8}") = "10.Infrastructure", "10.Infrastructure", "{F67FCFE3-BF9E-4023-BF19-0A42F46A0A2E}"
EndProject
Project("{9A19103F-16F7-4668-BE54-9A1E7A4F7556}") = "NV.CT.Logging", "..\Infrastructure\Logging\NV.CT.Logging.csproj", "{0222EA44-6A73-4623-ABF8-49217715E7AF}"
EndProject
Project("{9A19103F-16F7-4668-BE54-9A1E7A4F7556}") = "NV.CT.DicomUtility", "..\Common\DicomUtility\NV.CT.DicomUtility.csproj", "{B8FEE09A-DD25-48D1-A3E5-6C73CDFB7E00}"
EndProject
Project("{9A19103F-16F7-4668-BE54-9A1E7A4F7556}") = "NV.CT.ConfigService.Contract", "ConfigService.Contract\NV.CT.ConfigService.Contract.csproj", "{28E584BE-D404-47AB-90DD-DC2391178618}"
EndProject
Project("{9A19103F-16F7-4668-BE54-9A1E7A4F7556}") = "NV.CT.SystemInterface.MCSRuntime.Contract", "..\SystemInterface\MCSRuntime.Contract\NV.CT.SystemInterface.MCSRuntime.Contract.csproj", "{0F83E5B9-DE64-417A-9200-707E4E8355A7}"
EndProject
Project("{9A19103F-16F7-4668-BE54-9A1E7A4F7556}") = "NV.CT.SystemInterface.MCSRuntime.Impl", "..\SystemInterface\MCSRuntime.Impl\NV.CT.SystemInterface.MCSRuntime.Impl.csproj", "{844A214A-4739-4031-896D-3F9DF40B40BC}"
EndProject
Project("{9A19103F-16F7-4668-BE54-9A1E7A4F7556}") = "NV.CT.SystemInterface.MRSIntegration.Contract", "..\SystemInterface\MRSIntegration.Contract\NV.CT.SystemInterface.MRSIntegration.Contract.csproj", "{07B26419-B985-4BC6-8CC5-186A8E05B649}"
EndProject
Project("{9A19103F-16F7-4668-BE54-9A1E7A4F7556}") = "NV.CT.SystemInterface.MRSIntegration.Impl", "..\SystemInterface\MRSIntegration.Impl\NV.CT.SystemInterface.MRSIntegration.Impl.csproj", "{3C1A1B30-C339-4C27-9E79-576269DCDF79}"
EndProject
Project("{9A19103F-16F7-4668-BE54-9A1E7A4F7556}") = "NV.CT.CTS", "..\Common\CTS\NV.CT.CTS.csproj", "{526B937A-27E1-4982-84C4-949307EF2F65}"
EndProject
Project("{9A19103F-16F7-4668-BE54-9A1E7A4F7556}") = "NV.CT.ConfigService.Impl", "ConfigService.Impl\NV.CT.ConfigService.Impl.csproj", "{4E9BFBE5-1E77-47D9-9198-88827C7C22E0}"
EndProject
Project("{9A19103F-16F7-4668-BE54-9A1E7A4F7556}") = "NV.CT.ProtocolService.Contract", "ProtocolService.Contract\NV.CT.ProtocolService.Contract.csproj", "{EE67D325-82BE-4A8C-912A-B5999EF03AC3}"
EndProject
Project("{9A19103F-16F7-4668-BE54-9A1E7A4F7556}") = "NV.CT.ProtocolService.Impl", "ProtocolService.Impl\NV.CT.ProtocolService.Impl.csproj", "{05DC97B2-E069-41DA-B27B-77B3FFB7C94C}"
EndProject
Project("{9A19103F-16F7-4668-BE54-9A1E7A4F7556}") = "NV.CT.DatabaseService.Impl", "DatabaseService.Impl\NV.CT.DatabaseService.Impl.csproj", "{39AB0C46-E2D5-4406-8931-F2243D7FD465}"
EndProject
Project("{9A19103F-16F7-4668-BE54-9A1E7A4F7556}") = "NV.CT.AppService.Contract", "AppService.Contract\NV.CT.AppService.Contract.csproj", "{9022CC3B-F868-4215-B6EE-B6B53066CD14}"
EndProject
Project("{9A19103F-16F7-4668-BE54-9A1E7A4F7556}") = "NV.CT.JobService.Contract", "JobService.Contract\NV.CT.JobService.Contract.csproj", "{D30515DA-B032-4F1B-B5D5-1AFD095F3DEF}"
EndProject
Project("{9A19103F-16F7-4668-BE54-9A1E7A4F7556}") = "NV.CT.JobService", "JobService\NV.CT.JobService.csproj", "{9677EDFC-6587-48AF-9E5F-08A0AC695C9E}"
EndProject
Project("{9A19103F-16F7-4668-BE54-9A1E7A4F7556}") = "NV.CT.SyncService.Contract", "SyncService.Contract\NV.CT.SyncService.Contract.csproj", "{B3FABA1F-3E1F-4CE6-9672-0E4E8B7C75A1}"
EndProject
Project("{9A19103F-16F7-4668-BE54-9A1E7A4F7556}") = "NV.CT.SyncService", "SyncService\NV.CT.SyncService.csproj", "{C12E0D9F-1D91-4E5D-9AA0-04D960BC8D67}"
EndProject
Project("{9A19103F-16F7-4668-BE54-9A1E7A4F7556}") = "NV.CT.WorkflowService.Contract", "WorkflowService.Contract\NV.CT.WorkflowService.Contract.csproj", "{C002881A-1ABB-46C3-896B-857BFA887702}"
EndProject
Project("{9A19103F-16F7-4668-BE54-9A1E7A4F7556}") = "NV.CT.ClientProxy", "ClientProxy\NV.CT.ClientProxy.csproj", "{5B685B21-4D3D-4CF3-B273-EB11126EEF2D}"
EndProject
Project("{2150E333-8FDC-42A3-9474-1A3956D46DE8}") = "Contracts", "Contracts", "{4E6F70B2-2946-42AB-B037-7B5165AD04DA}"
EndProject
Project("{2150E333-8FDC-42A3-9474-1A3956D46DE8}") = "Implements", "Implements", "{0D56C0C6-8C2C-48BC-9525-1801182FC592}"
EndProject
Project("{2150E333-8FDC-42A3-9474-1A3956D46DE8}") = "Servers", "Servers", "{EF9DD425-A7CA-4FE6-A160-E91627BE3763}"
EndProject
Project("{9A19103F-16F7-4668-BE54-9A1E7A4F7556}") = "NV.CT.DatabaseService.Contract", "DatabaseService.Contract\NV.CT.DatabaseService.Contract.csproj", "{66735C3A-E644-4638-9229-22D828D4C0AF}"
EndProject
Project("{9A19103F-16F7-4668-BE54-9A1E7A4F7556}") = "NV.CT.WorkingBoxThread", "..\Common\WorkingBoxThread\NV.CT.WorkingBoxThread.csproj", "{4131E8BC-73B5-4DF3-B2D3-254A4839D5AF}"
EndProject
Project("{9A19103F-16F7-4668-BE54-9A1E7A4F7556}") = "NV.CT.MessageService.Contract", "MessageService.Contract\NV.CT.MessageService.Contract.csproj", "{368305FF-ECC9-4199-9DB6-6A74033932A5}"
EndProject
Project("{9A19103F-16F7-4668-BE54-9A1E7A4F7556}") = "NV.CT.CommonAttribute", "..\Common\CommonAttribute\NV.CT.CommonAttribute.csproj", "{A9984E33-0B0B-427E-A257-EFDE8271DB91}"
EndProject
Project("{9A19103F-16F7-4668-BE54-9A1E7A4F7556}") = "NV.CT.Models", "..\Common\Models\NV.CT.Models.csproj", "{E58BC851-535D-4E16-87EF-C294A0245B5D}"
EndProject
Project("{9A19103F-16F7-4668-BE54-9A1E7A4F7556}") = "NV.CT.MCS.Services", "MCS.Services\NV.CT.MCS.Services.csproj", "{EF1D7782-0E10-46E4-9396-586522CEF956}"
EndProject
Project("{FAE04EC0-301F-11D3-BF4B-00C04F79EFBC}") = "NV.CT.DicomUtilityWin", "..\Common\DicomUtilityWin\NV.CT.DicomUtilityWin.csproj", "{9A9EAA4A-BD5F-4112-BB94-427CD76723CC}"
EndProject
Project("{2150E333-8FDC-42A3-9474-1A3956D46DE8}") = "Alg", "Alg", "{094A24E4-4C49-43B1-B839-CD673CD9E7E0}"
EndProject
Project("{FAE04EC0-301F-11D3-BF4B-00C04F79EFBC}") = "NV.CT.Alg.ScanReconCalculation", "..\Alg\ScanReconCalculation\NV.CT.Alg.ScanReconCalculation.csproj", "{1C9E2E03-F460-4D55-967E-EFFE637E60A1}"
EndProject
Project("{FAE04EC0-301F-11D3-BF4B-00C04F79EFBC}") = "NV.CT.WorkflowService.Impl", "WorkflowService.Impl\NV.CT.WorkflowService.Impl.csproj", "{F2304263-137E-412F-99CF-3E0ADB2FE9A9}"
EndProject
Project("{FAE04EC0-301F-11D3-BF4B-00C04F79EFBC}") = "NV.CT.MessageService.Impl", "MessageService.Impl\NV.CT.MessageService.Impl.csproj", "{87668674-47CA-42C3-8146-2DC62FC81B09}"
EndProject
Project("{FAE04EC0-301F-11D3-BF4B-00C04F79EFBC}") = "NV.CT.AppService.Impl", "AppService.Impl\NV.CT.AppService.Impl.csproj", "{04265CEA-F243-49F0-97FA-4CC12254A3AB}"
EndProject
Global
	GlobalSection(SolutionConfigurationPlatforms) = preSolution
		Debug|Any CPU = Debug|Any CPU
		Debug|ARM64 = Debug|ARM64
		Debug|x64 = Debug|x64
		Release|Any CPU = Release|Any CPU
		Release|ARM64 = Release|ARM64
		Release|x64 = Release|x64
	EndGlobalSection
	GlobalSection(ProjectConfigurationPlatforms) = postSolution
		{8B693C7E-767F-40F3-8B38-BC40D3228EE6}.Debug|Any CPU.ActiveCfg = Debug|Any CPU
		{8B693C7E-767F-40F3-8B38-BC40D3228EE6}.Debug|Any CPU.Build.0 = Debug|Any CPU
		{8B693C7E-767F-40F3-8B38-BC40D3228EE6}.Debug|ARM64.ActiveCfg = Debug|Any CPU
		{8B693C7E-767F-40F3-8B38-BC40D3228EE6}.Debug|ARM64.Build.0 = Debug|Any CPU
		{8B693C7E-767F-40F3-8B38-BC40D3228EE6}.Debug|x64.ActiveCfg = Debug|Any CPU
		{8B693C7E-767F-40F3-8B38-BC40D3228EE6}.Debug|x64.Build.0 = Debug|Any CPU
		{8B693C7E-767F-40F3-8B38-BC40D3228EE6}.Release|Any CPU.ActiveCfg = Release|Any CPU
		{8B693C7E-767F-40F3-8B38-BC40D3228EE6}.Release|Any CPU.Build.0 = Release|Any CPU
		{8B693C7E-767F-40F3-8B38-BC40D3228EE6}.Release|ARM64.ActiveCfg = Release|Any CPU
		{8B693C7E-767F-40F3-8B38-BC40D3228EE6}.Release|ARM64.Build.0 = Release|Any CPU
		{8B693C7E-767F-40F3-8B38-BC40D3228EE6}.Release|x64.ActiveCfg = Release|Any CPU
		{8B693C7E-767F-40F3-8B38-BC40D3228EE6}.Release|x64.Build.0 = Release|Any CPU
		{0222EA44-6A73-4623-ABF8-49217715E7AF}.Debug|Any CPU.ActiveCfg = Debug|Any CPU
		{0222EA44-6A73-4623-ABF8-49217715E7AF}.Debug|Any CPU.Build.0 = Debug|Any CPU
		{0222EA44-6A73-4623-ABF8-49217715E7AF}.Debug|ARM64.ActiveCfg = Debug|Any CPU
		{0222EA44-6A73-4623-ABF8-49217715E7AF}.Debug|ARM64.Build.0 = Debug|Any CPU
		{0222EA44-6A73-4623-ABF8-49217715E7AF}.Debug|x64.ActiveCfg = Debug|x64
		{0222EA44-6A73-4623-ABF8-49217715E7AF}.Debug|x64.Build.0 = Debug|x64
		{0222EA44-6A73-4623-ABF8-49217715E7AF}.Release|Any CPU.ActiveCfg = Release|Any CPU
		{0222EA44-6A73-4623-ABF8-49217715E7AF}.Release|Any CPU.Build.0 = Release|Any CPU
		{0222EA44-6A73-4623-ABF8-49217715E7AF}.Release|ARM64.ActiveCfg = Release|Any CPU
		{0222EA44-6A73-4623-ABF8-49217715E7AF}.Release|ARM64.Build.0 = Release|Any CPU
		{0222EA44-6A73-4623-ABF8-49217715E7AF}.Release|x64.ActiveCfg = Release|x64
		{0222EA44-6A73-4623-ABF8-49217715E7AF}.Release|x64.Build.0 = Release|x64
		{B8FEE09A-DD25-48D1-A3E5-6C73CDFB7E00}.Debug|Any CPU.ActiveCfg = Debug|Any CPU
		{B8FEE09A-DD25-48D1-A3E5-6C73CDFB7E00}.Debug|Any CPU.Build.0 = Debug|Any CPU
		{B8FEE09A-DD25-48D1-A3E5-6C73CDFB7E00}.Debug|ARM64.ActiveCfg = Debug|Any CPU
		{B8FEE09A-DD25-48D1-A3E5-6C73CDFB7E00}.Debug|ARM64.Build.0 = Debug|Any CPU
		{B8FEE09A-DD25-48D1-A3E5-6C73CDFB7E00}.Debug|x64.ActiveCfg = Debug|Any CPU
		{B8FEE09A-DD25-48D1-A3E5-6C73CDFB7E00}.Debug|x64.Build.0 = Debug|Any CPU
		{B8FEE09A-DD25-48D1-A3E5-6C73CDFB7E00}.Release|Any CPU.ActiveCfg = Release|Any CPU
		{B8FEE09A-DD25-48D1-A3E5-6C73CDFB7E00}.Release|Any CPU.Build.0 = Release|Any CPU
		{B8FEE09A-DD25-48D1-A3E5-6C73CDFB7E00}.Release|ARM64.ActiveCfg = Release|Any CPU
		{B8FEE09A-DD25-48D1-A3E5-6C73CDFB7E00}.Release|ARM64.Build.0 = Release|Any CPU
		{B8FEE09A-DD25-48D1-A3E5-6C73CDFB7E00}.Release|x64.ActiveCfg = Release|Any CPU
		{B8FEE09A-DD25-48D1-A3E5-6C73CDFB7E00}.Release|x64.Build.0 = Release|Any CPU
		{28E584BE-D404-47AB-90DD-DC2391178618}.Debug|Any CPU.ActiveCfg = Debug|Any CPU
		{28E584BE-D404-47AB-90DD-DC2391178618}.Debug|Any CPU.Build.0 = Debug|Any CPU
		{28E584BE-D404-47AB-90DD-DC2391178618}.Debug|ARM64.ActiveCfg = Debug|Any CPU
		{28E584BE-D404-47AB-90DD-DC2391178618}.Debug|ARM64.Build.0 = Debug|Any CPU
		{28E584BE-D404-47AB-90DD-DC2391178618}.Debug|x64.ActiveCfg = Debug|Any CPU
		{28E584BE-D404-47AB-90DD-DC2391178618}.Debug|x64.Build.0 = Debug|Any CPU
		{28E584BE-D404-47AB-90DD-DC2391178618}.Release|Any CPU.ActiveCfg = Release|Any CPU
		{28E584BE-D404-47AB-90DD-DC2391178618}.Release|Any CPU.Build.0 = Release|Any CPU
		{28E584BE-D404-47AB-90DD-DC2391178618}.Release|ARM64.ActiveCfg = Release|Any CPU
		{28E584BE-D404-47AB-90DD-DC2391178618}.Release|ARM64.Build.0 = Release|Any CPU
		{28E584BE-D404-47AB-90DD-DC2391178618}.Release|x64.ActiveCfg = Release|Any CPU
		{28E584BE-D404-47AB-90DD-DC2391178618}.Release|x64.Build.0 = Release|Any CPU
		{0F83E5B9-DE64-417A-9200-707E4E8355A7}.Debug|Any CPU.ActiveCfg = Debug|Any CPU
		{0F83E5B9-DE64-417A-9200-707E4E8355A7}.Debug|Any CPU.Build.0 = Debug|Any CPU
		{0F83E5B9-DE64-417A-9200-707E4E8355A7}.Debug|ARM64.ActiveCfg = Debug|Any CPU
		{0F83E5B9-DE64-417A-9200-707E4E8355A7}.Debug|ARM64.Build.0 = Debug|Any CPU
		{0F83E5B9-DE64-417A-9200-707E4E8355A7}.Debug|x64.ActiveCfg = Debug|Any CPU
		{0F83E5B9-DE64-417A-9200-707E4E8355A7}.Debug|x64.Build.0 = Debug|Any CPU
		{0F83E5B9-DE64-417A-9200-707E4E8355A7}.Release|Any CPU.ActiveCfg = Release|Any CPU
		{0F83E5B9-DE64-417A-9200-707E4E8355A7}.Release|Any CPU.Build.0 = Release|Any CPU
		{0F83E5B9-DE64-417A-9200-707E4E8355A7}.Release|ARM64.ActiveCfg = Release|Any CPU
		{0F83E5B9-DE64-417A-9200-707E4E8355A7}.Release|ARM64.Build.0 = Release|Any CPU
		{0F83E5B9-DE64-417A-9200-707E4E8355A7}.Release|x64.ActiveCfg = Release|Any CPU
		{0F83E5B9-DE64-417A-9200-707E4E8355A7}.Release|x64.Build.0 = Release|Any CPU
		{844A214A-4739-4031-896D-3F9DF40B40BC}.Debug|Any CPU.ActiveCfg = Debug|Any CPU
		{844A214A-4739-4031-896D-3F9DF40B40BC}.Debug|Any CPU.Build.0 = Debug|Any CPU
		{844A214A-4739-4031-896D-3F9DF40B40BC}.Debug|ARM64.ActiveCfg = Debug|Any CPU
		{844A214A-4739-4031-896D-3F9DF40B40BC}.Debug|ARM64.Build.0 = Debug|Any CPU
		{844A214A-4739-4031-896D-3F9DF40B40BC}.Debug|x64.ActiveCfg = Debug|Any CPU
		{844A214A-4739-4031-896D-3F9DF40B40BC}.Debug|x64.Build.0 = Debug|Any CPU
		{844A214A-4739-4031-896D-3F9DF40B40BC}.Release|Any CPU.ActiveCfg = Release|Any CPU
		{844A214A-4739-4031-896D-3F9DF40B40BC}.Release|Any CPU.Build.0 = Release|Any CPU
		{844A214A-4739-4031-896D-3F9DF40B40BC}.Release|ARM64.ActiveCfg = Release|Any CPU
		{844A214A-4739-4031-896D-3F9DF40B40BC}.Release|ARM64.Build.0 = Release|Any CPU
		{844A214A-4739-4031-896D-3F9DF40B40BC}.Release|x64.ActiveCfg = Release|Any CPU
		{844A214A-4739-4031-896D-3F9DF40B40BC}.Release|x64.Build.0 = Release|Any CPU
		{07B26419-B985-4BC6-8CC5-186A8E05B649}.Debug|Any CPU.ActiveCfg = Debug|Any CPU
		{07B26419-B985-4BC6-8CC5-186A8E05B649}.Debug|Any CPU.Build.0 = Debug|Any CPU
		{07B26419-B985-4BC6-8CC5-186A8E05B649}.Debug|ARM64.ActiveCfg = Debug|Any CPU
		{07B26419-B985-4BC6-8CC5-186A8E05B649}.Debug|ARM64.Build.0 = Debug|Any CPU
		{07B26419-B985-4BC6-8CC5-186A8E05B649}.Debug|x64.ActiveCfg = Debug|Any CPU
		{07B26419-B985-4BC6-8CC5-186A8E05B649}.Debug|x64.Build.0 = Debug|Any CPU
		{07B26419-B985-4BC6-8CC5-186A8E05B649}.Release|Any CPU.ActiveCfg = Release|Any CPU
		{07B26419-B985-4BC6-8CC5-186A8E05B649}.Release|Any CPU.Build.0 = Release|Any CPU
		{07B26419-B985-4BC6-8CC5-186A8E05B649}.Release|ARM64.ActiveCfg = Release|Any CPU
		{07B26419-B985-4BC6-8CC5-186A8E05B649}.Release|ARM64.Build.0 = Release|Any CPU
		{07B26419-B985-4BC6-8CC5-186A8E05B649}.Release|x64.ActiveCfg = Release|Any CPU
		{07B26419-B985-4BC6-8CC5-186A8E05B649}.Release|x64.Build.0 = Release|Any CPU
		{3C1A1B30-C339-4C27-9E79-576269DCDF79}.Debug|Any CPU.ActiveCfg = Debug|Any CPU
		{3C1A1B30-C339-4C27-9E79-576269DCDF79}.Debug|Any CPU.Build.0 = Debug|Any CPU
		{3C1A1B30-C339-4C27-9E79-576269DCDF79}.Debug|ARM64.ActiveCfg = Debug|Any CPU
		{3C1A1B30-C339-4C27-9E79-576269DCDF79}.Debug|ARM64.Build.0 = Debug|Any CPU
		{3C1A1B30-C339-4C27-9E79-576269DCDF79}.Debug|x64.ActiveCfg = Debug|Any CPU
		{3C1A1B30-C339-4C27-9E79-576269DCDF79}.Debug|x64.Build.0 = Debug|Any CPU
		{3C1A1B30-C339-4C27-9E79-576269DCDF79}.Release|Any CPU.ActiveCfg = Release|Any CPU
		{3C1A1B30-C339-4C27-9E79-576269DCDF79}.Release|Any CPU.Build.0 = Release|Any CPU
		{3C1A1B30-C339-4C27-9E79-576269DCDF79}.Release|ARM64.ActiveCfg = Release|Any CPU
		{3C1A1B30-C339-4C27-9E79-576269DCDF79}.Release|ARM64.Build.0 = Release|Any CPU
		{3C1A1B30-C339-4C27-9E79-576269DCDF79}.Release|x64.ActiveCfg = Release|Any CPU
		{3C1A1B30-C339-4C27-9E79-576269DCDF79}.Release|x64.Build.0 = Release|Any CPU
		{526B937A-27E1-4982-84C4-949307EF2F65}.Debug|Any CPU.ActiveCfg = Debug|Any CPU
		{526B937A-27E1-4982-84C4-949307EF2F65}.Debug|Any CPU.Build.0 = Debug|Any CPU
		{526B937A-27E1-4982-84C4-949307EF2F65}.Debug|ARM64.ActiveCfg = Debug|Any CPU
		{526B937A-27E1-4982-84C4-949307EF2F65}.Debug|ARM64.Build.0 = Debug|Any CPU
		{526B937A-27E1-4982-84C4-949307EF2F65}.Debug|x64.ActiveCfg = Debug|Any CPU
		{526B937A-27E1-4982-84C4-949307EF2F65}.Debug|x64.Build.0 = Debug|Any CPU
		{526B937A-27E1-4982-84C4-949307EF2F65}.Release|Any CPU.ActiveCfg = Release|Any CPU
		{526B937A-27E1-4982-84C4-949307EF2F65}.Release|Any CPU.Build.0 = Release|Any CPU
		{526B937A-27E1-4982-84C4-949307EF2F65}.Release|ARM64.ActiveCfg = Release|Any CPU
		{526B937A-27E1-4982-84C4-949307EF2F65}.Release|ARM64.Build.0 = Release|Any CPU
		{526B937A-27E1-4982-84C4-949307EF2F65}.Release|x64.ActiveCfg = Release|Any CPU
		{526B937A-27E1-4982-84C4-949307EF2F65}.Release|x64.Build.0 = Release|Any CPU
		{4E9BFBE5-1E77-47D9-9198-88827C7C22E0}.Debug|Any CPU.ActiveCfg = Debug|Any CPU
		{4E9BFBE5-1E77-47D9-9198-88827C7C22E0}.Debug|Any CPU.Build.0 = Debug|Any CPU
		{4E9BFBE5-1E77-47D9-9198-88827C7C22E0}.Debug|ARM64.ActiveCfg = Debug|Any CPU
		{4E9BFBE5-1E77-47D9-9198-88827C7C22E0}.Debug|ARM64.Build.0 = Debug|Any CPU
		{4E9BFBE5-1E77-47D9-9198-88827C7C22E0}.Debug|x64.ActiveCfg = Debug|Any CPU
		{4E9BFBE5-1E77-47D9-9198-88827C7C22E0}.Debug|x64.Build.0 = Debug|Any CPU
		{4E9BFBE5-1E77-47D9-9198-88827C7C22E0}.Release|Any CPU.ActiveCfg = Release|Any CPU
		{4E9BFBE5-1E77-47D9-9198-88827C7C22E0}.Release|Any CPU.Build.0 = Release|Any CPU
		{4E9BFBE5-1E77-47D9-9198-88827C7C22E0}.Release|ARM64.ActiveCfg = Release|Any CPU
		{4E9BFBE5-1E77-47D9-9198-88827C7C22E0}.Release|ARM64.Build.0 = Release|Any CPU
		{4E9BFBE5-1E77-47D9-9198-88827C7C22E0}.Release|x64.ActiveCfg = Release|Any CPU
		{4E9BFBE5-1E77-47D9-9198-88827C7C22E0}.Release|x64.Build.0 = Release|Any CPU
		{EE67D325-82BE-4A8C-912A-B5999EF03AC3}.Debug|Any CPU.ActiveCfg = Debug|Any CPU
		{EE67D325-82BE-4A8C-912A-B5999EF03AC3}.Debug|Any CPU.Build.0 = Debug|Any CPU
		{EE67D325-82BE-4A8C-912A-B5999EF03AC3}.Debug|ARM64.ActiveCfg = Debug|Any CPU
		{EE67D325-82BE-4A8C-912A-B5999EF03AC3}.Debug|ARM64.Build.0 = Debug|Any CPU
		{EE67D325-82BE-4A8C-912A-B5999EF03AC3}.Debug|x64.ActiveCfg = Debug|Any CPU
		{EE67D325-82BE-4A8C-912A-B5999EF03AC3}.Debug|x64.Build.0 = Debug|Any CPU
		{EE67D325-82BE-4A8C-912A-B5999EF03AC3}.Release|Any CPU.ActiveCfg = Release|Any CPU
		{EE67D325-82BE-4A8C-912A-B5999EF03AC3}.Release|Any CPU.Build.0 = Release|Any CPU
		{EE67D325-82BE-4A8C-912A-B5999EF03AC3}.Release|ARM64.ActiveCfg = Release|Any CPU
		{EE67D325-82BE-4A8C-912A-B5999EF03AC3}.Release|ARM64.Build.0 = Release|Any CPU
		{EE67D325-82BE-4A8C-912A-B5999EF03AC3}.Release|x64.ActiveCfg = Release|Any CPU
		{EE67D325-82BE-4A8C-912A-B5999EF03AC3}.Release|x64.Build.0 = Release|Any CPU
		{05DC97B2-E069-41DA-B27B-77B3FFB7C94C}.Debug|Any CPU.ActiveCfg = Debug|Any CPU
		{05DC97B2-E069-41DA-B27B-77B3FFB7C94C}.Debug|Any CPU.Build.0 = Debug|Any CPU
		{05DC97B2-E069-41DA-B27B-77B3FFB7C94C}.Debug|ARM64.ActiveCfg = Debug|Any CPU
		{05DC97B2-E069-41DA-B27B-77B3FFB7C94C}.Debug|ARM64.Build.0 = Debug|Any CPU
		{05DC97B2-E069-41DA-B27B-77B3FFB7C94C}.Debug|x64.ActiveCfg = Debug|Any CPU
		{05DC97B2-E069-41DA-B27B-77B3FFB7C94C}.Debug|x64.Build.0 = Debug|Any CPU
		{05DC97B2-E069-41DA-B27B-77B3FFB7C94C}.Release|Any CPU.ActiveCfg = Release|Any CPU
		{05DC97B2-E069-41DA-B27B-77B3FFB7C94C}.Release|Any CPU.Build.0 = Release|Any CPU
		{05DC97B2-E069-41DA-B27B-77B3FFB7C94C}.Release|ARM64.ActiveCfg = Release|Any CPU
		{05DC97B2-E069-41DA-B27B-77B3FFB7C94C}.Release|ARM64.Build.0 = Release|Any CPU
		{05DC97B2-E069-41DA-B27B-77B3FFB7C94C}.Release|x64.ActiveCfg = Release|Any CPU
		{05DC97B2-E069-41DA-B27B-77B3FFB7C94C}.Release|x64.Build.0 = Release|Any CPU
		{39AB0C46-E2D5-4406-8931-F2243D7FD465}.Debug|Any CPU.ActiveCfg = Debug|Any CPU
		{39AB0C46-E2D5-4406-8931-F2243D7FD465}.Debug|Any CPU.Build.0 = Debug|Any CPU
		{39AB0C46-E2D5-4406-8931-F2243D7FD465}.Debug|ARM64.ActiveCfg = Debug|Any CPU
		{39AB0C46-E2D5-4406-8931-F2243D7FD465}.Debug|ARM64.Build.0 = Debug|Any CPU
		{39AB0C46-E2D5-4406-8931-F2243D7FD465}.Debug|x64.ActiveCfg = Debug|Any CPU
		{39AB0C46-E2D5-4406-8931-F2243D7FD465}.Debug|x64.Build.0 = Debug|Any CPU
		{39AB0C46-E2D5-4406-8931-F2243D7FD465}.Release|Any CPU.ActiveCfg = Release|Any CPU
		{39AB0C46-E2D5-4406-8931-F2243D7FD465}.Release|Any CPU.Build.0 = Release|Any CPU
		{39AB0C46-E2D5-4406-8931-F2243D7FD465}.Release|ARM64.ActiveCfg = Release|Any CPU
		{39AB0C46-E2D5-4406-8931-F2243D7FD465}.Release|ARM64.Build.0 = Release|Any CPU
		{39AB0C46-E2D5-4406-8931-F2243D7FD465}.Release|x64.ActiveCfg = Release|Any CPU
		{39AB0C46-E2D5-4406-8931-F2243D7FD465}.Release|x64.Build.0 = Release|Any CPU
		{9022CC3B-F868-4215-B6EE-B6B53066CD14}.Debug|Any CPU.ActiveCfg = Debug|Any CPU
		{9022CC3B-F868-4215-B6EE-B6B53066CD14}.Debug|Any CPU.Build.0 = Debug|Any CPU
		{9022CC3B-F868-4215-B6EE-B6B53066CD14}.Debug|ARM64.ActiveCfg = Debug|Any CPU
		{9022CC3B-F868-4215-B6EE-B6B53066CD14}.Debug|ARM64.Build.0 = Debug|Any CPU
		{9022CC3B-F868-4215-B6EE-B6B53066CD14}.Debug|x64.ActiveCfg = Debug|Any CPU
		{9022CC3B-F868-4215-B6EE-B6B53066CD14}.Debug|x64.Build.0 = Debug|Any CPU
		{9022CC3B-F868-4215-B6EE-B6B53066CD14}.Release|Any CPU.ActiveCfg = Release|Any CPU
		{9022CC3B-F868-4215-B6EE-B6B53066CD14}.Release|Any CPU.Build.0 = Release|Any CPU
		{9022CC3B-F868-4215-B6EE-B6B53066CD14}.Release|ARM64.ActiveCfg = Release|Any CPU
		{9022CC3B-F868-4215-B6EE-B6B53066CD14}.Release|ARM64.Build.0 = Release|Any CPU
		{9022CC3B-F868-4215-B6EE-B6B53066CD14}.Release|x64.ActiveCfg = Release|Any CPU
		{9022CC3B-F868-4215-B6EE-B6B53066CD14}.Release|x64.Build.0 = Release|Any CPU
		{D30515DA-B032-4F1B-B5D5-1AFD095F3DEF}.Debug|Any CPU.ActiveCfg = Debug|Any CPU
		{D30515DA-B032-4F1B-B5D5-1AFD095F3DEF}.Debug|Any CPU.Build.0 = Debug|Any CPU
		{D30515DA-B032-4F1B-B5D5-1AFD095F3DEF}.Debug|ARM64.ActiveCfg = Debug|Any CPU
		{D30515DA-B032-4F1B-B5D5-1AFD095F3DEF}.Debug|ARM64.Build.0 = Debug|Any CPU
		{D30515DA-B032-4F1B-B5D5-1AFD095F3DEF}.Debug|x64.ActiveCfg = Debug|Any CPU
		{D30515DA-B032-4F1B-B5D5-1AFD095F3DEF}.Debug|x64.Build.0 = Debug|Any CPU
		{D30515DA-B032-4F1B-B5D5-1AFD095F3DEF}.Release|Any CPU.ActiveCfg = Release|Any CPU
		{D30515DA-B032-4F1B-B5D5-1AFD095F3DEF}.Release|Any CPU.Build.0 = Release|Any CPU
		{D30515DA-B032-4F1B-B5D5-1AFD095F3DEF}.Release|ARM64.ActiveCfg = Release|Any CPU
		{D30515DA-B032-4F1B-B5D5-1AFD095F3DEF}.Release|ARM64.Build.0 = Release|Any CPU
		{D30515DA-B032-4F1B-B5D5-1AFD095F3DEF}.Release|x64.ActiveCfg = Release|Any CPU
		{D30515DA-B032-4F1B-B5D5-1AFD095F3DEF}.Release|x64.Build.0 = Release|Any CPU
		{9677EDFC-6587-48AF-9E5F-08A0AC695C9E}.Debug|Any CPU.ActiveCfg = Debug|Any CPU
		{9677EDFC-6587-48AF-9E5F-08A0AC695C9E}.Debug|Any CPU.Build.0 = Debug|Any CPU
		{9677EDFC-6587-48AF-9E5F-08A0AC695C9E}.Debug|ARM64.ActiveCfg = Debug|Any CPU
		{9677EDFC-6587-48AF-9E5F-08A0AC695C9E}.Debug|ARM64.Build.0 = Debug|Any CPU
		{9677EDFC-6587-48AF-9E5F-08A0AC695C9E}.Debug|x64.ActiveCfg = Debug|Any CPU
		{9677EDFC-6587-48AF-9E5F-08A0AC695C9E}.Debug|x64.Build.0 = Debug|Any CPU
		{9677EDFC-6587-48AF-9E5F-08A0AC695C9E}.Release|Any CPU.ActiveCfg = Release|Any CPU
		{9677EDFC-6587-48AF-9E5F-08A0AC695C9E}.Release|Any CPU.Build.0 = Release|Any CPU
		{9677EDFC-6587-48AF-9E5F-08A0AC695C9E}.Release|ARM64.ActiveCfg = Release|Any CPU
		{9677EDFC-6587-48AF-9E5F-08A0AC695C9E}.Release|ARM64.Build.0 = Release|Any CPU
		{9677EDFC-6587-48AF-9E5F-08A0AC695C9E}.Release|x64.ActiveCfg = Release|Any CPU
		{9677EDFC-6587-48AF-9E5F-08A0AC695C9E}.Release|x64.Build.0 = Release|Any CPU
		{B3FABA1F-3E1F-4CE6-9672-0E4E8B7C75A1}.Debug|Any CPU.ActiveCfg = Debug|Any CPU
		{B3FABA1F-3E1F-4CE6-9672-0E4E8B7C75A1}.Debug|Any CPU.Build.0 = Debug|Any CPU
		{B3FABA1F-3E1F-4CE6-9672-0E4E8B7C75A1}.Debug|ARM64.ActiveCfg = Debug|Any CPU
		{B3FABA1F-3E1F-4CE6-9672-0E4E8B7C75A1}.Debug|ARM64.Build.0 = Debug|Any CPU
		{B3FABA1F-3E1F-4CE6-9672-0E4E8B7C75A1}.Debug|x64.ActiveCfg = Debug|Any CPU
		{B3FABA1F-3E1F-4CE6-9672-0E4E8B7C75A1}.Debug|x64.Build.0 = Debug|Any CPU
		{B3FABA1F-3E1F-4CE6-9672-0E4E8B7C75A1}.Release|Any CPU.ActiveCfg = Release|Any CPU
		{B3FABA1F-3E1F-4CE6-9672-0E4E8B7C75A1}.Release|Any CPU.Build.0 = Release|Any CPU
		{B3FABA1F-3E1F-4CE6-9672-0E4E8B7C75A1}.Release|ARM64.ActiveCfg = Release|Any CPU
		{B3FABA1F-3E1F-4CE6-9672-0E4E8B7C75A1}.Release|ARM64.Build.0 = Release|Any CPU
		{B3FABA1F-3E1F-4CE6-9672-0E4E8B7C75A1}.Release|x64.ActiveCfg = Release|Any CPU
		{B3FABA1F-3E1F-4CE6-9672-0E4E8B7C75A1}.Release|x64.Build.0 = Release|Any CPU
		{C12E0D9F-1D91-4E5D-9AA0-04D960BC8D67}.Debug|Any CPU.ActiveCfg = Debug|Any CPU
		{C12E0D9F-1D91-4E5D-9AA0-04D960BC8D67}.Debug|Any CPU.Build.0 = Debug|Any CPU
		{C12E0D9F-1D91-4E5D-9AA0-04D960BC8D67}.Debug|ARM64.ActiveCfg = Debug|Any CPU
		{C12E0D9F-1D91-4E5D-9AA0-04D960BC8D67}.Debug|ARM64.Build.0 = Debug|Any CPU
		{C12E0D9F-1D91-4E5D-9AA0-04D960BC8D67}.Debug|x64.ActiveCfg = Debug|Any CPU
		{C12E0D9F-1D91-4E5D-9AA0-04D960BC8D67}.Debug|x64.Build.0 = Debug|Any CPU
		{C12E0D9F-1D91-4E5D-9AA0-04D960BC8D67}.Release|Any CPU.ActiveCfg = Release|Any CPU
		{C12E0D9F-1D91-4E5D-9AA0-04D960BC8D67}.Release|Any CPU.Build.0 = Release|Any CPU
		{C12E0D9F-1D91-4E5D-9AA0-04D960BC8D67}.Release|ARM64.ActiveCfg = Release|Any CPU
		{C12E0D9F-1D91-4E5D-9AA0-04D960BC8D67}.Release|ARM64.Build.0 = Release|Any CPU
		{C12E0D9F-1D91-4E5D-9AA0-04D960BC8D67}.Release|x64.ActiveCfg = Release|Any CPU
		{C12E0D9F-1D91-4E5D-9AA0-04D960BC8D67}.Release|x64.Build.0 = Release|Any CPU
		{C002881A-1ABB-46C3-896B-857BFA887702}.Debug|Any CPU.ActiveCfg = Debug|Any CPU
		{C002881A-1ABB-46C3-896B-857BFA887702}.Debug|Any CPU.Build.0 = Debug|Any CPU
		{C002881A-1ABB-46C3-896B-857BFA887702}.Debug|ARM64.ActiveCfg = Debug|Any CPU
		{C002881A-1ABB-46C3-896B-857BFA887702}.Debug|ARM64.Build.0 = Debug|Any CPU
		{C002881A-1ABB-46C3-896B-857BFA887702}.Debug|x64.ActiveCfg = Debug|Any CPU
		{C002881A-1ABB-46C3-896B-857BFA887702}.Debug|x64.Build.0 = Debug|Any CPU
		{C002881A-1ABB-46C3-896B-857BFA887702}.Release|Any CPU.ActiveCfg = Release|Any CPU
		{C002881A-1ABB-46C3-896B-857BFA887702}.Release|Any CPU.Build.0 = Release|Any CPU
		{C002881A-1ABB-46C3-896B-857BFA887702}.Release|ARM64.ActiveCfg = Release|Any CPU
		{C002881A-1ABB-46C3-896B-857BFA887702}.Release|ARM64.Build.0 = Release|Any CPU
		{C002881A-1ABB-46C3-896B-857BFA887702}.Release|x64.ActiveCfg = Release|Any CPU
		{C002881A-1ABB-46C3-896B-857BFA887702}.Release|x64.Build.0 = Release|Any CPU
		{5B685B21-4D3D-4CF3-B273-EB11126EEF2D}.Debug|Any CPU.ActiveCfg = Debug|Any CPU
		{5B685B21-4D3D-4CF3-B273-EB11126EEF2D}.Debug|Any CPU.Build.0 = Debug|Any CPU
		{5B685B21-4D3D-4CF3-B273-EB11126EEF2D}.Debug|ARM64.ActiveCfg = Debug|Any CPU
		{5B685B21-4D3D-4CF3-B273-EB11126EEF2D}.Debug|ARM64.Build.0 = Debug|Any CPU
		{5B685B21-4D3D-4CF3-B273-EB11126EEF2D}.Debug|x64.ActiveCfg = Debug|Any CPU
		{5B685B21-4D3D-4CF3-B273-EB11126EEF2D}.Debug|x64.Build.0 = Debug|Any CPU
		{5B685B21-4D3D-4CF3-B273-EB11126EEF2D}.Release|Any CPU.ActiveCfg = Release|Any CPU
		{5B685B21-4D3D-4CF3-B273-EB11126EEF2D}.Release|Any CPU.Build.0 = Release|Any CPU
		{5B685B21-4D3D-4CF3-B273-EB11126EEF2D}.Release|ARM64.ActiveCfg = Release|Any CPU
		{5B685B21-4D3D-4CF3-B273-EB11126EEF2D}.Release|ARM64.Build.0 = Release|Any CPU
		{5B685B21-4D3D-4CF3-B273-EB11126EEF2D}.Release|x64.ActiveCfg = Release|Any CPU
		{5B685B21-4D3D-4CF3-B273-EB11126EEF2D}.Release|x64.Build.0 = Release|Any CPU
		{66735C3A-E644-4638-9229-22D828D4C0AF}.Debug|Any CPU.ActiveCfg = Debug|Any CPU
		{66735C3A-E644-4638-9229-22D828D4C0AF}.Debug|Any CPU.Build.0 = Debug|Any CPU
		{66735C3A-E644-4638-9229-22D828D4C0AF}.Debug|ARM64.ActiveCfg = Debug|Any CPU
		{66735C3A-E644-4638-9229-22D828D4C0AF}.Debug|ARM64.Build.0 = Debug|Any CPU
		{66735C3A-E644-4638-9229-22D828D4C0AF}.Debug|x64.ActiveCfg = Debug|Any CPU
		{66735C3A-E644-4638-9229-22D828D4C0AF}.Debug|x64.Build.0 = Debug|Any CPU
		{66735C3A-E644-4638-9229-22D828D4C0AF}.Release|Any CPU.ActiveCfg = Release|Any CPU
		{66735C3A-E644-4638-9229-22D828D4C0AF}.Release|Any CPU.Build.0 = Release|Any CPU
		{66735C3A-E644-4638-9229-22D828D4C0AF}.Release|ARM64.ActiveCfg = Release|Any CPU
		{66735C3A-E644-4638-9229-22D828D4C0AF}.Release|ARM64.Build.0 = Release|Any CPU
		{66735C3A-E644-4638-9229-22D828D4C0AF}.Release|x64.ActiveCfg = Release|Any CPU
		{66735C3A-E644-4638-9229-22D828D4C0AF}.Release|x64.Build.0 = Release|Any CPU
		{4131E8BC-73B5-4DF3-B2D3-254A4839D5AF}.Debug|Any CPU.ActiveCfg = Debug|Any CPU
		{4131E8BC-73B5-4DF3-B2D3-254A4839D5AF}.Debug|Any CPU.Build.0 = Debug|Any CPU
		{4131E8BC-73B5-4DF3-B2D3-254A4839D5AF}.Debug|ARM64.ActiveCfg = Debug|Any CPU
		{4131E8BC-73B5-4DF3-B2D3-254A4839D5AF}.Debug|ARM64.Build.0 = Debug|Any CPU
		{4131E8BC-73B5-4DF3-B2D3-254A4839D5AF}.Debug|x64.ActiveCfg = Debug|Any CPU
		{4131E8BC-73B5-4DF3-B2D3-254A4839D5AF}.Debug|x64.Build.0 = Debug|Any CPU
		{4131E8BC-73B5-4DF3-B2D3-254A4839D5AF}.Release|Any CPU.ActiveCfg = Release|Any CPU
		{4131E8BC-73B5-4DF3-B2D3-254A4839D5AF}.Release|Any CPU.Build.0 = Release|Any CPU
		{4131E8BC-73B5-4DF3-B2D3-254A4839D5AF}.Release|ARM64.ActiveCfg = Release|Any CPU
		{4131E8BC-73B5-4DF3-B2D3-254A4839D5AF}.Release|ARM64.Build.0 = Release|Any CPU
		{4131E8BC-73B5-4DF3-B2D3-254A4839D5AF}.Release|x64.ActiveCfg = Release|Any CPU
		{4131E8BC-73B5-4DF3-B2D3-254A4839D5AF}.Release|x64.Build.0 = Release|Any CPU
		{368305FF-ECC9-4199-9DB6-6A74033932A5}.Debug|Any CPU.ActiveCfg = Debug|Any CPU
		{368305FF-ECC9-4199-9DB6-6A74033932A5}.Debug|Any CPU.Build.0 = Debug|Any CPU
		{368305FF-ECC9-4199-9DB6-6A74033932A5}.Debug|ARM64.ActiveCfg = Debug|Any CPU
		{368305FF-ECC9-4199-9DB6-6A74033932A5}.Debug|ARM64.Build.0 = Debug|Any CPU
		{368305FF-ECC9-4199-9DB6-6A74033932A5}.Debug|x64.ActiveCfg = Debug|Any CPU
		{368305FF-ECC9-4199-9DB6-6A74033932A5}.Debug|x64.Build.0 = Debug|Any CPU
		{368305FF-ECC9-4199-9DB6-6A74033932A5}.Release|Any CPU.ActiveCfg = Release|Any CPU
		{368305FF-ECC9-4199-9DB6-6A74033932A5}.Release|Any CPU.Build.0 = Release|Any CPU
		{368305FF-ECC9-4199-9DB6-6A74033932A5}.Release|ARM64.ActiveCfg = Release|Any CPU
		{368305FF-ECC9-4199-9DB6-6A74033932A5}.Release|ARM64.Build.0 = Release|Any CPU
		{368305FF-ECC9-4199-9DB6-6A74033932A5}.Release|x64.ActiveCfg = Release|Any CPU
		{368305FF-ECC9-4199-9DB6-6A74033932A5}.Release|x64.Build.0 = Release|Any CPU
		{A9984E33-0B0B-427E-A257-EFDE8271DB91}.Debug|Any CPU.ActiveCfg = Debug|Any CPU
		{A9984E33-0B0B-427E-A257-EFDE8271DB91}.Debug|Any CPU.Build.0 = Debug|Any CPU
		{A9984E33-0B0B-427E-A257-EFDE8271DB91}.Debug|ARM64.ActiveCfg = Debug|Any CPU
		{A9984E33-0B0B-427E-A257-EFDE8271DB91}.Debug|ARM64.Build.0 = Debug|Any CPU
		{A9984E33-0B0B-427E-A257-EFDE8271DB91}.Debug|x64.ActiveCfg = Debug|Any CPU
		{A9984E33-0B0B-427E-A257-EFDE8271DB91}.Debug|x64.Build.0 = Debug|Any CPU
		{A9984E33-0B0B-427E-A257-EFDE8271DB91}.Release|Any CPU.ActiveCfg = Release|Any CPU
		{A9984E33-0B0B-427E-A257-EFDE8271DB91}.Release|Any CPU.Build.0 = Release|Any CPU
		{A9984E33-0B0B-427E-A257-EFDE8271DB91}.Release|ARM64.ActiveCfg = Release|Any CPU
		{A9984E33-0B0B-427E-A257-EFDE8271DB91}.Release|ARM64.Build.0 = Release|Any CPU
		{A9984E33-0B0B-427E-A257-EFDE8271DB91}.Release|x64.ActiveCfg = Release|Any CPU
		{A9984E33-0B0B-427E-A257-EFDE8271DB91}.Release|x64.Build.0 = Release|Any CPU
		{E58BC851-535D-4E16-87EF-C294A0245B5D}.Debug|Any CPU.ActiveCfg = Debug|Any CPU
		{E58BC851-535D-4E16-87EF-C294A0245B5D}.Debug|Any CPU.Build.0 = Debug|Any CPU
		{E58BC851-535D-4E16-87EF-C294A0245B5D}.Debug|ARM64.ActiveCfg = Debug|Any CPU
		{E58BC851-535D-4E16-87EF-C294A0245B5D}.Debug|ARM64.Build.0 = Debug|Any CPU
		{E58BC851-535D-4E16-87EF-C294A0245B5D}.Debug|x64.ActiveCfg = Debug|Any CPU
		{E58BC851-535D-4E16-87EF-C294A0245B5D}.Debug|x64.Build.0 = Debug|Any CPU
		{E58BC851-535D-4E16-87EF-C294A0245B5D}.Release|Any CPU.ActiveCfg = Release|Any CPU
		{E58BC851-535D-4E16-87EF-C294A0245B5D}.Release|Any CPU.Build.0 = Release|Any CPU
		{E58BC851-535D-4E16-87EF-C294A0245B5D}.Release|ARM64.ActiveCfg = Release|Any CPU
		{E58BC851-535D-4E16-87EF-C294A0245B5D}.Release|ARM64.Build.0 = Release|Any CPU
		{E58BC851-535D-4E16-87EF-C294A0245B5D}.Release|x64.ActiveCfg = Release|Any CPU
		{E58BC851-535D-4E16-87EF-C294A0245B5D}.Release|x64.Build.0 = Release|Any CPU
		{EF1D7782-0E10-46E4-9396-586522CEF956}.Debug|Any CPU.ActiveCfg = Debug|Any CPU
		{EF1D7782-0E10-46E4-9396-586522CEF956}.Debug|Any CPU.Build.0 = Debug|Any CPU
		{EF1D7782-0E10-46E4-9396-586522CEF956}.Debug|ARM64.ActiveCfg = Debug|Any CPU
		{EF1D7782-0E10-46E4-9396-586522CEF956}.Debug|ARM64.Build.0 = Debug|Any CPU
		{EF1D7782-0E10-46E4-9396-586522CEF956}.Debug|x64.ActiveCfg = Debug|Any CPU
		{EF1D7782-0E10-46E4-9396-586522CEF956}.Debug|x64.Build.0 = Debug|Any CPU
		{EF1D7782-0E10-46E4-9396-586522CEF956}.Release|Any CPU.ActiveCfg = Release|Any CPU
		{EF1D7782-0E10-46E4-9396-586522CEF956}.Release|Any CPU.Build.0 = Release|Any CPU
		{EF1D7782-0E10-46E4-9396-586522CEF956}.Release|ARM64.ActiveCfg = Release|Any CPU
		{EF1D7782-0E10-46E4-9396-586522CEF956}.Release|ARM64.Build.0 = Release|Any CPU
		{EF1D7782-0E10-46E4-9396-586522CEF956}.Release|x64.ActiveCfg = Release|Any CPU
		{EF1D7782-0E10-46E4-9396-586522CEF956}.Release|x64.Build.0 = Release|Any CPU
		{9A9EAA4A-BD5F-4112-BB94-427CD76723CC}.Debug|Any CPU.ActiveCfg = Debug|Any CPU
		{9A9EAA4A-BD5F-4112-BB94-427CD76723CC}.Debug|Any CPU.Build.0 = Debug|Any CPU
		{9A9EAA4A-BD5F-4112-BB94-427CD76723CC}.Debug|ARM64.ActiveCfg = Debug|Any CPU
		{9A9EAA4A-BD5F-4112-BB94-427CD76723CC}.Debug|ARM64.Build.0 = Debug|Any CPU
		{9A9EAA4A-BD5F-4112-BB94-427CD76723CC}.Debug|x64.ActiveCfg = Debug|Any CPU
		{9A9EAA4A-BD5F-4112-BB94-427CD76723CC}.Debug|x64.Build.0 = Debug|Any CPU
		{9A9EAA4A-BD5F-4112-BB94-427CD76723CC}.Release|Any CPU.ActiveCfg = Release|Any CPU
		{9A9EAA4A-BD5F-4112-BB94-427CD76723CC}.Release|Any CPU.Build.0 = Release|Any CPU
		{9A9EAA4A-BD5F-4112-BB94-427CD76723CC}.Release|ARM64.ActiveCfg = Release|Any CPU
		{9A9EAA4A-BD5F-4112-BB94-427CD76723CC}.Release|ARM64.Build.0 = Release|Any CPU
		{9A9EAA4A-BD5F-4112-BB94-427CD76723CC}.Release|x64.ActiveCfg = Release|Any CPU
		{9A9EAA4A-BD5F-4112-BB94-427CD76723CC}.Release|x64.Build.0 = Release|Any CPU
		{1C9E2E03-F460-4D55-967E-EFFE637E60A1}.Debug|Any CPU.ActiveCfg = Debug|Any CPU
		{1C9E2E03-F460-4D55-967E-EFFE637E60A1}.Debug|Any CPU.Build.0 = Debug|Any CPU
		{1C9E2E03-F460-4D55-967E-EFFE637E60A1}.Debug|ARM64.ActiveCfg = Debug|Any CPU
		{1C9E2E03-F460-4D55-967E-EFFE637E60A1}.Debug|ARM64.Build.0 = Debug|Any CPU
		{1C9E2E03-F460-4D55-967E-EFFE637E60A1}.Debug|x64.ActiveCfg = Debug|Any CPU
		{1C9E2E03-F460-4D55-967E-EFFE637E60A1}.Debug|x64.Build.0 = Debug|Any CPU
		{1C9E2E03-F460-4D55-967E-EFFE637E60A1}.Release|Any CPU.ActiveCfg = Release|Any CPU
		{1C9E2E03-F460-4D55-967E-EFFE637E60A1}.Release|Any CPU.Build.0 = Release|Any CPU
		{1C9E2E03-F460-4D55-967E-EFFE637E60A1}.Release|ARM64.ActiveCfg = Release|Any CPU
		{1C9E2E03-F460-4D55-967E-EFFE637E60A1}.Release|ARM64.Build.0 = Release|Any CPU
		{1C9E2E03-F460-4D55-967E-EFFE637E60A1}.Release|x64.ActiveCfg = Release|Any CPU
		{1C9E2E03-F460-4D55-967E-EFFE637E60A1}.Release|x64.Build.0 = Release|Any CPU
		{F2304263-137E-412F-99CF-3E0ADB2FE9A9}.Debug|Any CPU.ActiveCfg = Debug|Any CPU
		{F2304263-137E-412F-99CF-3E0ADB2FE9A9}.Debug|Any CPU.Build.0 = Debug|Any CPU
		{F2304263-137E-412F-99CF-3E0ADB2FE9A9}.Debug|ARM64.ActiveCfg = Debug|Any CPU
		{F2304263-137E-412F-99CF-3E0ADB2FE9A9}.Debug|ARM64.Build.0 = Debug|Any CPU
		{F2304263-137E-412F-99CF-3E0ADB2FE9A9}.Debug|x64.ActiveCfg = Debug|Any CPU
		{F2304263-137E-412F-99CF-3E0ADB2FE9A9}.Debug|x64.Build.0 = Debug|Any CPU
		{F2304263-137E-412F-99CF-3E0ADB2FE9A9}.Release|Any CPU.ActiveCfg = Release|Any CPU
		{F2304263-137E-412F-99CF-3E0ADB2FE9A9}.Release|Any CPU.Build.0 = Release|Any CPU
		{F2304263-137E-412F-99CF-3E0ADB2FE9A9}.Release|ARM64.ActiveCfg = Release|Any CPU
		{F2304263-137E-412F-99CF-3E0ADB2FE9A9}.Release|ARM64.Build.0 = Release|Any CPU
		{F2304263-137E-412F-99CF-3E0ADB2FE9A9}.Release|x64.ActiveCfg = Release|Any CPU
		{F2304263-137E-412F-99CF-3E0ADB2FE9A9}.Release|x64.Build.0 = Release|Any CPU
		{87668674-47CA-42C3-8146-2DC62FC81B09}.Debug|Any CPU.ActiveCfg = Debug|Any CPU
		{87668674-47CA-42C3-8146-2DC62FC81B09}.Debug|Any CPU.Build.0 = Debug|Any CPU
		{87668674-47CA-42C3-8146-2DC62FC81B09}.Debug|ARM64.ActiveCfg = Debug|Any CPU
		{87668674-47CA-42C3-8146-2DC62FC81B09}.Debug|ARM64.Build.0 = Debug|Any CPU
		{87668674-47CA-42C3-8146-2DC62FC81B09}.Debug|x64.ActiveCfg = Debug|Any CPU
		{87668674-47CA-42C3-8146-2DC62FC81B09}.Debug|x64.Build.0 = Debug|Any CPU
		{87668674-47CA-42C3-8146-2DC62FC81B09}.Release|Any CPU.ActiveCfg = Release|Any CPU
		{87668674-47CA-42C3-8146-2DC62FC81B09}.Release|Any CPU.Build.0 = Release|Any CPU
		{87668674-47CA-42C3-8146-2DC62FC81B09}.Release|ARM64.ActiveCfg = Release|Any CPU
		{87668674-47CA-42C3-8146-2DC62FC81B09}.Release|ARM64.Build.0 = Release|Any CPU
		{87668674-47CA-42C3-8146-2DC62FC81B09}.Release|x64.ActiveCfg = Release|Any CPU
		{87668674-47CA-42C3-8146-2DC62FC81B09}.Release|x64.Build.0 = Release|Any CPU
		{04265CEA-F243-49F0-97FA-4CC12254A3AB}.Debug|Any CPU.ActiveCfg = Debug|Any CPU
		{04265CEA-F243-49F0-97FA-4CC12254A3AB}.Debug|Any CPU.Build.0 = Debug|Any CPU
		{04265CEA-F243-49F0-97FA-4CC12254A3AB}.Debug|ARM64.ActiveCfg = Debug|Any CPU
		{04265CEA-F243-49F0-97FA-4CC12254A3AB}.Debug|ARM64.Build.0 = Debug|Any CPU
		{04265CEA-F243-49F0-97FA-4CC12254A3AB}.Debug|x64.ActiveCfg = Debug|Any CPU
		{04265CEA-F243-49F0-97FA-4CC12254A3AB}.Debug|x64.Build.0 = Debug|Any CPU
		{04265CEA-F243-49F0-97FA-4CC12254A3AB}.Release|Any CPU.ActiveCfg = Release|Any CPU
		{04265CEA-F243-49F0-97FA-4CC12254A3AB}.Release|Any CPU.Build.0 = Release|Any CPU
		{04265CEA-F243-49F0-97FA-4CC12254A3AB}.Release|ARM64.ActiveCfg = Release|Any CPU
		{04265CEA-F243-49F0-97FA-4CC12254A3AB}.Release|ARM64.Build.0 = Release|Any CPU
		{04265CEA-F243-49F0-97FA-4CC12254A3AB}.Release|x64.ActiveCfg = Release|Any CPU
		{04265CEA-F243-49F0-97FA-4CC12254A3AB}.Release|x64.Build.0 = Release|Any CPU
	EndGlobalSection
	GlobalSection(SolutionProperties) = preSolution
		HideSolutionNode = FALSE
	EndGlobalSection
	GlobalSection(NestedProjects) = preSolution
		{8B693C7E-767F-40F3-8B38-BC40D3228EE6} = {E28ED0DC-9944-44F4-A010-C7F7C90DBC76}
		{0222EA44-6A73-4623-ABF8-49217715E7AF} = {F67FCFE3-BF9E-4023-BF19-0A42F46A0A2E}
		{B8FEE09A-DD25-48D1-A3E5-6C73CDFB7E00} = {E28ED0DC-9944-44F4-A010-C7F7C90DBC76}
		{28E584BE-D404-47AB-90DD-DC2391178618} = {4E6F70B2-2946-42AB-B037-7B5165AD04DA}
		{0F83E5B9-DE64-417A-9200-707E4E8355A7} = {B56134A8-A6B5-4CA7-AFF6-5FF720AA3582}
		{844A214A-4739-4031-896D-3F9DF40B40BC} = {B56134A8-A6B5-4CA7-AFF6-5FF720AA3582}
		{07B26419-B985-4BC6-8CC5-186A8E05B649} = {B56134A8-A6B5-4CA7-AFF6-5FF720AA3582}
		{3C1A1B30-C339-4C27-9E79-576269DCDF79} = {B56134A8-A6B5-4CA7-AFF6-5FF720AA3582}
		{526B937A-27E1-4982-84C4-949307EF2F65} = {E28ED0DC-9944-44F4-A010-C7F7C90DBC76}
		{4E9BFBE5-1E77-47D9-9198-88827C7C22E0} = {0D56C0C6-8C2C-48BC-9525-1801182FC592}
		{EE67D325-82BE-4A8C-912A-B5999EF03AC3} = {4E6F70B2-2946-42AB-B037-7B5165AD04DA}
		{05DC97B2-E069-41DA-B27B-77B3FFB7C94C} = {0D56C0C6-8C2C-48BC-9525-1801182FC592}
		{39AB0C46-E2D5-4406-8931-F2243D7FD465} = {0D56C0C6-8C2C-48BC-9525-1801182FC592}
		{9022CC3B-F868-4215-B6EE-B6B53066CD14} = {4E6F70B2-2946-42AB-B037-7B5165AD04DA}
		{D30515DA-B032-4F1B-B5D5-1AFD095F3DEF} = {4E6F70B2-2946-42AB-B037-7B5165AD04DA}
		{9677EDFC-6587-48AF-9E5F-08A0AC695C9E} = {EF9DD425-A7CA-4FE6-A160-E91627BE3763}
		{B3FABA1F-3E1F-4CE6-9672-0E4E8B7C75A1} = {4E6F70B2-2946-42AB-B037-7B5165AD04DA}
		{C12E0D9F-1D91-4E5D-9AA0-04D960BC8D67} = {EF9DD425-A7CA-4FE6-A160-E91627BE3763}
		{C002881A-1ABB-46C3-896B-857BFA887702} = {4E6F70B2-2946-42AB-B037-7B5165AD04DA}
		{5B685B21-4D3D-4CF3-B273-EB11126EEF2D} = {0D56C0C6-8C2C-48BC-9525-1801182FC592}
		{66735C3A-E644-4638-9229-22D828D4C0AF} = {4E6F70B2-2946-42AB-B037-7B5165AD04DA}
		{4131E8BC-73B5-4DF3-B2D3-254A4839D5AF} = {E28ED0DC-9944-44F4-A010-C7F7C90DBC76}
		{368305FF-ECC9-4199-9DB6-6A74033932A5} = {4E6F70B2-2946-42AB-B037-7B5165AD04DA}
		{A9984E33-0B0B-427E-A257-EFDE8271DB91} = {E28ED0DC-9944-44F4-A010-C7F7C90DBC76}
		{E58BC851-535D-4E16-87EF-C294A0245B5D} = {E28ED0DC-9944-44F4-A010-C7F7C90DBC76}
		{EF1D7782-0E10-46E4-9396-586522CEF956} = {EF9DD425-A7CA-4FE6-A160-E91627BE3763}
		{9A9EAA4A-BD5F-4112-BB94-427CD76723CC} = {E28ED0DC-9944-44F4-A010-C7F7C90DBC76}
		{1C9E2E03-F460-4D55-967E-EFFE637E60A1} = {094A24E4-4C49-43B1-B839-CD673CD9E7E0}
		{F2304263-137E-412F-99CF-3E0ADB2FE9A9} = {0D56C0C6-8C2C-48BC-9525-1801182FC592}
		{87668674-47CA-42C3-8146-2DC62FC81B09} = {0D56C0C6-8C2C-48BC-9525-1801182FC592}
		{04265CEA-F243-49F0-97FA-4CC12254A3AB} = {0D56C0C6-8C2C-48BC-9525-1801182FC592}
	EndGlobalSection
	GlobalSection(ExtensibilityGlobals) = postSolution
		SolutionGuid = {5BE9148D-CB1F-41EC-B11B-3E51433BC49E}
	EndGlobalSection
EndGlobal
