
Microsoft Visual Studio Solution File, Format Version 12.00
# Visual Studio Version 17
VisualStudioVersion = 17.2.32630.192
MinimumVisualStudioVersion = 10.0.40219.1
Project("{2150E333-8FDC-42A3-9474-1A3956D46DE8}") = "10.Infrastructure", "10.Infrastructure", "{D5820E2A-F9B9-4931-A2A1-43168F7A66D1}"
EndProject
Project("{2150E333-8FDC-42A3-9474-1A3956D46DE8}") = "20.Common", "20.Common", "{89629DFB-B778-4A4F-A27B-EE431112FF53}"
EndProject
Project("{2150E333-8FDC-42A3-9474-1A3956D46DE8}") = "50.ApplicationService", "50.ApplicationService", "{A05416AD-B7A9-429B-BCAF-F1900B481601}"
EndProject
Project("{2150E333-8FDC-42A3-9474-1A3956D46DE8}") = "60.Application", "60.Application", "{B8B7A4ED-082F-49CE-9D2A-C7832899EFB4}"
EndProject
Project("{9A19103F-16F7-4668-BE54-9A1E7A4F7556}") = "NV.CT.PatientBrowser.ApplicationService.Contract", "ApplicationService.Contract\NV.CT.PatientBrowser.ApplicationService.Contract.csproj", "{DED711C6-8284-4F2D-9FDC-CE30C1392AE8}"
EndProject
Project("{9A19103F-16F7-4668-BE54-9A1E7A4F7556}") = "NV.CT.PatientBrowser.ApplicationService.Impl", "ApplicationService.Impl\NV.CT.PatientBrowser.ApplicationService.Impl.csproj", "{CA7240B7-E5C7-45E7-B0BE-7731088C5162}"
EndProject
Project("{2150E333-8FDC-42A3-9474-1A3956D46DE8}") = "40.SystemService", "40.SystemService", "{AAE7792A-9F1C-48F9-8F65-FD4EE92BE9F4}"
EndProject
Project("{9A19103F-16F7-4668-BE54-9A1E7A4F7556}") = "NV.CT.Logging", "..\..\Infrastructure\Logging\NV.CT.Logging.csproj", "{FE0516C5-9D9D-4441-B830-BC3C05346EAE}"
EndProject
Project("{9A19103F-16F7-4668-BE54-9A1E7A4F7556}") = "NV.CT.CTS", "..\..\Common\CTS\NV.CT.CTS.csproj", "{EDC01584-A14A-4015-ABFC-DAFE9538760A}"
EndProject
Project("{9A19103F-16F7-4668-BE54-9A1E7A4F7556}") = "NV.CT.Protocol", "..\..\Common\Protocol\NV.CT.Protocol.csproj", "{D0704798-9850-4EAB-AF5D-C914F70F2690}"
EndProject
Project("{9A19103F-16F7-4668-BE54-9A1E7A4F7556}") = "NV.CT.UI.Controls", "..\..\Common\UI.Controls\NV.CT.UI.Controls.csproj", "{03FC41BA-41CC-4D4A-A34C-DDD989544E93}"
EndProject
Project("{9A19103F-16F7-4668-BE54-9A1E7A4F7556}") = "NV.CT.UI.ViewModel", "..\..\Common\ViewModel\NV.CT.UI.ViewModel.csproj", "{F15D54CB-F573-4443-AFEF-4CE16E77F0FA}"
EndProject
Project("{9A19103F-16F7-4668-BE54-9A1E7A4F7556}") = "NV.CT.WorkingBoxThread", "..\..\Common\WorkingBoxThread\NV.CT.WorkingBoxThread.csproj", "{FB473009-EE0C-44B4-A957-FC4C72E0980F}"
EndProject
Project("{2150E333-8FDC-42A3-9474-1A3956D46DE8}") = "30.SystemInterface", "30.SystemInterface", "{DEEA4E68-42DC-49E0-85D1-6380E4714DE3}"
EndProject
Project("{9A19103F-16F7-4668-BE54-9A1E7A4F7556}") = "NV.CT.SystemInterface.MRSIntegration.Contract", "..\..\SystemInterface\MRSIntegration.Contract\NV.CT.SystemInterface.MRSIntegration.Contract.csproj", "{4FEB89EE-0C8B-420E-9A2F-B41A1A655BC6}"
EndProject
Project("{9A19103F-16F7-4668-BE54-9A1E7A4F7556}") = "NV.CT.SystemInterface.MRSIntegration.Impl", "..\..\SystemInterface\MRSIntegration.Impl\NV.CT.SystemInterface.MRSIntegration.Impl.csproj", "{C6BE1AD2-26E4-4E9A-9044-493A5256F8A6}"
EndProject
Project("{9A19103F-16F7-4668-BE54-9A1E7A4F7556}") = "NV.CT.AppService.Contract", "..\..\SystemService\AppService.Contract\NV.CT.AppService.Contract.csproj", "{9DC9A68B-8CF6-41D2-9697-6814625F919D}"
EndProject
Project("{9A19103F-16F7-4668-BE54-9A1E7A4F7556}") = "NV.CT.ConfigService.Contract", "..\..\SystemService\ConfigService.Contract\NV.CT.ConfigService.Contract.csproj", "{58D7999A-EFA5-490F-BA9C-BE70EF62E362}"
EndProject
Project("{9A19103F-16F7-4668-BE54-9A1E7A4F7556}") = "NV.CT.DatabaseService.Contract", "..\..\SystemService\DatabaseService.Contract\NV.CT.DatabaseService.Contract.csproj", "{C8AEDDF2-50F2-4B35-B0EC-162EFC76F913}"
EndProject
Project("{9A19103F-16F7-4668-BE54-9A1E7A4F7556}") = "NV.CT.JobService.Contract", "..\..\SystemService\JobService.Contract\NV.CT.JobService.Contract.csproj", "{D7CACAB5-F056-455E-AC27-C78189B93AE8}"
EndProject
Project("{9A19103F-16F7-4668-BE54-9A1E7A4F7556}") = "NV.CT.ProtocolService.Contract", "..\..\SystemService\ProtocolService.Contract\NV.CT.ProtocolService.Contract.csproj", "{F25A4F91-BB1E-4356-99BC-5584501BFA0A}"
EndProject
Project("{9A19103F-16F7-4668-BE54-9A1E7A4F7556}") = "NV.CT.SyncService.Contract", "..\..\SystemService\SyncService.Contract\NV.CT.SyncService.Contract.csproj", "{69EAD71D-B01F-45B5-94B3-04689DBD89DF}"
EndProject
Project("{9A19103F-16F7-4668-BE54-9A1E7A4F7556}") = "NV.CT.WorkflowService.Contract", "..\..\SystemService\WorkflowService.Contract\NV.CT.WorkflowService.Contract.csproj", "{B103CF81-6623-4341-84FE-29C5C7D5DC91}"
EndProject
Project("{9A19103F-16F7-4668-BE54-9A1E7A4F7556}") = "NV.CT.ClientProxy", "..\..\SystemService\ClientProxy\NV.CT.ClientProxy.csproj", "{83932C1B-7E4D-40E9-AADF-492968EA010A}"
EndProject
Project("{9A19103F-16F7-4668-BE54-9A1E7A4F7556}") = "NV.CT.PatientBrowser", "App\NV.CT.PatientBrowser.csproj", "{ECF64697-D7FA-42B6-924A-A13F0251875B}"
EndProject
Project("{9A19103F-16F7-4668-BE54-9A1E7A4F7556}") = "NV.CT.CommonAttribute", "..\..\Common\CommonAttribute\NV.CT.CommonAttribute.csproj", "{6A89392B-B032-4786-B33C-472320D77F75}"
EndProject
Project("{9A19103F-16F7-4668-BE54-9A1E7A4F7556}") = "NV.CT.CommonAttributeUI", "..\..\Common\CommonAttributeUI\NV.CT.CommonAttributeUI.csproj", "{1F39BCF7-DE47-44B5-843A-DEC41600D49B}"
EndProject
Project("{9A19103F-16F7-4668-BE54-9A1E7A4F7556}") = "NV.CT.MessageService.Contract", "..\..\SystemService\MessageService.Contract\NV.CT.MessageService.Contract.csproj", "{F2CF95F2-CF69-46AF-911D-6309E4EAD39B}"
EndProject
Project("{9A19103F-16F7-4668-BE54-9A1E7A4F7556}") = "NV.CT.Models", "..\..\Common\Models\NV.CT.Models.csproj", "{58963DC2-A9DD-49C0-8E3F-2A71D022E07B}"
EndProject
Project("{9A19103F-16F7-4668-BE54-9A1E7A4F7556}") = "NV.CT.SystemInterface.MCSRuntime.Contract", "..\..\SystemInterface\MCSRuntime.Contract\NV.CT.SystemInterface.MCSRuntime.Contract.csproj", "{A814C327-4BCE-43A5-A5C8-4DFD7066C357}"
EndProject
Project("{9A19103F-16F7-4668-BE54-9A1E7A4F7556}") = "NV.CT.SystemInterface.MCSRuntime.Impl", "..\..\SystemInterface\MCSRuntime.Impl\NV.CT.SystemInterface.MCSRuntime.Impl.csproj", "{94DBAD0F-EFAF-4B89-BBE1-AEA36ECE4C48}"
EndProject
Project("{9A19103F-16F7-4668-BE54-9A1E7A4F7556}") = "NV.CT.DicomUtility", "..\..\Common\DicomUtility\NV.CT.DicomUtility.csproj", "{502C5C9D-DB08-45A5-A556-B60FA84DF04C}"
EndProject
Project("{9A19103F-16F7-4668-BE54-9A1E7A4F7556}") = "NV.CT.DicomUtilityWin", "..\..\Common\DicomUtilityWin\NV.CT.DicomUtilityWin.csproj", "{1A4F3D61-BE2D-444B-AE81-E6E54439A98F}"
EndProject
Global
	GlobalSection(SolutionConfigurationPlatforms) = preSolution
		Debug|Any CPU = Debug|Any CPU
		Debug|ARM64 = Debug|ARM64
		Debug|x64 = Debug|x64
		Release|Any CPU = Release|Any CPU
		Release|ARM64 = Release|ARM64
		Release|x64 = Release|x64
	EndGlobalSection
	GlobalSection(ProjectConfigurationPlatforms) = postSolution
		{DED711C6-8284-4F2D-9FDC-CE30C1392AE8}.Debug|Any CPU.ActiveCfg = Debug|Any CPU
		{DED711C6-8284-4F2D-9FDC-CE30C1392AE8}.Debug|Any CPU.Build.0 = Debug|Any CPU
		{DED711C6-8284-4F2D-9FDC-CE30C1392AE8}.Debug|ARM64.ActiveCfg = Debug|ARM64
		{DED711C6-8284-4F2D-9FDC-CE30C1392AE8}.Debug|ARM64.Build.0 = Debug|ARM64
		{DED711C6-8284-4F2D-9FDC-CE30C1392AE8}.Debug|x64.ActiveCfg = Debug|Any CPU
		{DED711C6-8284-4F2D-9FDC-CE30C1392AE8}.Debug|x64.Build.0 = Debug|Any CPU
		{DED711C6-8284-4F2D-9FDC-CE30C1392AE8}.Release|Any CPU.ActiveCfg = Release|Any CPU
		{DED711C6-8284-4F2D-9FDC-CE30C1392AE8}.Release|Any CPU.Build.0 = Release|Any CPU
		{DED711C6-8284-4F2D-9FDC-CE30C1392AE8}.Release|ARM64.ActiveCfg = Release|ARM64
		{DED711C6-8284-4F2D-9FDC-CE30C1392AE8}.Release|ARM64.Build.0 = Release|ARM64
		{DED711C6-8284-4F2D-9FDC-CE30C1392AE8}.Release|x64.ActiveCfg = Release|Any CPU
		{DED711C6-8284-4F2D-9FDC-CE30C1392AE8}.Release|x64.Build.0 = Release|Any CPU
		{CA7240B7-E5C7-45E7-B0BE-7731088C5162}.Debug|Any CPU.ActiveCfg = Debug|Any CPU
		{CA7240B7-E5C7-45E7-B0BE-7731088C5162}.Debug|Any CPU.Build.0 = Debug|Any CPU
		{CA7240B7-E5C7-45E7-B0BE-7731088C5162}.Debug|ARM64.ActiveCfg = Debug|ARM64
		{CA7240B7-E5C7-45E7-B0BE-7731088C5162}.Debug|ARM64.Build.0 = Debug|ARM64
		{CA7240B7-E5C7-45E7-B0BE-7731088C5162}.Debug|x64.ActiveCfg = Debug|Any CPU
		{CA7240B7-E5C7-45E7-B0BE-7731088C5162}.Debug|x64.Build.0 = Debug|Any CPU
		{CA7240B7-E5C7-45E7-B0BE-7731088C5162}.Release|Any CPU.ActiveCfg = Release|Any CPU
		{CA7240B7-E5C7-45E7-B0BE-7731088C5162}.Release|Any CPU.Build.0 = Release|Any CPU
		{CA7240B7-E5C7-45E7-B0BE-7731088C5162}.Release|ARM64.ActiveCfg = Release|ARM64
		{CA7240B7-E5C7-45E7-B0BE-7731088C5162}.Release|ARM64.Build.0 = Release|ARM64
		{CA7240B7-E5C7-45E7-B0BE-7731088C5162}.Release|x64.ActiveCfg = Release|Any CPU
		{CA7240B7-E5C7-45E7-B0BE-7731088C5162}.Release|x64.Build.0 = Release|Any CPU
		{FE0516C5-9D9D-4441-B830-BC3C05346EAE}.Debug|Any CPU.ActiveCfg = Debug|Any CPU
		{FE0516C5-9D9D-4441-B830-BC3C05346EAE}.Debug|Any CPU.Build.0 = Debug|Any CPU
		{FE0516C5-9D9D-4441-B830-BC3C05346EAE}.Debug|ARM64.ActiveCfg = Debug|Any CPU
		{FE0516C5-9D9D-4441-B830-BC3C05346EAE}.Debug|ARM64.Build.0 = Debug|Any CPU
		{FE0516C5-9D9D-4441-B830-BC3C05346EAE}.Debug|x64.ActiveCfg = Debug|x64
		{FE0516C5-9D9D-4441-B830-BC3C05346EAE}.Debug|x64.Build.0 = Debug|x64
		{FE0516C5-9D9D-4441-B830-BC3C05346EAE}.Release|Any CPU.ActiveCfg = Release|Any CPU
		{FE0516C5-9D9D-4441-B830-BC3C05346EAE}.Release|Any CPU.Build.0 = Release|Any CPU
		{FE0516C5-9D9D-4441-B830-BC3C05346EAE}.Release|ARM64.ActiveCfg = Release|Any CPU
		{FE0516C5-9D9D-4441-B830-BC3C05346EAE}.Release|ARM64.Build.0 = Release|Any CPU
		{FE0516C5-9D9D-4441-B830-BC3C05346EAE}.Release|x64.ActiveCfg = Release|x64
		{FE0516C5-9D9D-4441-B830-BC3C05346EAE}.Release|x64.Build.0 = Release|x64
		{EDC01584-A14A-4015-ABFC-DAFE9538760A}.Debug|Any CPU.ActiveCfg = Debug|Any CPU
		{EDC01584-A14A-4015-ABFC-DAFE9538760A}.Debug|Any CPU.Build.0 = Debug|Any CPU
		{EDC01584-A14A-4015-ABFC-DAFE9538760A}.Debug|ARM64.ActiveCfg = Debug|Any CPU
		{EDC01584-A14A-4015-ABFC-DAFE9538760A}.Debug|ARM64.Build.0 = Debug|Any CPU
		{EDC01584-A14A-4015-ABFC-DAFE9538760A}.Debug|x64.ActiveCfg = Debug|Any CPU
		{EDC01584-A14A-4015-ABFC-DAFE9538760A}.Debug|x64.Build.0 = Debug|Any CPU
		{EDC01584-A14A-4015-ABFC-DAFE9538760A}.Release|Any CPU.ActiveCfg = Release|Any CPU
		{EDC01584-A14A-4015-ABFC-DAFE9538760A}.Release|Any CPU.Build.0 = Release|Any CPU
		{EDC01584-A14A-4015-ABFC-DAFE9538760A}.Release|ARM64.ActiveCfg = Release|Any CPU
		{EDC01584-A14A-4015-ABFC-DAFE9538760A}.Release|ARM64.Build.0 = Release|Any CPU
		{EDC01584-A14A-4015-ABFC-DAFE9538760A}.Release|x64.ActiveCfg = Release|Any CPU
		{EDC01584-A14A-4015-ABFC-DAFE9538760A}.Release|x64.Build.0 = Release|Any CPU
		{D0704798-9850-4EAB-AF5D-C914F70F2690}.Debug|Any CPU.ActiveCfg = Debug|Any CPU
		{D0704798-9850-4EAB-AF5D-C914F70F2690}.Debug|Any CPU.Build.0 = Debug|Any CPU
		{D0704798-9850-4EAB-AF5D-C914F70F2690}.Debug|ARM64.ActiveCfg = Debug|Any CPU
		{D0704798-9850-4EAB-AF5D-C914F70F2690}.Debug|ARM64.Build.0 = Debug|Any CPU
		{D0704798-9850-4EAB-AF5D-C914F70F2690}.Debug|x64.ActiveCfg = Debug|x64
		{D0704798-9850-4EAB-AF5D-C914F70F2690}.Debug|x64.Build.0 = Debug|x64
		{D0704798-9850-4EAB-AF5D-C914F70F2690}.Release|Any CPU.ActiveCfg = Release|Any CPU
		{D0704798-9850-4EAB-AF5D-C914F70F2690}.Release|Any CPU.Build.0 = Release|Any CPU
		{D0704798-9850-4EAB-AF5D-C914F70F2690}.Release|ARM64.ActiveCfg = Release|Any CPU
		{D0704798-9850-4EAB-AF5D-C914F70F2690}.Release|ARM64.Build.0 = Release|Any CPU
		{D0704798-9850-4EAB-AF5D-C914F70F2690}.Release|x64.ActiveCfg = Release|x64
		{D0704798-9850-4EAB-AF5D-C914F70F2690}.Release|x64.Build.0 = Release|x64
		{03FC41BA-41CC-4D4A-A34C-DDD989544E93}.Debug|Any CPU.ActiveCfg = Debug|Any CPU
		{03FC41BA-41CC-4D4A-A34C-DDD989544E93}.Debug|Any CPU.Build.0 = Debug|Any CPU
		{03FC41BA-41CC-4D4A-A34C-DDD989544E93}.Debug|ARM64.ActiveCfg = Debug|Any CPU
		{03FC41BA-41CC-4D4A-A34C-DDD989544E93}.Debug|ARM64.Build.0 = Debug|Any CPU
		{03FC41BA-41CC-4D4A-A34C-DDD989544E93}.Debug|x64.ActiveCfg = Debug|x64
		{03FC41BA-41CC-4D4A-A34C-DDD989544E93}.Debug|x64.Build.0 = Debug|x64
		{03FC41BA-41CC-4D4A-A34C-DDD989544E93}.Release|Any CPU.ActiveCfg = Release|Any CPU
		{03FC41BA-41CC-4D4A-A34C-DDD989544E93}.Release|Any CPU.Build.0 = Release|Any CPU
		{03FC41BA-41CC-4D4A-A34C-DDD989544E93}.Release|ARM64.ActiveCfg = Release|Any CPU
		{03FC41BA-41CC-4D4A-A34C-DDD989544E93}.Release|ARM64.Build.0 = Release|Any CPU
		{03FC41BA-41CC-4D4A-A34C-DDD989544E93}.Release|x64.ActiveCfg = Release|x64
		{03FC41BA-41CC-4D4A-A34C-DDD989544E93}.Release|x64.Build.0 = Release|x64
		{F15D54CB-F573-4443-AFEF-4CE16E77F0FA}.Debug|Any CPU.ActiveCfg = Debug|Any CPU
		{F15D54CB-F573-4443-AFEF-4CE16E77F0FA}.Debug|Any CPU.Build.0 = Debug|Any CPU
		{F15D54CB-F573-4443-AFEF-4CE16E77F0FA}.Debug|ARM64.ActiveCfg = Debug|Any CPU
		{F15D54CB-F573-4443-AFEF-4CE16E77F0FA}.Debug|ARM64.Build.0 = Debug|Any CPU
		{F15D54CB-F573-4443-AFEF-4CE16E77F0FA}.Debug|x64.ActiveCfg = Debug|Any CPU
		{F15D54CB-F573-4443-AFEF-4CE16E77F0FA}.Debug|x64.Build.0 = Debug|Any CPU
		{F15D54CB-F573-4443-AFEF-4CE16E77F0FA}.Release|Any CPU.ActiveCfg = Release|Any CPU
		{F15D54CB-F573-4443-AFEF-4CE16E77F0FA}.Release|Any CPU.Build.0 = Release|Any CPU
		{F15D54CB-F573-4443-AFEF-4CE16E77F0FA}.Release|ARM64.ActiveCfg = Release|Any CPU
		{F15D54CB-F573-4443-AFEF-4CE16E77F0FA}.Release|ARM64.Build.0 = Release|Any CPU
		{F15D54CB-F573-4443-AFEF-4CE16E77F0FA}.Release|x64.ActiveCfg = Release|Any CPU
		{F15D54CB-F573-4443-AFEF-4CE16E77F0FA}.Release|x64.Build.0 = Release|Any CPU
		{FB473009-EE0C-44B4-A957-FC4C72E0980F}.Debug|Any CPU.ActiveCfg = Debug|Any CPU
		{FB473009-EE0C-44B4-A957-FC4C72E0980F}.Debug|Any CPU.Build.0 = Debug|Any CPU
		{FB473009-EE0C-44B4-A957-FC4C72E0980F}.Debug|ARM64.ActiveCfg = Debug|Any CPU
		{FB473009-EE0C-44B4-A957-FC4C72E0980F}.Debug|ARM64.Build.0 = Debug|Any CPU
		{FB473009-EE0C-44B4-A957-FC4C72E0980F}.Debug|x64.ActiveCfg = Debug|Any CPU
		{FB473009-EE0C-44B4-A957-FC4C72E0980F}.Debug|x64.Build.0 = Debug|Any CPU
		{FB473009-EE0C-44B4-A957-FC4C72E0980F}.Release|Any CPU.ActiveCfg = Release|Any CPU
		{FB473009-EE0C-44B4-A957-FC4C72E0980F}.Release|Any CPU.Build.0 = Release|Any CPU
		{FB473009-EE0C-44B4-A957-FC4C72E0980F}.Release|ARM64.ActiveCfg = Release|Any CPU
		{FB473009-EE0C-44B4-A957-FC4C72E0980F}.Release|ARM64.Build.0 = Release|Any CPU
		{FB473009-EE0C-44B4-A957-FC4C72E0980F}.Release|x64.ActiveCfg = Release|Any CPU
		{FB473009-EE0C-44B4-A957-FC4C72E0980F}.Release|x64.Build.0 = Release|Any CPU
		{4FEB89EE-0C8B-420E-9A2F-B41A1A655BC6}.Debug|Any CPU.ActiveCfg = Debug|Any CPU
		{4FEB89EE-0C8B-420E-9A2F-B41A1A655BC6}.Debug|Any CPU.Build.0 = Debug|Any CPU
		{4FEB89EE-0C8B-420E-9A2F-B41A1A655BC6}.Debug|ARM64.ActiveCfg = Debug|Any CPU
		{4FEB89EE-0C8B-420E-9A2F-B41A1A655BC6}.Debug|ARM64.Build.0 = Debug|Any CPU
		{4FEB89EE-0C8B-420E-9A2F-B41A1A655BC6}.Debug|x64.ActiveCfg = Debug|Any CPU
		{4FEB89EE-0C8B-420E-9A2F-B41A1A655BC6}.Debug|x64.Build.0 = Debug|Any CPU
		{4FEB89EE-0C8B-420E-9A2F-B41A1A655BC6}.Release|Any CPU.ActiveCfg = Release|Any CPU
		{4FEB89EE-0C8B-420E-9A2F-B41A1A655BC6}.Release|Any CPU.Build.0 = Release|Any CPU
		{4FEB89EE-0C8B-420E-9A2F-B41A1A655BC6}.Release|ARM64.ActiveCfg = Release|Any CPU
		{4FEB89EE-0C8B-420E-9A2F-B41A1A655BC6}.Release|ARM64.Build.0 = Release|Any CPU
		{4FEB89EE-0C8B-420E-9A2F-B41A1A655BC6}.Release|x64.ActiveCfg = Release|Any CPU
		{4FEB89EE-0C8B-420E-9A2F-B41A1A655BC6}.Release|x64.Build.0 = Release|Any CPU
		{C6BE1AD2-26E4-4E9A-9044-493A5256F8A6}.Debug|Any CPU.ActiveCfg = Debug|Any CPU
		{C6BE1AD2-26E4-4E9A-9044-493A5256F8A6}.Debug|Any CPU.Build.0 = Debug|Any CPU
		{C6BE1AD2-26E4-4E9A-9044-493A5256F8A6}.Debug|ARM64.ActiveCfg = Debug|Any CPU
		{C6BE1AD2-26E4-4E9A-9044-493A5256F8A6}.Debug|ARM64.Build.0 = Debug|Any CPU
		{C6BE1AD2-26E4-4E9A-9044-493A5256F8A6}.Debug|x64.ActiveCfg = Debug|Any CPU
		{C6BE1AD2-26E4-4E9A-9044-493A5256F8A6}.Debug|x64.Build.0 = Debug|Any CPU
		{C6BE1AD2-26E4-4E9A-9044-493A5256F8A6}.Release|Any CPU.ActiveCfg = Release|Any CPU
		{C6BE1AD2-26E4-4E9A-9044-493A5256F8A6}.Release|Any CPU.Build.0 = Release|Any CPU
		{C6BE1AD2-26E4-4E9A-9044-493A5256F8A6}.Release|ARM64.ActiveCfg = Release|Any CPU
		{C6BE1AD2-26E4-4E9A-9044-493A5256F8A6}.Release|ARM64.Build.0 = Release|Any CPU
		{C6BE1AD2-26E4-4E9A-9044-493A5256F8A6}.Release|x64.ActiveCfg = Release|Any CPU
		{C6BE1AD2-26E4-4E9A-9044-493A5256F8A6}.Release|x64.Build.0 = Release|Any CPU
		{9DC9A68B-8CF6-41D2-9697-6814625F919D}.Debug|Any CPU.ActiveCfg = Debug|Any CPU
		{9DC9A68B-8CF6-41D2-9697-6814625F919D}.Debug|Any CPU.Build.0 = Debug|Any CPU
		{9DC9A68B-8CF6-41D2-9697-6814625F919D}.Debug|ARM64.ActiveCfg = Debug|Any CPU
		{9DC9A68B-8CF6-41D2-9697-6814625F919D}.Debug|ARM64.Build.0 = Debug|Any CPU
		{9DC9A68B-8CF6-41D2-9697-6814625F919D}.Debug|x64.ActiveCfg = Debug|Any CPU
		{9DC9A68B-8CF6-41D2-9697-6814625F919D}.Debug|x64.Build.0 = Debug|Any CPU
		{9DC9A68B-8CF6-41D2-9697-6814625F919D}.Release|Any CPU.ActiveCfg = Release|Any CPU
		{9DC9A68B-8CF6-41D2-9697-6814625F919D}.Release|Any CPU.Build.0 = Release|Any CPU
		{9DC9A68B-8CF6-41D2-9697-6814625F919D}.Release|ARM64.ActiveCfg = Release|Any CPU
		{9DC9A68B-8CF6-41D2-9697-6814625F919D}.Release|ARM64.Build.0 = Release|Any CPU
		{9DC9A68B-8CF6-41D2-9697-6814625F919D}.Release|x64.ActiveCfg = Release|Any CPU
		{9DC9A68B-8CF6-41D2-9697-6814625F919D}.Release|x64.Build.0 = Release|Any CPU
		{58D7999A-EFA5-490F-BA9C-BE70EF62E362}.Debug|Any CPU.ActiveCfg = Debug|Any CPU
		{58D7999A-EFA5-490F-BA9C-BE70EF62E362}.Debug|Any CPU.Build.0 = Debug|Any CPU
		{58D7999A-EFA5-490F-BA9C-BE70EF62E362}.Debug|ARM64.ActiveCfg = Debug|Any CPU
		{58D7999A-EFA5-490F-BA9C-BE70EF62E362}.Debug|ARM64.Build.0 = Debug|Any CPU
		{58D7999A-EFA5-490F-BA9C-BE70EF62E362}.Debug|x64.ActiveCfg = Debug|Any CPU
		{58D7999A-EFA5-490F-BA9C-BE70EF62E362}.Debug|x64.Build.0 = Debug|Any CPU
		{58D7999A-EFA5-490F-BA9C-BE70EF62E362}.Release|Any CPU.ActiveCfg = Release|Any CPU
		{58D7999A-EFA5-490F-BA9C-BE70EF62E362}.Release|Any CPU.Build.0 = Release|Any CPU
		{58D7999A-EFA5-490F-BA9C-BE70EF62E362}.Release|ARM64.ActiveCfg = Release|Any CPU
		{58D7999A-EFA5-490F-BA9C-BE70EF62E362}.Release|ARM64.Build.0 = Release|Any CPU
		{58D7999A-EFA5-490F-BA9C-BE70EF62E362}.Release|x64.ActiveCfg = Release|Any CPU
		{58D7999A-EFA5-490F-BA9C-BE70EF62E362}.Release|x64.Build.0 = Release|Any CPU
		{C8AEDDF2-50F2-4B35-B0EC-162EFC76F913}.Debug|Any CPU.ActiveCfg = Debug|Any CPU
		{C8AEDDF2-50F2-4B35-B0EC-162EFC76F913}.Debug|Any CPU.Build.0 = Debug|Any CPU
		{C8AEDDF2-50F2-4B35-B0EC-162EFC76F913}.Debug|ARM64.ActiveCfg = Debug|Any CPU
		{C8AEDDF2-50F2-4B35-B0EC-162EFC76F913}.Debug|ARM64.Build.0 = Debug|Any CPU
		{C8AEDDF2-50F2-4B35-B0EC-162EFC76F913}.Debug|x64.ActiveCfg = Debug|Any CPU
		{C8AEDDF2-50F2-4B35-B0EC-162EFC76F913}.Debug|x64.Build.0 = Debug|Any CPU
		{C8AEDDF2-50F2-4B35-B0EC-162EFC76F913}.Release|Any CPU.ActiveCfg = Release|Any CPU
		{C8AEDDF2-50F2-4B35-B0EC-162EFC76F913}.Release|Any CPU.Build.0 = Release|Any CPU
		{C8AEDDF2-50F2-4B35-B0EC-162EFC76F913}.Release|ARM64.ActiveCfg = Release|Any CPU
		{C8AEDDF2-50F2-4B35-B0EC-162EFC76F913}.Release|ARM64.Build.0 = Release|Any CPU
		{C8AEDDF2-50F2-4B35-B0EC-162EFC76F913}.Release|x64.ActiveCfg = Release|Any CPU
		{C8AEDDF2-50F2-4B35-B0EC-162EFC76F913}.Release|x64.Build.0 = Release|Any CPU
		{D7CACAB5-F056-455E-AC27-C78189B93AE8}.Debug|Any CPU.ActiveCfg = Debug|Any CPU
		{D7CACAB5-F056-455E-AC27-C78189B93AE8}.Debug|Any CPU.Build.0 = Debug|Any CPU
		{D7CACAB5-F056-455E-AC27-C78189B93AE8}.Debug|ARM64.ActiveCfg = Debug|Any CPU
		{D7CACAB5-F056-455E-AC27-C78189B93AE8}.Debug|ARM64.Build.0 = Debug|Any CPU
		{D7CACAB5-F056-455E-AC27-C78189B93AE8}.Debug|x64.ActiveCfg = Debug|Any CPU
		{D7CACAB5-F056-455E-AC27-C78189B93AE8}.Debug|x64.Build.0 = Debug|Any CPU
		{D7CACAB5-F056-455E-AC27-C78189B93AE8}.Release|Any CPU.ActiveCfg = Release|Any CPU
		{D7CACAB5-F056-455E-AC27-C78189B93AE8}.Release|Any CPU.Build.0 = Release|Any CPU
		{D7CACAB5-F056-455E-AC27-C78189B93AE8}.Release|ARM64.ActiveCfg = Release|Any CPU
		{D7CACAB5-F056-455E-AC27-C78189B93AE8}.Release|ARM64.Build.0 = Release|Any CPU
		{D7CACAB5-F056-455E-AC27-C78189B93AE8}.Release|x64.ActiveCfg = Release|Any CPU
		{D7CACAB5-F056-455E-AC27-C78189B93AE8}.Release|x64.Build.0 = Release|Any CPU
		{F25A4F91-BB1E-4356-99BC-5584501BFA0A}.Debug|Any CPU.ActiveCfg = Debug|Any CPU
		{F25A4F91-BB1E-4356-99BC-5584501BFA0A}.Debug|Any CPU.Build.0 = Debug|Any CPU
		{F25A4F91-BB1E-4356-99BC-5584501BFA0A}.Debug|ARM64.ActiveCfg = Debug|Any CPU
		{F25A4F91-BB1E-4356-99BC-5584501BFA0A}.Debug|ARM64.Build.0 = Debug|Any CPU
		{F25A4F91-BB1E-4356-99BC-5584501BFA0A}.Debug|x64.ActiveCfg = Debug|Any CPU
		{F25A4F91-BB1E-4356-99BC-5584501BFA0A}.Debug|x64.Build.0 = Debug|Any CPU
		{F25A4F91-BB1E-4356-99BC-5584501BFA0A}.Release|Any CPU.ActiveCfg = Release|Any CPU
		{F25A4F91-BB1E-4356-99BC-5584501BFA0A}.Release|Any CPU.Build.0 = Release|Any CPU
		{F25A4F91-BB1E-4356-99BC-5584501BFA0A}.Release|ARM64.ActiveCfg = Release|Any CPU
		{F25A4F91-BB1E-4356-99BC-5584501BFA0A}.Release|ARM64.Build.0 = Release|Any CPU
		{F25A4F91-BB1E-4356-99BC-5584501BFA0A}.Release|x64.ActiveCfg = Release|Any CPU
		{F25A4F91-BB1E-4356-99BC-5584501BFA0A}.Release|x64.Build.0 = Release|Any CPU
		{69EAD71D-B01F-45B5-94B3-04689DBD89DF}.Debug|Any CPU.ActiveCfg = Debug|Any CPU
		{69EAD71D-B01F-45B5-94B3-04689DBD89DF}.Debug|Any CPU.Build.0 = Debug|Any CPU
		{69EAD71D-B01F-45B5-94B3-04689DBD89DF}.Debug|ARM64.ActiveCfg = Debug|Any CPU
		{69EAD71D-B01F-45B5-94B3-04689DBD89DF}.Debug|ARM64.Build.0 = Debug|Any CPU
		{69EAD71D-B01F-45B5-94B3-04689DBD89DF}.Debug|x64.ActiveCfg = Debug|Any CPU
		{69EAD71D-B01F-45B5-94B3-04689DBD89DF}.Debug|x64.Build.0 = Debug|Any CPU
		{69EAD71D-B01F-45B5-94B3-04689DBD89DF}.Release|Any CPU.ActiveCfg = Release|Any CPU
		{69EAD71D-B01F-45B5-94B3-04689DBD89DF}.Release|Any CPU.Build.0 = Release|Any CPU
		{69EAD71D-B01F-45B5-94B3-04689DBD89DF}.Release|ARM64.ActiveCfg = Release|Any CPU
		{69EAD71D-B01F-45B5-94B3-04689DBD89DF}.Release|ARM64.Build.0 = Release|Any CPU
		{69EAD71D-B01F-45B5-94B3-04689DBD89DF}.Release|x64.ActiveCfg = Release|Any CPU
		{69EAD71D-B01F-45B5-94B3-04689DBD89DF}.Release|x64.Build.0 = Release|Any CPU
		{B103CF81-6623-4341-84FE-29C5C7D5DC91}.Debug|Any CPU.ActiveCfg = Debug|Any CPU
		{B103CF81-6623-4341-84FE-29C5C7D5DC91}.Debug|Any CPU.Build.0 = Debug|Any CPU
		{B103CF81-6623-4341-84FE-29C5C7D5DC91}.Debug|ARM64.ActiveCfg = Debug|Any CPU
		{B103CF81-6623-4341-84FE-29C5C7D5DC91}.Debug|ARM64.Build.0 = Debug|Any CPU
		{B103CF81-6623-4341-84FE-29C5C7D5DC91}.Debug|x64.ActiveCfg = Debug|Any CPU
		{B103CF81-6623-4341-84FE-29C5C7D5DC91}.Debug|x64.Build.0 = Debug|Any CPU
		{B103CF81-6623-4341-84FE-29C5C7D5DC91}.Release|Any CPU.ActiveCfg = Release|Any CPU
		{B103CF81-6623-4341-84FE-29C5C7D5DC91}.Release|Any CPU.Build.0 = Release|Any CPU
		{B103CF81-6623-4341-84FE-29C5C7D5DC91}.Release|ARM64.ActiveCfg = Release|Any CPU
		{B103CF81-6623-4341-84FE-29C5C7D5DC91}.Release|ARM64.Build.0 = Release|Any CPU
		{B103CF81-6623-4341-84FE-29C5C7D5DC91}.Release|x64.ActiveCfg = Release|Any CPU
		{B103CF81-6623-4341-84FE-29C5C7D5DC91}.Release|x64.Build.0 = Release|Any CPU
		{83932C1B-7E4D-40E9-AADF-492968EA010A}.Debug|Any CPU.ActiveCfg = Debug|Any CPU
		{83932C1B-7E4D-40E9-AADF-492968EA010A}.Debug|Any CPU.Build.0 = Debug|Any CPU
		{83932C1B-7E4D-40E9-AADF-492968EA010A}.Debug|ARM64.ActiveCfg = Debug|Any CPU
		{83932C1B-7E4D-40E9-AADF-492968EA010A}.Debug|ARM64.Build.0 = Debug|Any CPU
		{83932C1B-7E4D-40E9-AADF-492968EA010A}.Debug|x64.ActiveCfg = Debug|Any CPU
		{83932C1B-7E4D-40E9-AADF-492968EA010A}.Debug|x64.Build.0 = Debug|Any CPU
		{83932C1B-7E4D-40E9-AADF-492968EA010A}.Release|Any CPU.ActiveCfg = Release|Any CPU
		{83932C1B-7E4D-40E9-AADF-492968EA010A}.Release|Any CPU.Build.0 = Release|Any CPU
		{83932C1B-7E4D-40E9-AADF-492968EA010A}.Release|ARM64.ActiveCfg = Release|Any CPU
		{83932C1B-7E4D-40E9-AADF-492968EA010A}.Release|ARM64.Build.0 = Release|Any CPU
		{83932C1B-7E4D-40E9-AADF-492968EA010A}.Release|x64.ActiveCfg = Release|Any CPU
		{83932C1B-7E4D-40E9-AADF-492968EA010A}.Release|x64.Build.0 = Release|Any CPU
		{ECF64697-D7FA-42B6-924A-A13F0251875B}.Debug|Any CPU.ActiveCfg = Debug|Any CPU
		{ECF64697-D7FA-42B6-924A-A13F0251875B}.Debug|Any CPU.Build.0 = Debug|Any CPU
		{ECF64697-D7FA-42B6-924A-A13F0251875B}.Debug|ARM64.ActiveCfg = Debug|Any CPU
		{ECF64697-D7FA-42B6-924A-A13F0251875B}.Debug|ARM64.Build.0 = Debug|Any CPU
		{ECF64697-D7FA-42B6-924A-A13F0251875B}.Debug|x64.ActiveCfg = Debug|Any CPU
		{ECF64697-D7FA-42B6-924A-A13F0251875B}.Debug|x64.Build.0 = Debug|Any CPU
		{ECF64697-D7FA-42B6-924A-A13F0251875B}.Release|Any CPU.ActiveCfg = Release|Any CPU
		{ECF64697-D7FA-42B6-924A-A13F0251875B}.Release|Any CPU.Build.0 = Release|Any CPU
		{ECF64697-D7FA-42B6-924A-A13F0251875B}.Release|ARM64.ActiveCfg = Release|Any CPU
		{ECF64697-D7FA-42B6-924A-A13F0251875B}.Release|ARM64.Build.0 = Release|Any CPU
		{ECF64697-D7FA-42B6-924A-A13F0251875B}.Release|x64.ActiveCfg = Release|Any CPU
		{ECF64697-D7FA-42B6-924A-A13F0251875B}.Release|x64.Build.0 = Release|Any CPU
		{6A89392B-B032-4786-B33C-472320D77F75}.Debug|Any CPU.ActiveCfg = Debug|Any CPU
		{6A89392B-B032-4786-B33C-472320D77F75}.Debug|Any CPU.Build.0 = Debug|Any CPU
		{6A89392B-B032-4786-B33C-472320D77F75}.Debug|ARM64.ActiveCfg = Debug|Any CPU
		{6A89392B-B032-4786-B33C-472320D77F75}.Debug|ARM64.Build.0 = Debug|Any CPU
		{6A89392B-B032-4786-B33C-472320D77F75}.Debug|x64.ActiveCfg = Debug|Any CPU
		{6A89392B-B032-4786-B33C-472320D77F75}.Debug|x64.Build.0 = Debug|Any CPU
		{6A89392B-B032-4786-B33C-472320D77F75}.Release|Any CPU.ActiveCfg = Release|Any CPU
		{6A89392B-B032-4786-B33C-472320D77F75}.Release|Any CPU.Build.0 = Release|Any CPU
		{6A89392B-B032-4786-B33C-472320D77F75}.Release|ARM64.ActiveCfg = Release|Any CPU
		{6A89392B-B032-4786-B33C-472320D77F75}.Release|ARM64.Build.0 = Release|Any CPU
		{6A89392B-B032-4786-B33C-472320D77F75}.Release|x64.ActiveCfg = Release|Any CPU
		{6A89392B-B032-4786-B33C-472320D77F75}.Release|x64.Build.0 = Release|Any CPU
		{1F39BCF7-DE47-44B5-843A-DEC41600D49B}.Debug|Any CPU.ActiveCfg = Debug|Any CPU
		{1F39BCF7-DE47-44B5-843A-DEC41600D49B}.Debug|Any CPU.Build.0 = Debug|Any CPU
		{1F39BCF7-DE47-44B5-843A-DEC41600D49B}.Debug|ARM64.ActiveCfg = Debug|Any CPU
		{1F39BCF7-DE47-44B5-843A-DEC41600D49B}.Debug|ARM64.Build.0 = Debug|Any CPU
		{1F39BCF7-DE47-44B5-843A-DEC41600D49B}.Debug|x64.ActiveCfg = Debug|Any CPU
		{1F39BCF7-DE47-44B5-843A-DEC41600D49B}.Debug|x64.Build.0 = Debug|Any CPU
		{1F39BCF7-DE47-44B5-843A-DEC41600D49B}.Release|Any CPU.ActiveCfg = Release|Any CPU
		{1F39BCF7-DE47-44B5-843A-DEC41600D49B}.Release|Any CPU.Build.0 = Release|Any CPU
		{1F39BCF7-DE47-44B5-843A-DEC41600D49B}.Release|ARM64.ActiveCfg = Release|Any CPU
		{1F39BCF7-DE47-44B5-843A-DEC41600D49B}.Release|ARM64.Build.0 = Release|Any CPU
		{1F39BCF7-DE47-44B5-843A-DEC41600D49B}.Release|x64.ActiveCfg = Release|Any CPU
		{1F39BCF7-DE47-44B5-843A-DEC41600D49B}.Release|x64.Build.0 = Release|Any CPU
		{F2CF95F2-CF69-46AF-911D-6309E4EAD39B}.Debug|Any CPU.ActiveCfg = Debug|Any CPU
		{F2CF95F2-CF69-46AF-911D-6309E4EAD39B}.Debug|Any CPU.Build.0 = Debug|Any CPU
		{F2CF95F2-CF69-46AF-911D-6309E4EAD39B}.Debug|ARM64.ActiveCfg = Debug|Any CPU
		{F2CF95F2-CF69-46AF-911D-6309E4EAD39B}.Debug|ARM64.Build.0 = Debug|Any CPU
		{F2CF95F2-CF69-46AF-911D-6309E4EAD39B}.Debug|x64.ActiveCfg = Debug|Any CPU
		{F2CF95F2-CF69-46AF-911D-6309E4EAD39B}.Debug|x64.Build.0 = Debug|Any CPU
		{F2CF95F2-CF69-46AF-911D-6309E4EAD39B}.Release|Any CPU.ActiveCfg = Release|Any CPU
		{F2CF95F2-CF69-46AF-911D-6309E4EAD39B}.Release|Any CPU.Build.0 = Release|Any CPU
		{F2CF95F2-CF69-46AF-911D-6309E4EAD39B}.Release|ARM64.ActiveCfg = Release|Any CPU
		{F2CF95F2-CF69-46AF-911D-6309E4EAD39B}.Release|ARM64.Build.0 = Release|Any CPU
		{F2CF95F2-CF69-46AF-911D-6309E4EAD39B}.Release|x64.ActiveCfg = Release|Any CPU
		{F2CF95F2-CF69-46AF-911D-6309E4EAD39B}.Release|x64.Build.0 = Release|Any CPU
		{58963DC2-A9DD-49C0-8E3F-2A71D022E07B}.Debug|Any CPU.ActiveCfg = Debug|Any CPU
		{58963DC2-A9DD-49C0-8E3F-2A71D022E07B}.Debug|Any CPU.Build.0 = Debug|Any CPU
		{58963DC2-A9DD-49C0-8E3F-2A71D022E07B}.Debug|ARM64.ActiveCfg = Debug|Any CPU
		{58963DC2-A9DD-49C0-8E3F-2A71D022E07B}.Debug|ARM64.Build.0 = Debug|Any CPU
		{58963DC2-A9DD-49C0-8E3F-2A71D022E07B}.Debug|x64.ActiveCfg = Debug|Any CPU
		{58963DC2-A9DD-49C0-8E3F-2A71D022E07B}.Debug|x64.Build.0 = Debug|Any CPU
		{58963DC2-A9DD-49C0-8E3F-2A71D022E07B}.Release|Any CPU.ActiveCfg = Release|Any CPU
		{58963DC2-A9DD-49C0-8E3F-2A71D022E07B}.Release|Any CPU.Build.0 = Release|Any CPU
		{58963DC2-A9DD-49C0-8E3F-2A71D022E07B}.Release|ARM64.ActiveCfg = Release|Any CPU
		{58963DC2-A9DD-49C0-8E3F-2A71D022E07B}.Release|ARM64.Build.0 = Release|Any CPU
		{58963DC2-A9DD-49C0-8E3F-2A71D022E07B}.Release|x64.ActiveCfg = Release|Any CPU
		{58963DC2-A9DD-49C0-8E3F-2A71D022E07B}.Release|x64.Build.0 = Release|Any CPU
		{A814C327-4BCE-43A5-A5C8-4DFD7066C357}.Debug|Any CPU.ActiveCfg = Debug|Any CPU
		{A814C327-4BCE-43A5-A5C8-4DFD7066C357}.Debug|Any CPU.Build.0 = Debug|Any CPU
		{A814C327-4BCE-43A5-A5C8-4DFD7066C357}.Debug|ARM64.ActiveCfg = Debug|Any CPU
		{A814C327-4BCE-43A5-A5C8-4DFD7066C357}.Debug|ARM64.Build.0 = Debug|Any CPU
		{A814C327-4BCE-43A5-A5C8-4DFD7066C357}.Debug|x64.ActiveCfg = Debug|Any CPU
		{A814C327-4BCE-43A5-A5C8-4DFD7066C357}.Debug|x64.Build.0 = Debug|Any CPU
		{A814C327-4BCE-43A5-A5C8-4DFD7066C357}.Release|Any CPU.ActiveCfg = Release|Any CPU
		{A814C327-4BCE-43A5-A5C8-4DFD7066C357}.Release|Any CPU.Build.0 = Release|Any CPU
		{A814C327-4BCE-43A5-A5C8-4DFD7066C357}.Release|ARM64.ActiveCfg = Release|Any CPU
		{A814C327-4BCE-43A5-A5C8-4DFD7066C357}.Release|ARM64.Build.0 = Release|Any CPU
		{A814C327-4BCE-43A5-A5C8-4DFD7066C357}.Release|x64.ActiveCfg = Release|Any CPU
		{A814C327-4BCE-43A5-A5C8-4DFD7066C357}.Release|x64.Build.0 = Release|Any CPU
		{94DBAD0F-EFAF-4B89-BBE1-AEA36ECE4C48}.Debug|Any CPU.ActiveCfg = Debug|Any CPU
		{94DBAD0F-EFAF-4B89-BBE1-AEA36ECE4C48}.Debug|Any CPU.Build.0 = Debug|Any CPU
		{94DBAD0F-EFAF-4B89-BBE1-AEA36ECE4C48}.Debug|ARM64.ActiveCfg = Debug|Any CPU
		{94DBAD0F-EFAF-4B89-BBE1-AEA36ECE4C48}.Debug|ARM64.Build.0 = Debug|Any CPU
		{94DBAD0F-EFAF-4B89-BBE1-AEA36ECE4C48}.Debug|x64.ActiveCfg = Debug|Any CPU
		{94DBAD0F-EFAF-4B89-BBE1-AEA36ECE4C48}.Debug|x64.Build.0 = Debug|Any CPU
		{94DBAD0F-EFAF-4B89-BBE1-AEA36ECE4C48}.Release|Any CPU.ActiveCfg = Release|Any CPU
		{94DBAD0F-EFAF-4B89-BBE1-AEA36ECE4C48}.Release|Any CPU.Build.0 = Release|Any CPU
		{94DBAD0F-EFAF-4B89-BBE1-AEA36ECE4C48}.Release|ARM64.ActiveCfg = Release|Any CPU
		{94DBAD0F-EFAF-4B89-BBE1-AEA36ECE4C48}.Release|ARM64.Build.0 = Release|Any CPU
		{94DBAD0F-EFAF-4B89-BBE1-AEA36ECE4C48}.Release|x64.ActiveCfg = Release|Any CPU
		{94DBAD0F-EFAF-4B89-BBE1-AEA36ECE4C48}.Release|x64.Build.0 = Release|Any CPU
		{502C5C9D-DB08-45A5-A556-B60FA84DF04C}.Debug|Any CPU.ActiveCfg = Debug|Any CPU
		{502C5C9D-DB08-45A5-A556-B60FA84DF04C}.Debug|Any CPU.Build.0 = Debug|Any CPU
		{502C5C9D-DB08-45A5-A556-B60FA84DF04C}.Debug|ARM64.ActiveCfg = Debug|Any CPU
		{502C5C9D-DB08-45A5-A556-B60FA84DF04C}.Debug|ARM64.Build.0 = Debug|Any CPU
		{502C5C9D-DB08-45A5-A556-B60FA84DF04C}.Debug|x64.ActiveCfg = Debug|Any CPU
		{502C5C9D-DB08-45A5-A556-B60FA84DF04C}.Debug|x64.Build.0 = Debug|Any CPU
		{502C5C9D-DB08-45A5-A556-B60FA84DF04C}.Release|Any CPU.ActiveCfg = Release|Any CPU
		{502C5C9D-DB08-45A5-A556-B60FA84DF04C}.Release|Any CPU.Build.0 = Release|Any CPU
		{502C5C9D-DB08-45A5-A556-B60FA84DF04C}.Release|ARM64.ActiveCfg = Release|Any CPU
		{502C5C9D-DB08-45A5-A556-B60FA84DF04C}.Release|ARM64.Build.0 = Release|Any CPU
		{502C5C9D-DB08-45A5-A556-B60FA84DF04C}.Release|x64.ActiveCfg = Release|Any CPU
		{502C5C9D-DB08-45A5-A556-B60FA84DF04C}.Release|x64.Build.0 = Release|Any CPU
		{1A4F3D61-BE2D-444B-AE81-E6E54439A98F}.Debug|Any CPU.ActiveCfg = Debug|Any CPU
		{1A4F3D61-BE2D-444B-AE81-E6E54439A98F}.Debug|Any CPU.Build.0 = Debug|Any CPU
		{1A4F3D61-BE2D-444B-AE81-E6E54439A98F}.Debug|ARM64.ActiveCfg = Debug|Any CPU
		{1A4F3D61-BE2D-444B-AE81-E6E54439A98F}.Debug|ARM64.Build.0 = Debug|Any CPU
		{1A4F3D61-BE2D-444B-AE81-E6E54439A98F}.Debug|x64.ActiveCfg = Debug|Any CPU
		{1A4F3D61-BE2D-444B-AE81-E6E54439A98F}.Debug|x64.Build.0 = Debug|Any CPU
		{1A4F3D61-BE2D-444B-AE81-E6E54439A98F}.Release|Any CPU.ActiveCfg = Release|Any CPU
		{1A4F3D61-BE2D-444B-AE81-E6E54439A98F}.Release|Any CPU.Build.0 = Release|Any CPU
		{1A4F3D61-BE2D-444B-AE81-E6E54439A98F}.Release|ARM64.ActiveCfg = Release|Any CPU
		{1A4F3D61-BE2D-444B-AE81-E6E54439A98F}.Release|ARM64.Build.0 = Release|Any CPU
		{1A4F3D61-BE2D-444B-AE81-E6E54439A98F}.Release|x64.ActiveCfg = Release|Any CPU
		{1A4F3D61-BE2D-444B-AE81-E6E54439A98F}.Release|x64.Build.0 = Release|Any CPU
	EndGlobalSection
	GlobalSection(SolutionProperties) = preSolution
		HideSolutionNode = FALSE
	EndGlobalSection
	GlobalSection(NestedProjects) = preSolution
		{DED711C6-8284-4F2D-9FDC-CE30C1392AE8} = {A05416AD-B7A9-429B-BCAF-F1900B481601}
		{CA7240B7-E5C7-45E7-B0BE-7731088C5162} = {A05416AD-B7A9-429B-BCAF-F1900B481601}
		{FE0516C5-9D9D-4441-B830-BC3C05346EAE} = {D5820E2A-F9B9-4931-A2A1-43168F7A66D1}
		{EDC01584-A14A-4015-ABFC-DAFE9538760A} = {89629DFB-B778-4A4F-A27B-EE431112FF53}
		{D0704798-9850-4EAB-AF5D-C914F70F2690} = {89629DFB-B778-4A4F-A27B-EE431112FF53}
		{03FC41BA-41CC-4D4A-A34C-DDD989544E93} = {89629DFB-B778-4A4F-A27B-EE431112FF53}
		{F15D54CB-F573-4443-AFEF-4CE16E77F0FA} = {89629DFB-B778-4A4F-A27B-EE431112FF53}
		{FB473009-EE0C-44B4-A957-FC4C72E0980F} = {89629DFB-B778-4A4F-A27B-EE431112FF53}
		{4FEB89EE-0C8B-420E-9A2F-B41A1A655BC6} = {DEEA4E68-42DC-49E0-85D1-6380E4714DE3}
		{C6BE1AD2-26E4-4E9A-9044-493A5256F8A6} = {DEEA4E68-42DC-49E0-85D1-6380E4714DE3}
		{9DC9A68B-8CF6-41D2-9697-6814625F919D} = {AAE7792A-9F1C-48F9-8F65-FD4EE92BE9F4}
		{58D7999A-EFA5-490F-BA9C-BE70EF62E362} = {AAE7792A-9F1C-48F9-8F65-FD4EE92BE9F4}
		{C8AEDDF2-50F2-4B35-B0EC-162EFC76F913} = {AAE7792A-9F1C-48F9-8F65-FD4EE92BE9F4}
		{D7CACAB5-F056-455E-AC27-C78189B93AE8} = {AAE7792A-9F1C-48F9-8F65-FD4EE92BE9F4}
		{F25A4F91-BB1E-4356-99BC-5584501BFA0A} = {AAE7792A-9F1C-48F9-8F65-FD4EE92BE9F4}
		{69EAD71D-B01F-45B5-94B3-04689DBD89DF} = {AAE7792A-9F1C-48F9-8F65-FD4EE92BE9F4}
		{B103CF81-6623-4341-84FE-29C5C7D5DC91} = {AAE7792A-9F1C-48F9-8F65-FD4EE92BE9F4}
		{83932C1B-7E4D-40E9-AADF-492968EA010A} = {AAE7792A-9F1C-48F9-8F65-FD4EE92BE9F4}
		{ECF64697-D7FA-42B6-924A-A13F0251875B} = {B8B7A4ED-082F-49CE-9D2A-C7832899EFB4}
		{6A89392B-B032-4786-B33C-472320D77F75} = {89629DFB-B778-4A4F-A27B-EE431112FF53}
		{1F39BCF7-DE47-44B5-843A-DEC41600D49B} = {89629DFB-B778-4A4F-A27B-EE431112FF53}
		{F2CF95F2-CF69-46AF-911D-6309E4EAD39B} = {AAE7792A-9F1C-48F9-8F65-FD4EE92BE9F4}
		{58963DC2-A9DD-49C0-8E3F-2A71D022E07B} = {89629DFB-B778-4A4F-A27B-EE431112FF53}
		{A814C327-4BCE-43A5-A5C8-4DFD7066C357} = {DEEA4E68-42DC-49E0-85D1-6380E4714DE3}
		{94DBAD0F-EFAF-4B89-BBE1-AEA36ECE4C48} = {DEEA4E68-42DC-49E0-85D1-6380E4714DE3}
		{502C5C9D-DB08-45A5-A556-B60FA84DF04C} = {89629DFB-B778-4A4F-A27B-EE431112FF53}
		{1A4F3D61-BE2D-444B-AE81-E6E54439A98F} = {89629DFB-B778-4A4F-A27B-EE431112FF53}
	EndGlobalSection
	GlobalSection(ExtensibilityGlobals) = postSolution
		SolutionGuid = {6842E309-B06A-41DD-8D19-99A619249C0B}
	EndGlobalSection
EndGlobal
