
Microsoft Visual Studio Solution File, Format Version 12.00
# Visual Studio Version 17
VisualStudioVersion = 17.4.33110.190
MinimumVisualStudioVersion = 10.0.40219.1
Project("{2150E333-8FDC-42A3-9474-1A3956D46DE8}") = "60.Application", "60.Application", "{F3437D32-7C5A-4F46-B71D-112261EB902E}"
EndProject
Project("{2150E333-8FDC-42A3-9474-1A3956D46DE8}") = "10.Infrastructure", "10.Infrastructure", "{048A1402-3EFA-4CD9-B550-0B9C39D894DC}"
EndProject
Project("{2150E333-8FDC-42A3-9474-1A3956D46DE8}") = "20.Common", "20.Common", "{03077EE3-A564-45E0-AB95-5D29426DAFF0}"
EndProject
Project("{2150E333-8FDC-42A3-9474-1A3956D46DE8}") = "50.ApplicationService", "50.ApplicationService", "{867C4F9E-6D9A-4FBB-96C1-76398B029B36}"
EndProject
Project("{9A19103F-16F7-4668-BE54-9A1E7A4F7556}") = "NV.CT.Examination.ApplicationService.Contract", "..\Examination\ApplicationService.Contract\NV.CT.Examination.ApplicationService.Contract.csproj", "{C3C823E5-99D2-4032-ACDF-08F796DE5386}"
EndProject
Project("{9A19103F-16F7-4668-BE54-9A1E7A4F7556}") = "NV.CT.Examination.ApplicationService.Impl", "..\Examination\ApplicationService.Impl\NV.CT.Examination.ApplicationService.Impl.csproj", "{AB27EA4C-0065-435D-868F-DEFADA1B08F1}"
EndProject
Project("{2150E333-8FDC-42A3-9474-1A3956D46DE8}") = "41.SystemService", "41.SystemService", "{2F09DCDF-4B4D-4920-AFC6-84C7271DAA42}"
EndProject
Project("{2150E333-8FDC-42A3-9474-1A3956D46DE8}") = "31.SystemInterface", "31.SystemInterface", "{B74F7DA0-53D5-4E58-8902-7459AA6AC3CC}"
EndProject
Project("{9A19103F-16F7-4668-BE54-9A1E7A4F7556}") = "NV.CT.SmartPositioning.Contract", "..\Examination\SmartPositioning.Contract\NV.CT.SmartPositioning.Contract.csproj", "{32EF471B-F27E-4BBA-B10C-8891ABD1A967}"
EndProject
Project("{9A19103F-16F7-4668-BE54-9A1E7A4F7556}") = "NV.CT.Recon", "App\NV.CT.Recon.csproj", "{9A23D6AE-234E-4B7E-93CD-C6BB63FAE993}"
EndProject
Project("{9A19103F-16F7-4668-BE54-9A1E7A4F7556}") = "NV.CT.UI.Exam", "..\Examination\UI.Exam\NV.CT.UI.Exam.csproj", "{D485BFA5-7DCE-45A1-98BB-B31F02D8DEE7}"
EndProject
Project("{9A19103F-16F7-4668-BE54-9A1E7A4F7556}") = "NV.CT.Recon.ApplicationService.Impl", "ApplicationService.Impl\NV.CT.Recon.ApplicationService.Impl.csproj", "{FEB2A451-C1BF-484F-A506-6F14C2761222}"
EndProject
Project("{9A19103F-16F7-4668-BE54-9A1E7A4F7556}") = "NV.CT.AppService.Contract", "..\..\SystemService\AppService.Contract\NV.CT.AppService.Contract.csproj", "{2706E0CA-B969-4153-A99D-AE555A7872EB}"
EndProject
Project("{9A19103F-16F7-4668-BE54-9A1E7A4F7556}") = "NV.CT.ClientProxy", "..\..\SystemService\ClientProxy\NV.CT.ClientProxy.csproj", "{1E97FDF3-65AE-40F1-839C-592AF5B732DF}"
EndProject
Project("{9A19103F-16F7-4668-BE54-9A1E7A4F7556}") = "NV.CT.ConfigService.Contract", "..\..\SystemService\ConfigService.Contract\NV.CT.ConfigService.Contract.csproj", "{77421930-EAB8-488E-93F2-2CDB8243DDD8}"
EndProject
Project("{9A19103F-16F7-4668-BE54-9A1E7A4F7556}") = "NV.CT.DatabaseService.Contract", "..\..\SystemService\DatabaseService.Contract\NV.CT.DatabaseService.Contract.csproj", "{125DCD88-7C18-4FBF-9B23-63F1E399D732}"
EndProject
Project("{9A19103F-16F7-4668-BE54-9A1E7A4F7556}") = "NV.CT.JobService.Contract", "..\..\SystemService\JobService.Contract\NV.CT.JobService.Contract.csproj", "{D4BC0B64-0C5C-40DF-A6E2-D47654AB9EDA}"
EndProject
Project("{9A19103F-16F7-4668-BE54-9A1E7A4F7556}") = "NV.CT.ProtocolService.Contract", "..\..\SystemService\ProtocolService.Contract\NV.CT.ProtocolService.Contract.csproj", "{16DEBD7E-D147-4FB1-A0F6-F3213761D27A}"
EndProject
Project("{9A19103F-16F7-4668-BE54-9A1E7A4F7556}") = "NV.CT.SyncService.Contract", "..\..\SystemService\SyncService.Contract\NV.CT.SyncService.Contract.csproj", "{645C5978-4540-4F10-914D-7BE3B9C4895D}"
EndProject
Project("{9A19103F-16F7-4668-BE54-9A1E7A4F7556}") = "NV.CT.WorkflowService.Contract", "..\..\SystemService\WorkflowService.Contract\NV.CT.WorkflowService.Contract.csproj", "{5B863203-A30A-4FF3-ACD3-6343817941EF}"
EndProject
Project("{9A19103F-16F7-4668-BE54-9A1E7A4F7556}") = "NV.CT.Logging", "..\..\Infrastructure\Logging\NV.CT.Logging.csproj", "{9B5A0838-E0FB-42F1-BAC9-D5F8DC3AFA27}"
EndProject
Project("{9A19103F-16F7-4668-BE54-9A1E7A4F7556}") = "NV.CT.CTS", "..\..\Common\CTS\NV.CT.CTS.csproj", "{CA4C8584-382F-44F7-8476-72445EDCD2CD}"
EndProject
Project("{9A19103F-16F7-4668-BE54-9A1E7A4F7556}") = "NV.CT.DicomUtility", "..\..\Common\DicomUtility\NV.CT.DicomUtility.csproj", "{442B0F7D-96DA-47C4-9C4D-4DF11A6FD1EB}"
EndProject
Project("{9A19103F-16F7-4668-BE54-9A1E7A4F7556}") = "NV.CT.Protocol", "..\..\Common\Protocol\NV.CT.Protocol.csproj", "{A902F7B2-F54D-44C2-8E50-450AC0A231E2}"
EndProject
Project("{9A19103F-16F7-4668-BE54-9A1E7A4F7556}") = "NV.CT.UI.Controls", "..\..\Common\UI.Controls\NV.CT.UI.Controls.csproj", "{46AC337F-8CB5-4E49-9DEE-EDD72A47418E}"
EndProject
Project("{9A19103F-16F7-4668-BE54-9A1E7A4F7556}") = "NV.CT.UI.ViewModel", "..\..\Common\ViewModel\NV.CT.UI.ViewModel.csproj", "{528B25BE-A9ED-41DC-8733-3C4A3E00A7E2}"
EndProject
Project("{9A19103F-16F7-4668-BE54-9A1E7A4F7556}") = "NV.CT.WorkingBoxThread", "..\..\Common\WorkingBoxThread\NV.CT.WorkingBoxThread.csproj", "{5DCD50D1-E12D-425B-AB4F-06FD3F8DD52A}"
EndProject
Project("{9A19103F-16F7-4668-BE54-9A1E7A4F7556}") = "NV.CT.SystemInterface.MCSRuntime.Contract", "..\..\SystemInterface\MCSRuntime.Contract\NV.CT.SystemInterface.MCSRuntime.Contract.csproj", "{CB6482C5-8932-4A5E-B102-7DFA54996359}"
EndProject
Project("{9A19103F-16F7-4668-BE54-9A1E7A4F7556}") = "NV.CT.SystemInterface.MCSRuntime.Impl", "..\..\SystemInterface\MCSRuntime.Impl\NV.CT.SystemInterface.MCSRuntime.Impl.csproj", "{0EE115ED-27F9-420D-9EB7-8F5C6F126B42}"
EndProject
Project("{9A19103F-16F7-4668-BE54-9A1E7A4F7556}") = "NV.CT.SystemInterface.MRSIntegration.Contract", "..\..\SystemInterface\MRSIntegration.Contract\NV.CT.SystemInterface.MRSIntegration.Contract.csproj", "{AF33229D-B85C-4243-BF5A-CCC71E91F818}"
EndProject
Project("{9A19103F-16F7-4668-BE54-9A1E7A4F7556}") = "NV.CT.SystemInterface.MRSIntegration.Impl", "..\..\SystemInterface\MRSIntegration.Impl\NV.CT.SystemInterface.MRSIntegration.Impl.csproj", "{7F3E8549-DB60-4A05-87F4-86E69F35C205}"
EndProject
Project("{9A19103F-16F7-4668-BE54-9A1E7A4F7556}") = "NV.CT.DicomImageViewer", "..\..\Common\DicomImageViewer\NV.CT.DicomImageViewer.csproj", "{6CFEA9AC-B036-4870-9096-E7D5AAE93389}"
EndProject
Project("{9A19103F-16F7-4668-BE54-9A1E7A4F7556}") = "NV.CT.CommonAttribute", "..\..\Common\CommonAttribute\NV.CT.CommonAttribute.csproj", "{2B9CC324-41B8-4384-BA4B-FDEC91A99BDC}"
EndProject
Project("{9A19103F-16F7-4668-BE54-9A1E7A4F7556}") = "NV.CT.MessageService.Contract", "..\..\SystemService\MessageService.Contract\NV.CT.MessageService.Contract.csproj", "{34D5A332-36CA-4B52-A891-64DAEA538463}"
EndProject
Project("{9A19103F-16F7-4668-BE54-9A1E7A4F7556}") = "NV.CT.CommonAttributeUI", "..\..\Common\CommonAttributeUI\NV.CT.CommonAttributeUI.csproj", "{9952FA02-10ED-4F90-893E-D1E36EBCD4D0}"
EndProject
Project("{9A19103F-16F7-4668-BE54-9A1E7A4F7556}") = "NV.CT.Models", "..\..\Common\Models\NV.CT.Models.csproj", "{2984822B-0CDB-4C2B-AFE0-7A257E90CDC4}"
EndProject
Project("{9A19103F-16F7-4668-BE54-9A1E7A4F7556}") = "NV.CT.ErrorCodes", "..\..\Skin\ErrorCodes\NV.CT.ErrorCodes.csproj", "{D0CA2709-D3CD-4A82-8211-2C4A25FA20FF}"
EndProject
Project("{9A19103F-16F7-4668-BE54-9A1E7A4F7556}") = "NV.CT.Alg.ScanReconValidation", "..\..\Alg\ScanReconValidation\NV.CT.Alg.ScanReconValidation.csproj", "{626D3527-B5E6-4637-AF38-0806C557C5D5}"
EndProject
Project("{FAE04EC0-301F-11D3-BF4B-00C04F79EFBC}") = "NV.CT.DicomUtilityWin", "..\..\Common\DicomUtilityWin\NV.CT.DicomUtilityWin.csproj", "{18FD1676-7DBA-42FB-9D42-C6A379EECDBE}"
EndProject
Global
	GlobalSection(SolutionConfigurationPlatforms) = preSolution
		Debug|Any CPU = Debug|Any CPU
		Debug|ARM64 = Debug|ARM64
		Debug|x64 = Debug|x64
		Release|Any CPU = Release|Any CPU
		Release|ARM64 = Release|ARM64
		Release|x64 = Release|x64
	EndGlobalSection
	GlobalSection(ProjectConfigurationPlatforms) = postSolution
		{C3C823E5-99D2-4032-ACDF-08F796DE5386}.Debug|Any CPU.ActiveCfg = Debug|Any CPU
		{C3C823E5-99D2-4032-ACDF-08F796DE5386}.Debug|Any CPU.Build.0 = Debug|Any CPU
		{C3C823E5-99D2-4032-ACDF-08F796DE5386}.Debug|ARM64.ActiveCfg = Debug|Any CPU
		{C3C823E5-99D2-4032-ACDF-08F796DE5386}.Debug|ARM64.Build.0 = Debug|Any CPU
		{C3C823E5-99D2-4032-ACDF-08F796DE5386}.Debug|x64.ActiveCfg = Debug|Any CPU
		{C3C823E5-99D2-4032-ACDF-08F796DE5386}.Debug|x64.Build.0 = Debug|Any CPU
		{C3C823E5-99D2-4032-ACDF-08F796DE5386}.Release|Any CPU.ActiveCfg = Release|Any CPU
		{C3C823E5-99D2-4032-ACDF-08F796DE5386}.Release|Any CPU.Build.0 = Release|Any CPU
		{C3C823E5-99D2-4032-ACDF-08F796DE5386}.Release|ARM64.ActiveCfg = Release|Any CPU
		{C3C823E5-99D2-4032-ACDF-08F796DE5386}.Release|ARM64.Build.0 = Release|Any CPU
		{C3C823E5-99D2-4032-ACDF-08F796DE5386}.Release|x64.ActiveCfg = Release|Any CPU
		{C3C823E5-99D2-4032-ACDF-08F796DE5386}.Release|x64.Build.0 = Release|Any CPU
		{AB27EA4C-0065-435D-868F-DEFADA1B08F1}.Debug|Any CPU.ActiveCfg = Debug|Any CPU
		{AB27EA4C-0065-435D-868F-DEFADA1B08F1}.Debug|Any CPU.Build.0 = Debug|Any CPU
		{AB27EA4C-0065-435D-868F-DEFADA1B08F1}.Debug|ARM64.ActiveCfg = Debug|Any CPU
		{AB27EA4C-0065-435D-868F-DEFADA1B08F1}.Debug|ARM64.Build.0 = Debug|Any CPU
		{AB27EA4C-0065-435D-868F-DEFADA1B08F1}.Debug|x64.ActiveCfg = Debug|Any CPU
		{AB27EA4C-0065-435D-868F-DEFADA1B08F1}.Debug|x64.Build.0 = Debug|Any CPU
		{AB27EA4C-0065-435D-868F-DEFADA1B08F1}.Release|Any CPU.ActiveCfg = Release|Any CPU
		{AB27EA4C-0065-435D-868F-DEFADA1B08F1}.Release|Any CPU.Build.0 = Release|Any CPU
		{AB27EA4C-0065-435D-868F-DEFADA1B08F1}.Release|ARM64.ActiveCfg = Release|Any CPU
		{AB27EA4C-0065-435D-868F-DEFADA1B08F1}.Release|ARM64.Build.0 = Release|Any CPU
		{AB27EA4C-0065-435D-868F-DEFADA1B08F1}.Release|x64.ActiveCfg = Release|Any CPU
		{AB27EA4C-0065-435D-868F-DEFADA1B08F1}.Release|x64.Build.0 = Release|Any CPU
		{32EF471B-F27E-4BBA-B10C-8891ABD1A967}.Debug|Any CPU.ActiveCfg = Debug|Any CPU
		{32EF471B-F27E-4BBA-B10C-8891ABD1A967}.Debug|Any CPU.Build.0 = Debug|Any CPU
		{32EF471B-F27E-4BBA-B10C-8891ABD1A967}.Debug|ARM64.ActiveCfg = Debug|Any CPU
		{32EF471B-F27E-4BBA-B10C-8891ABD1A967}.Debug|ARM64.Build.0 = Debug|Any CPU
		{32EF471B-F27E-4BBA-B10C-8891ABD1A967}.Debug|x64.ActiveCfg = Debug|Any CPU
		{32EF471B-F27E-4BBA-B10C-8891ABD1A967}.Debug|x64.Build.0 = Debug|Any CPU
		{32EF471B-F27E-4BBA-B10C-8891ABD1A967}.Release|Any CPU.ActiveCfg = Release|Any CPU
		{32EF471B-F27E-4BBA-B10C-8891ABD1A967}.Release|Any CPU.Build.0 = Release|Any CPU
		{32EF471B-F27E-4BBA-B10C-8891ABD1A967}.Release|ARM64.ActiveCfg = Release|Any CPU
		{32EF471B-F27E-4BBA-B10C-8891ABD1A967}.Release|ARM64.Build.0 = Release|Any CPU
		{32EF471B-F27E-4BBA-B10C-8891ABD1A967}.Release|x64.ActiveCfg = Release|Any CPU
		{32EF471B-F27E-4BBA-B10C-8891ABD1A967}.Release|x64.Build.0 = Release|Any CPU
		{9A23D6AE-234E-4B7E-93CD-C6BB63FAE993}.Debug|Any CPU.ActiveCfg = Debug|Any CPU
		{9A23D6AE-234E-4B7E-93CD-C6BB63FAE993}.Debug|Any CPU.Build.0 = Debug|Any CPU
		{9A23D6AE-234E-4B7E-93CD-C6BB63FAE993}.Debug|ARM64.ActiveCfg = Debug|Any CPU
		{9A23D6AE-234E-4B7E-93CD-C6BB63FAE993}.Debug|ARM64.Build.0 = Debug|Any CPU
		{9A23D6AE-234E-4B7E-93CD-C6BB63FAE993}.Debug|x64.ActiveCfg = Debug|x64
		{9A23D6AE-234E-4B7E-93CD-C6BB63FAE993}.Debug|x64.Build.0 = Debug|x64
		{9A23D6AE-234E-4B7E-93CD-C6BB63FAE993}.Release|Any CPU.ActiveCfg = Release|Any CPU
		{9A23D6AE-234E-4B7E-93CD-C6BB63FAE993}.Release|Any CPU.Build.0 = Release|Any CPU
		{9A23D6AE-234E-4B7E-93CD-C6BB63FAE993}.Release|ARM64.ActiveCfg = Release|Any CPU
		{9A23D6AE-234E-4B7E-93CD-C6BB63FAE993}.Release|ARM64.Build.0 = Release|Any CPU
		{9A23D6AE-234E-4B7E-93CD-C6BB63FAE993}.Release|x64.ActiveCfg = Release|x64
		{9A23D6AE-234E-4B7E-93CD-C6BB63FAE993}.Release|x64.Build.0 = Release|x64
		{D485BFA5-7DCE-45A1-98BB-B31F02D8DEE7}.Debug|Any CPU.ActiveCfg = Debug|Any CPU
		{D485BFA5-7DCE-45A1-98BB-B31F02D8DEE7}.Debug|Any CPU.Build.0 = Debug|Any CPU
		{D485BFA5-7DCE-45A1-98BB-B31F02D8DEE7}.Debug|ARM64.ActiveCfg = Debug|Any CPU
		{D485BFA5-7DCE-45A1-98BB-B31F02D8DEE7}.Debug|ARM64.Build.0 = Debug|Any CPU
		{D485BFA5-7DCE-45A1-98BB-B31F02D8DEE7}.Debug|x64.ActiveCfg = Debug|x64
		{D485BFA5-7DCE-45A1-98BB-B31F02D8DEE7}.Debug|x64.Build.0 = Debug|x64
		{D485BFA5-7DCE-45A1-98BB-B31F02D8DEE7}.Release|Any CPU.ActiveCfg = Release|Any CPU
		{D485BFA5-7DCE-45A1-98BB-B31F02D8DEE7}.Release|Any CPU.Build.0 = Release|Any CPU
		{D485BFA5-7DCE-45A1-98BB-B31F02D8DEE7}.Release|ARM64.ActiveCfg = Release|Any CPU
		{D485BFA5-7DCE-45A1-98BB-B31F02D8DEE7}.Release|ARM64.Build.0 = Release|Any CPU
		{D485BFA5-7DCE-45A1-98BB-B31F02D8DEE7}.Release|x64.ActiveCfg = Release|x64
		{D485BFA5-7DCE-45A1-98BB-B31F02D8DEE7}.Release|x64.Build.0 = Release|x64
		{FEB2A451-C1BF-484F-A506-6F14C2761222}.Debug|Any CPU.ActiveCfg = Debug|Any CPU
		{FEB2A451-C1BF-484F-A506-6F14C2761222}.Debug|Any CPU.Build.0 = Debug|Any CPU
		{FEB2A451-C1BF-484F-A506-6F14C2761222}.Debug|ARM64.ActiveCfg = Debug|Any CPU
		{FEB2A451-C1BF-484F-A506-6F14C2761222}.Debug|ARM64.Build.0 = Debug|Any CPU
		{FEB2A451-C1BF-484F-A506-6F14C2761222}.Debug|x64.ActiveCfg = Debug|Any CPU
		{FEB2A451-C1BF-484F-A506-6F14C2761222}.Debug|x64.Build.0 = Debug|Any CPU
		{FEB2A451-C1BF-484F-A506-6F14C2761222}.Release|Any CPU.ActiveCfg = Release|Any CPU
		{FEB2A451-C1BF-484F-A506-6F14C2761222}.Release|Any CPU.Build.0 = Release|Any CPU
		{FEB2A451-C1BF-484F-A506-6F14C2761222}.Release|ARM64.ActiveCfg = Release|Any CPU
		{FEB2A451-C1BF-484F-A506-6F14C2761222}.Release|ARM64.Build.0 = Release|Any CPU
		{FEB2A451-C1BF-484F-A506-6F14C2761222}.Release|x64.ActiveCfg = Release|Any CPU
		{FEB2A451-C1BF-484F-A506-6F14C2761222}.Release|x64.Build.0 = Release|Any CPU
		{2706E0CA-B969-4153-A99D-AE555A7872EB}.Debug|Any CPU.ActiveCfg = Debug|Any CPU
		{2706E0CA-B969-4153-A99D-AE555A7872EB}.Debug|Any CPU.Build.0 = Debug|Any CPU
		{2706E0CA-B969-4153-A99D-AE555A7872EB}.Debug|ARM64.ActiveCfg = Debug|Any CPU
		{2706E0CA-B969-4153-A99D-AE555A7872EB}.Debug|ARM64.Build.0 = Debug|Any CPU
		{2706E0CA-B969-4153-A99D-AE555A7872EB}.Debug|x64.ActiveCfg = Debug|Any CPU
		{2706E0CA-B969-4153-A99D-AE555A7872EB}.Debug|x64.Build.0 = Debug|Any CPU
		{2706E0CA-B969-4153-A99D-AE555A7872EB}.Release|Any CPU.ActiveCfg = Release|Any CPU
		{2706E0CA-B969-4153-A99D-AE555A7872EB}.Release|Any CPU.Build.0 = Release|Any CPU
		{2706E0CA-B969-4153-A99D-AE555A7872EB}.Release|ARM64.ActiveCfg = Release|Any CPU
		{2706E0CA-B969-4153-A99D-AE555A7872EB}.Release|ARM64.Build.0 = Release|Any CPU
		{2706E0CA-B969-4153-A99D-AE555A7872EB}.Release|x64.ActiveCfg = Release|Any CPU
		{2706E0CA-B969-4153-A99D-AE555A7872EB}.Release|x64.Build.0 = Release|Any CPU
		{1E97FDF3-65AE-40F1-839C-592AF5B732DF}.Debug|Any CPU.ActiveCfg = Debug|Any CPU
		{1E97FDF3-65AE-40F1-839C-592AF5B732DF}.Debug|Any CPU.Build.0 = Debug|Any CPU
		{1E97FDF3-65AE-40F1-839C-592AF5B732DF}.Debug|ARM64.ActiveCfg = Debug|Any CPU
		{1E97FDF3-65AE-40F1-839C-592AF5B732DF}.Debug|ARM64.Build.0 = Debug|Any CPU
		{1E97FDF3-65AE-40F1-839C-592AF5B732DF}.Debug|x64.ActiveCfg = Debug|Any CPU
		{1E97FDF3-65AE-40F1-839C-592AF5B732DF}.Debug|x64.Build.0 = Debug|Any CPU
		{1E97FDF3-65AE-40F1-839C-592AF5B732DF}.Release|Any CPU.ActiveCfg = Release|Any CPU
		{1E97FDF3-65AE-40F1-839C-592AF5B732DF}.Release|Any CPU.Build.0 = Release|Any CPU
		{1E97FDF3-65AE-40F1-839C-592AF5B732DF}.Release|ARM64.ActiveCfg = Release|Any CPU
		{1E97FDF3-65AE-40F1-839C-592AF5B732DF}.Release|ARM64.Build.0 = Release|Any CPU
		{1E97FDF3-65AE-40F1-839C-592AF5B732DF}.Release|x64.ActiveCfg = Release|Any CPU
		{1E97FDF3-65AE-40F1-839C-592AF5B732DF}.Release|x64.Build.0 = Release|Any CPU
		{77421930-EAB8-488E-93F2-2CDB8243DDD8}.Debug|Any CPU.ActiveCfg = Debug|Any CPU
		{77421930-EAB8-488E-93F2-2CDB8243DDD8}.Debug|Any CPU.Build.0 = Debug|Any CPU
		{77421930-EAB8-488E-93F2-2CDB8243DDD8}.Debug|ARM64.ActiveCfg = Debug|Any CPU
		{77421930-EAB8-488E-93F2-2CDB8243DDD8}.Debug|ARM64.Build.0 = Debug|Any CPU
		{77421930-EAB8-488E-93F2-2CDB8243DDD8}.Debug|x64.ActiveCfg = Debug|Any CPU
		{77421930-EAB8-488E-93F2-2CDB8243DDD8}.Debug|x64.Build.0 = Debug|Any CPU
		{77421930-EAB8-488E-93F2-2CDB8243DDD8}.Release|Any CPU.ActiveCfg = Release|Any CPU
		{77421930-EAB8-488E-93F2-2CDB8243DDD8}.Release|Any CPU.Build.0 = Release|Any CPU
		{77421930-EAB8-488E-93F2-2CDB8243DDD8}.Release|ARM64.ActiveCfg = Release|Any CPU
		{77421930-EAB8-488E-93F2-2CDB8243DDD8}.Release|ARM64.Build.0 = Release|Any CPU
		{77421930-EAB8-488E-93F2-2CDB8243DDD8}.Release|x64.ActiveCfg = Release|Any CPU
		{77421930-EAB8-488E-93F2-2CDB8243DDD8}.Release|x64.Build.0 = Release|Any CPU
		{125DCD88-7C18-4FBF-9B23-63F1E399D732}.Debug|Any CPU.ActiveCfg = Debug|Any CPU
		{125DCD88-7C18-4FBF-9B23-63F1E399D732}.Debug|Any CPU.Build.0 = Debug|Any CPU
		{125DCD88-7C18-4FBF-9B23-63F1E399D732}.Debug|ARM64.ActiveCfg = Debug|Any CPU
		{125DCD88-7C18-4FBF-9B23-63F1E399D732}.Debug|ARM64.Build.0 = Debug|Any CPU
		{125DCD88-7C18-4FBF-9B23-63F1E399D732}.Debug|x64.ActiveCfg = Debug|Any CPU
		{125DCD88-7C18-4FBF-9B23-63F1E399D732}.Debug|x64.Build.0 = Debug|Any CPU
		{125DCD88-7C18-4FBF-9B23-63F1E399D732}.Release|Any CPU.ActiveCfg = Release|Any CPU
		{125DCD88-7C18-4FBF-9B23-63F1E399D732}.Release|Any CPU.Build.0 = Release|Any CPU
		{125DCD88-7C18-4FBF-9B23-63F1E399D732}.Release|ARM64.ActiveCfg = Release|Any CPU
		{125DCD88-7C18-4FBF-9B23-63F1E399D732}.Release|ARM64.Build.0 = Release|Any CPU
		{125DCD88-7C18-4FBF-9B23-63F1E399D732}.Release|x64.ActiveCfg = Release|Any CPU
		{125DCD88-7C18-4FBF-9B23-63F1E399D732}.Release|x64.Build.0 = Release|Any CPU
		{D4BC0B64-0C5C-40DF-A6E2-D47654AB9EDA}.Debug|Any CPU.ActiveCfg = Debug|Any CPU
		{D4BC0B64-0C5C-40DF-A6E2-D47654AB9EDA}.Debug|Any CPU.Build.0 = Debug|Any CPU
		{D4BC0B64-0C5C-40DF-A6E2-D47654AB9EDA}.Debug|ARM64.ActiveCfg = Debug|Any CPU
		{D4BC0B64-0C5C-40DF-A6E2-D47654AB9EDA}.Debug|ARM64.Build.0 = Debug|Any CPU
		{D4BC0B64-0C5C-40DF-A6E2-D47654AB9EDA}.Debug|x64.ActiveCfg = Debug|Any CPU
		{D4BC0B64-0C5C-40DF-A6E2-D47654AB9EDA}.Debug|x64.Build.0 = Debug|Any CPU
		{D4BC0B64-0C5C-40DF-A6E2-D47654AB9EDA}.Release|Any CPU.ActiveCfg = Release|Any CPU
		{D4BC0B64-0C5C-40DF-A6E2-D47654AB9EDA}.Release|Any CPU.Build.0 = Release|Any CPU
		{D4BC0B64-0C5C-40DF-A6E2-D47654AB9EDA}.Release|ARM64.ActiveCfg = Release|Any CPU
		{D4BC0B64-0C5C-40DF-A6E2-D47654AB9EDA}.Release|ARM64.Build.0 = Release|Any CPU
		{D4BC0B64-0C5C-40DF-A6E2-D47654AB9EDA}.Release|x64.ActiveCfg = Release|Any CPU
		{D4BC0B64-0C5C-40DF-A6E2-D47654AB9EDA}.Release|x64.Build.0 = Release|Any CPU
		{16DEBD7E-D147-4FB1-A0F6-F3213761D27A}.Debug|Any CPU.ActiveCfg = Debug|Any CPU
		{16DEBD7E-D147-4FB1-A0F6-F3213761D27A}.Debug|Any CPU.Build.0 = Debug|Any CPU
		{16DEBD7E-D147-4FB1-A0F6-F3213761D27A}.Debug|ARM64.ActiveCfg = Debug|Any CPU
		{16DEBD7E-D147-4FB1-A0F6-F3213761D27A}.Debug|ARM64.Build.0 = Debug|Any CPU
		{16DEBD7E-D147-4FB1-A0F6-F3213761D27A}.Debug|x64.ActiveCfg = Debug|Any CPU
		{16DEBD7E-D147-4FB1-A0F6-F3213761D27A}.Debug|x64.Build.0 = Debug|Any CPU
		{16DEBD7E-D147-4FB1-A0F6-F3213761D27A}.Release|Any CPU.ActiveCfg = Release|Any CPU
		{16DEBD7E-D147-4FB1-A0F6-F3213761D27A}.Release|Any CPU.Build.0 = Release|Any CPU
		{16DEBD7E-D147-4FB1-A0F6-F3213761D27A}.Release|ARM64.ActiveCfg = Release|Any CPU
		{16DEBD7E-D147-4FB1-A0F6-F3213761D27A}.Release|ARM64.Build.0 = Release|Any CPU
		{16DEBD7E-D147-4FB1-A0F6-F3213761D27A}.Release|x64.ActiveCfg = Release|Any CPU
		{16DEBD7E-D147-4FB1-A0F6-F3213761D27A}.Release|x64.Build.0 = Release|Any CPU
		{645C5978-4540-4F10-914D-7BE3B9C4895D}.Debug|Any CPU.ActiveCfg = Debug|Any CPU
		{645C5978-4540-4F10-914D-7BE3B9C4895D}.Debug|Any CPU.Build.0 = Debug|Any CPU
		{645C5978-4540-4F10-914D-7BE3B9C4895D}.Debug|ARM64.ActiveCfg = Debug|Any CPU
		{645C5978-4540-4F10-914D-7BE3B9C4895D}.Debug|ARM64.Build.0 = Debug|Any CPU
		{645C5978-4540-4F10-914D-7BE3B9C4895D}.Debug|x64.ActiveCfg = Debug|Any CPU
		{645C5978-4540-4F10-914D-7BE3B9C4895D}.Debug|x64.Build.0 = Debug|Any CPU
		{645C5978-4540-4F10-914D-7BE3B9C4895D}.Release|Any CPU.ActiveCfg = Release|Any CPU
		{645C5978-4540-4F10-914D-7BE3B9C4895D}.Release|Any CPU.Build.0 = Release|Any CPU
		{645C5978-4540-4F10-914D-7BE3B9C4895D}.Release|ARM64.ActiveCfg = Release|Any CPU
		{645C5978-4540-4F10-914D-7BE3B9C4895D}.Release|ARM64.Build.0 = Release|Any CPU
		{645C5978-4540-4F10-914D-7BE3B9C4895D}.Release|x64.ActiveCfg = Release|Any CPU
		{645C5978-4540-4F10-914D-7BE3B9C4895D}.Release|x64.Build.0 = Release|Any CPU
		{5B863203-A30A-4FF3-ACD3-6343817941EF}.Debug|Any CPU.ActiveCfg = Debug|Any CPU
		{5B863203-A30A-4FF3-ACD3-6343817941EF}.Debug|Any CPU.Build.0 = Debug|Any CPU
		{5B863203-A30A-4FF3-ACD3-6343817941EF}.Debug|ARM64.ActiveCfg = Debug|Any CPU
		{5B863203-A30A-4FF3-ACD3-6343817941EF}.Debug|ARM64.Build.0 = Debug|Any CPU
		{5B863203-A30A-4FF3-ACD3-6343817941EF}.Debug|x64.ActiveCfg = Debug|Any CPU
		{5B863203-A30A-4FF3-ACD3-6343817941EF}.Debug|x64.Build.0 = Debug|Any CPU
		{5B863203-A30A-4FF3-ACD3-6343817941EF}.Release|Any CPU.ActiveCfg = Release|Any CPU
		{5B863203-A30A-4FF3-ACD3-6343817941EF}.Release|Any CPU.Build.0 = Release|Any CPU
		{5B863203-A30A-4FF3-ACD3-6343817941EF}.Release|ARM64.ActiveCfg = Release|Any CPU
		{5B863203-A30A-4FF3-ACD3-6343817941EF}.Release|ARM64.Build.0 = Release|Any CPU
		{5B863203-A30A-4FF3-ACD3-6343817941EF}.Release|x64.ActiveCfg = Release|Any CPU
		{5B863203-A30A-4FF3-ACD3-6343817941EF}.Release|x64.Build.0 = Release|Any CPU
		{9B5A0838-E0FB-42F1-BAC9-D5F8DC3AFA27}.Debug|Any CPU.ActiveCfg = Debug|Any CPU
		{9B5A0838-E0FB-42F1-BAC9-D5F8DC3AFA27}.Debug|Any CPU.Build.0 = Debug|Any CPU
		{9B5A0838-E0FB-42F1-BAC9-D5F8DC3AFA27}.Debug|ARM64.ActiveCfg = Debug|Any CPU
		{9B5A0838-E0FB-42F1-BAC9-D5F8DC3AFA27}.Debug|ARM64.Build.0 = Debug|Any CPU
		{9B5A0838-E0FB-42F1-BAC9-D5F8DC3AFA27}.Debug|x64.ActiveCfg = Debug|x64
		{9B5A0838-E0FB-42F1-BAC9-D5F8DC3AFA27}.Debug|x64.Build.0 = Debug|x64
		{9B5A0838-E0FB-42F1-BAC9-D5F8DC3AFA27}.Release|Any CPU.ActiveCfg = Release|Any CPU
		{9B5A0838-E0FB-42F1-BAC9-D5F8DC3AFA27}.Release|Any CPU.Build.0 = Release|Any CPU
		{9B5A0838-E0FB-42F1-BAC9-D5F8DC3AFA27}.Release|ARM64.ActiveCfg = Release|Any CPU
		{9B5A0838-E0FB-42F1-BAC9-D5F8DC3AFA27}.Release|ARM64.Build.0 = Release|Any CPU
		{9B5A0838-E0FB-42F1-BAC9-D5F8DC3AFA27}.Release|x64.ActiveCfg = Release|x64
		{9B5A0838-E0FB-42F1-BAC9-D5F8DC3AFA27}.Release|x64.Build.0 = Release|x64
		{CA4C8584-382F-44F7-8476-72445EDCD2CD}.Debug|Any CPU.ActiveCfg = Debug|Any CPU
		{CA4C8584-382F-44F7-8476-72445EDCD2CD}.Debug|Any CPU.Build.0 = Debug|Any CPU
		{CA4C8584-382F-44F7-8476-72445EDCD2CD}.Debug|ARM64.ActiveCfg = Debug|Any CPU
		{CA4C8584-382F-44F7-8476-72445EDCD2CD}.Debug|ARM64.Build.0 = Debug|Any CPU
		{CA4C8584-382F-44F7-8476-72445EDCD2CD}.Debug|x64.ActiveCfg = Debug|Any CPU
		{CA4C8584-382F-44F7-8476-72445EDCD2CD}.Debug|x64.Build.0 = Debug|Any CPU
		{CA4C8584-382F-44F7-8476-72445EDCD2CD}.Release|Any CPU.ActiveCfg = Release|Any CPU
		{CA4C8584-382F-44F7-8476-72445EDCD2CD}.Release|Any CPU.Build.0 = Release|Any CPU
		{CA4C8584-382F-44F7-8476-72445EDCD2CD}.Release|ARM64.ActiveCfg = Release|Any CPU
		{CA4C8584-382F-44F7-8476-72445EDCD2CD}.Release|ARM64.Build.0 = Release|Any CPU
		{CA4C8584-382F-44F7-8476-72445EDCD2CD}.Release|x64.ActiveCfg = Release|Any CPU
		{CA4C8584-382F-44F7-8476-72445EDCD2CD}.Release|x64.Build.0 = Release|Any CPU
		{442B0F7D-96DA-47C4-9C4D-4DF11A6FD1EB}.Debug|Any CPU.ActiveCfg = Debug|Any CPU
		{442B0F7D-96DA-47C4-9C4D-4DF11A6FD1EB}.Debug|Any CPU.Build.0 = Debug|Any CPU
		{442B0F7D-96DA-47C4-9C4D-4DF11A6FD1EB}.Debug|ARM64.ActiveCfg = Debug|Any CPU
		{442B0F7D-96DA-47C4-9C4D-4DF11A6FD1EB}.Debug|ARM64.Build.0 = Debug|Any CPU
		{442B0F7D-96DA-47C4-9C4D-4DF11A6FD1EB}.Debug|x64.ActiveCfg = Debug|Any CPU
		{442B0F7D-96DA-47C4-9C4D-4DF11A6FD1EB}.Debug|x64.Build.0 = Debug|Any CPU
		{442B0F7D-96DA-47C4-9C4D-4DF11A6FD1EB}.Release|Any CPU.ActiveCfg = Release|Any CPU
		{442B0F7D-96DA-47C4-9C4D-4DF11A6FD1EB}.Release|Any CPU.Build.0 = Release|Any CPU
		{442B0F7D-96DA-47C4-9C4D-4DF11A6FD1EB}.Release|ARM64.ActiveCfg = Release|Any CPU
		{442B0F7D-96DA-47C4-9C4D-4DF11A6FD1EB}.Release|ARM64.Build.0 = Release|Any CPU
		{442B0F7D-96DA-47C4-9C4D-4DF11A6FD1EB}.Release|x64.ActiveCfg = Release|Any CPU
		{442B0F7D-96DA-47C4-9C4D-4DF11A6FD1EB}.Release|x64.Build.0 = Release|Any CPU
		{A902F7B2-F54D-44C2-8E50-450AC0A231E2}.Debug|Any CPU.ActiveCfg = Debug|Any CPU
		{A902F7B2-F54D-44C2-8E50-450AC0A231E2}.Debug|Any CPU.Build.0 = Debug|Any CPU
		{A902F7B2-F54D-44C2-8E50-450AC0A231E2}.Debug|ARM64.ActiveCfg = Debug|Any CPU
		{A902F7B2-F54D-44C2-8E50-450AC0A231E2}.Debug|ARM64.Build.0 = Debug|Any CPU
		{A902F7B2-F54D-44C2-8E50-450AC0A231E2}.Debug|x64.ActiveCfg = Debug|x64
		{A902F7B2-F54D-44C2-8E50-450AC0A231E2}.Debug|x64.Build.0 = Debug|x64
		{A902F7B2-F54D-44C2-8E50-450AC0A231E2}.Release|Any CPU.ActiveCfg = Release|Any CPU
		{A902F7B2-F54D-44C2-8E50-450AC0A231E2}.Release|Any CPU.Build.0 = Release|Any CPU
		{A902F7B2-F54D-44C2-8E50-450AC0A231E2}.Release|ARM64.ActiveCfg = Release|Any CPU
		{A902F7B2-F54D-44C2-8E50-450AC0A231E2}.Release|ARM64.Build.0 = Release|Any CPU
		{A902F7B2-F54D-44C2-8E50-450AC0A231E2}.Release|x64.ActiveCfg = Release|x64
		{A902F7B2-F54D-44C2-8E50-450AC0A231E2}.Release|x64.Build.0 = Release|x64
		{46AC337F-8CB5-4E49-9DEE-EDD72A47418E}.Debug|Any CPU.ActiveCfg = Debug|Any CPU
		{46AC337F-8CB5-4E49-9DEE-EDD72A47418E}.Debug|Any CPU.Build.0 = Debug|Any CPU
		{46AC337F-8CB5-4E49-9DEE-EDD72A47418E}.Debug|ARM64.ActiveCfg = Debug|Any CPU
		{46AC337F-8CB5-4E49-9DEE-EDD72A47418E}.Debug|ARM64.Build.0 = Debug|Any CPU
		{46AC337F-8CB5-4E49-9DEE-EDD72A47418E}.Debug|x64.ActiveCfg = Debug|x64
		{46AC337F-8CB5-4E49-9DEE-EDD72A47418E}.Debug|x64.Build.0 = Debug|x64
		{46AC337F-8CB5-4E49-9DEE-EDD72A47418E}.Release|Any CPU.ActiveCfg = Release|Any CPU
		{46AC337F-8CB5-4E49-9DEE-EDD72A47418E}.Release|Any CPU.Build.0 = Release|Any CPU
		{46AC337F-8CB5-4E49-9DEE-EDD72A47418E}.Release|ARM64.ActiveCfg = Release|Any CPU
		{46AC337F-8CB5-4E49-9DEE-EDD72A47418E}.Release|ARM64.Build.0 = Release|Any CPU
		{46AC337F-8CB5-4E49-9DEE-EDD72A47418E}.Release|x64.ActiveCfg = Release|x64
		{46AC337F-8CB5-4E49-9DEE-EDD72A47418E}.Release|x64.Build.0 = Release|x64
		{528B25BE-A9ED-41DC-8733-3C4A3E00A7E2}.Debug|Any CPU.ActiveCfg = Debug|Any CPU
		{528B25BE-A9ED-41DC-8733-3C4A3E00A7E2}.Debug|Any CPU.Build.0 = Debug|Any CPU
		{528B25BE-A9ED-41DC-8733-3C4A3E00A7E2}.Debug|ARM64.ActiveCfg = Debug|Any CPU
		{528B25BE-A9ED-41DC-8733-3C4A3E00A7E2}.Debug|ARM64.Build.0 = Debug|Any CPU
		{528B25BE-A9ED-41DC-8733-3C4A3E00A7E2}.Debug|x64.ActiveCfg = Debug|Any CPU
		{528B25BE-A9ED-41DC-8733-3C4A3E00A7E2}.Debug|x64.Build.0 = Debug|Any CPU
		{528B25BE-A9ED-41DC-8733-3C4A3E00A7E2}.Release|Any CPU.ActiveCfg = Release|Any CPU
		{528B25BE-A9ED-41DC-8733-3C4A3E00A7E2}.Release|Any CPU.Build.0 = Release|Any CPU
		{528B25BE-A9ED-41DC-8733-3C4A3E00A7E2}.Release|ARM64.ActiveCfg = Release|Any CPU
		{528B25BE-A9ED-41DC-8733-3C4A3E00A7E2}.Release|ARM64.Build.0 = Release|Any CPU
		{528B25BE-A9ED-41DC-8733-3C4A3E00A7E2}.Release|x64.ActiveCfg = Release|Any CPU
		{528B25BE-A9ED-41DC-8733-3C4A3E00A7E2}.Release|x64.Build.0 = Release|Any CPU
		{5DCD50D1-E12D-425B-AB4F-06FD3F8DD52A}.Debug|Any CPU.ActiveCfg = Debug|Any CPU
		{5DCD50D1-E12D-425B-AB4F-06FD3F8DD52A}.Debug|Any CPU.Build.0 = Debug|Any CPU
		{5DCD50D1-E12D-425B-AB4F-06FD3F8DD52A}.Debug|ARM64.ActiveCfg = Debug|Any CPU
		{5DCD50D1-E12D-425B-AB4F-06FD3F8DD52A}.Debug|ARM64.Build.0 = Debug|Any CPU
		{5DCD50D1-E12D-425B-AB4F-06FD3F8DD52A}.Debug|x64.ActiveCfg = Debug|Any CPU
		{5DCD50D1-E12D-425B-AB4F-06FD3F8DD52A}.Debug|x64.Build.0 = Debug|Any CPU
		{5DCD50D1-E12D-425B-AB4F-06FD3F8DD52A}.Release|Any CPU.ActiveCfg = Release|Any CPU
		{5DCD50D1-E12D-425B-AB4F-06FD3F8DD52A}.Release|Any CPU.Build.0 = Release|Any CPU
		{5DCD50D1-E12D-425B-AB4F-06FD3F8DD52A}.Release|ARM64.ActiveCfg = Release|Any CPU
		{5DCD50D1-E12D-425B-AB4F-06FD3F8DD52A}.Release|ARM64.Build.0 = Release|Any CPU
		{5DCD50D1-E12D-425B-AB4F-06FD3F8DD52A}.Release|x64.ActiveCfg = Release|Any CPU
		{5DCD50D1-E12D-425B-AB4F-06FD3F8DD52A}.Release|x64.Build.0 = Release|Any CPU
		{CB6482C5-8932-4A5E-B102-7DFA54996359}.Debug|Any CPU.ActiveCfg = Debug|Any CPU
		{CB6482C5-8932-4A5E-B102-7DFA54996359}.Debug|Any CPU.Build.0 = Debug|Any CPU
		{CB6482C5-8932-4A5E-B102-7DFA54996359}.Debug|ARM64.ActiveCfg = Debug|Any CPU
		{CB6482C5-8932-4A5E-B102-7DFA54996359}.Debug|ARM64.Build.0 = Debug|Any CPU
		{CB6482C5-8932-4A5E-B102-7DFA54996359}.Debug|x64.ActiveCfg = Debug|Any CPU
		{CB6482C5-8932-4A5E-B102-7DFA54996359}.Debug|x64.Build.0 = Debug|Any CPU
		{CB6482C5-8932-4A5E-B102-7DFA54996359}.Release|Any CPU.ActiveCfg = Release|Any CPU
		{CB6482C5-8932-4A5E-B102-7DFA54996359}.Release|Any CPU.Build.0 = Release|Any CPU
		{CB6482C5-8932-4A5E-B102-7DFA54996359}.Release|ARM64.ActiveCfg = Release|Any CPU
		{CB6482C5-8932-4A5E-B102-7DFA54996359}.Release|ARM64.Build.0 = Release|Any CPU
		{CB6482C5-8932-4A5E-B102-7DFA54996359}.Release|x64.ActiveCfg = Release|Any CPU
		{CB6482C5-8932-4A5E-B102-7DFA54996359}.Release|x64.Build.0 = Release|Any CPU
		{0EE115ED-27F9-420D-9EB7-8F5C6F126B42}.Debug|Any CPU.ActiveCfg = Debug|Any CPU
		{0EE115ED-27F9-420D-9EB7-8F5C6F126B42}.Debug|Any CPU.Build.0 = Debug|Any CPU
		{0EE115ED-27F9-420D-9EB7-8F5C6F126B42}.Debug|ARM64.ActiveCfg = Debug|Any CPU
		{0EE115ED-27F9-420D-9EB7-8F5C6F126B42}.Debug|ARM64.Build.0 = Debug|Any CPU
		{0EE115ED-27F9-420D-9EB7-8F5C6F126B42}.Debug|x64.ActiveCfg = Debug|Any CPU
		{0EE115ED-27F9-420D-9EB7-8F5C6F126B42}.Debug|x64.Build.0 = Debug|Any CPU
		{0EE115ED-27F9-420D-9EB7-8F5C6F126B42}.Release|Any CPU.ActiveCfg = Release|Any CPU
		{0EE115ED-27F9-420D-9EB7-8F5C6F126B42}.Release|Any CPU.Build.0 = Release|Any CPU
		{0EE115ED-27F9-420D-9EB7-8F5C6F126B42}.Release|ARM64.ActiveCfg = Release|Any CPU
		{0EE115ED-27F9-420D-9EB7-8F5C6F126B42}.Release|ARM64.Build.0 = Release|Any CPU
		{0EE115ED-27F9-420D-9EB7-8F5C6F126B42}.Release|x64.ActiveCfg = Release|Any CPU
		{0EE115ED-27F9-420D-9EB7-8F5C6F126B42}.Release|x64.Build.0 = Release|Any CPU
		{AF33229D-B85C-4243-BF5A-CCC71E91F818}.Debug|Any CPU.ActiveCfg = Debug|Any CPU
		{AF33229D-B85C-4243-BF5A-CCC71E91F818}.Debug|Any CPU.Build.0 = Debug|Any CPU
		{AF33229D-B85C-4243-BF5A-CCC71E91F818}.Debug|ARM64.ActiveCfg = Debug|Any CPU
		{AF33229D-B85C-4243-BF5A-CCC71E91F818}.Debug|ARM64.Build.0 = Debug|Any CPU
		{AF33229D-B85C-4243-BF5A-CCC71E91F818}.Debug|x64.ActiveCfg = Debug|Any CPU
		{AF33229D-B85C-4243-BF5A-CCC71E91F818}.Debug|x64.Build.0 = Debug|Any CPU
		{AF33229D-B85C-4243-BF5A-CCC71E91F818}.Release|Any CPU.ActiveCfg = Release|Any CPU
		{AF33229D-B85C-4243-BF5A-CCC71E91F818}.Release|Any CPU.Build.0 = Release|Any CPU
		{AF33229D-B85C-4243-BF5A-CCC71E91F818}.Release|ARM64.ActiveCfg = Release|Any CPU
		{AF33229D-B85C-4243-BF5A-CCC71E91F818}.Release|ARM64.Build.0 = Release|Any CPU
		{AF33229D-B85C-4243-BF5A-CCC71E91F818}.Release|x64.ActiveCfg = Release|Any CPU
		{AF33229D-B85C-4243-BF5A-CCC71E91F818}.Release|x64.Build.0 = Release|Any CPU
		{7F3E8549-DB60-4A05-87F4-86E69F35C205}.Debug|Any CPU.ActiveCfg = Debug|Any CPU
		{7F3E8549-DB60-4A05-87F4-86E69F35C205}.Debug|Any CPU.Build.0 = Debug|Any CPU
		{7F3E8549-DB60-4A05-87F4-86E69F35C205}.Debug|ARM64.ActiveCfg = Debug|Any CPU
		{7F3E8549-DB60-4A05-87F4-86E69F35C205}.Debug|ARM64.Build.0 = Debug|Any CPU
		{7F3E8549-DB60-4A05-87F4-86E69F35C205}.Debug|x64.ActiveCfg = Debug|Any CPU
		{7F3E8549-DB60-4A05-87F4-86E69F35C205}.Debug|x64.Build.0 = Debug|Any CPU
		{7F3E8549-DB60-4A05-87F4-86E69F35C205}.Release|Any CPU.ActiveCfg = Release|Any CPU
		{7F3E8549-DB60-4A05-87F4-86E69F35C205}.Release|Any CPU.Build.0 = Release|Any CPU
		{7F3E8549-DB60-4A05-87F4-86E69F35C205}.Release|ARM64.ActiveCfg = Release|Any CPU
		{7F3E8549-DB60-4A05-87F4-86E69F35C205}.Release|ARM64.Build.0 = Release|Any CPU
		{7F3E8549-DB60-4A05-87F4-86E69F35C205}.Release|x64.ActiveCfg = Release|Any CPU
		{7F3E8549-DB60-4A05-87F4-86E69F35C205}.Release|x64.Build.0 = Release|Any CPU
		{6CFEA9AC-B036-4870-9096-E7D5AAE93389}.Debug|Any CPU.ActiveCfg = Debug|Any CPU
		{6CFEA9AC-B036-4870-9096-E7D5AAE93389}.Debug|Any CPU.Build.0 = Debug|Any CPU
		{6CFEA9AC-B036-4870-9096-E7D5AAE93389}.Debug|ARM64.ActiveCfg = Debug|Any CPU
		{6CFEA9AC-B036-4870-9096-E7D5AAE93389}.Debug|ARM64.Build.0 = Debug|Any CPU
		{6CFEA9AC-B036-4870-9096-E7D5AAE93389}.Debug|x64.ActiveCfg = Debug|Any CPU
		{6CFEA9AC-B036-4870-9096-E7D5AAE93389}.Debug|x64.Build.0 = Debug|Any CPU
		{6CFEA9AC-B036-4870-9096-E7D5AAE93389}.Release|Any CPU.ActiveCfg = Release|Any CPU
		{6CFEA9AC-B036-4870-9096-E7D5AAE93389}.Release|Any CPU.Build.0 = Release|Any CPU
		{6CFEA9AC-B036-4870-9096-E7D5AAE93389}.Release|ARM64.ActiveCfg = Release|Any CPU
		{6CFEA9AC-B036-4870-9096-E7D5AAE93389}.Release|ARM64.Build.0 = Release|Any CPU
		{6CFEA9AC-B036-4870-9096-E7D5AAE93389}.Release|x64.ActiveCfg = Release|Any CPU
		{6CFEA9AC-B036-4870-9096-E7D5AAE93389}.Release|x64.Build.0 = Release|Any CPU
		{2B9CC324-41B8-4384-BA4B-FDEC91A99BDC}.Debug|Any CPU.ActiveCfg = Debug|Any CPU
		{2B9CC324-41B8-4384-BA4B-FDEC91A99BDC}.Debug|Any CPU.Build.0 = Debug|Any CPU
		{2B9CC324-41B8-4384-BA4B-FDEC91A99BDC}.Debug|ARM64.ActiveCfg = Debug|Any CPU
		{2B9CC324-41B8-4384-BA4B-FDEC91A99BDC}.Debug|ARM64.Build.0 = Debug|Any CPU
		{2B9CC324-41B8-4384-BA4B-FDEC91A99BDC}.Debug|x64.ActiveCfg = Debug|Any CPU
		{2B9CC324-41B8-4384-BA4B-FDEC91A99BDC}.Debug|x64.Build.0 = Debug|Any CPU
		{2B9CC324-41B8-4384-BA4B-FDEC91A99BDC}.Release|Any CPU.ActiveCfg = Release|Any CPU
		{2B9CC324-41B8-4384-BA4B-FDEC91A99BDC}.Release|Any CPU.Build.0 = Release|Any CPU
		{2B9CC324-41B8-4384-BA4B-FDEC91A99BDC}.Release|ARM64.ActiveCfg = Release|Any CPU
		{2B9CC324-41B8-4384-BA4B-FDEC91A99BDC}.Release|ARM64.Build.0 = Release|Any CPU
		{2B9CC324-41B8-4384-BA4B-FDEC91A99BDC}.Release|x64.ActiveCfg = Release|Any CPU
		{2B9CC324-41B8-4384-BA4B-FDEC91A99BDC}.Release|x64.Build.0 = Release|Any CPU
		{34D5A332-36CA-4B52-A891-64DAEA538463}.Debug|Any CPU.ActiveCfg = Debug|Any CPU
		{34D5A332-36CA-4B52-A891-64DAEA538463}.Debug|Any CPU.Build.0 = Debug|Any CPU
		{34D5A332-36CA-4B52-A891-64DAEA538463}.Debug|ARM64.ActiveCfg = Debug|Any CPU
		{34D5A332-36CA-4B52-A891-64DAEA538463}.Debug|ARM64.Build.0 = Debug|Any CPU
		{34D5A332-36CA-4B52-A891-64DAEA538463}.Debug|x64.ActiveCfg = Debug|Any CPU
		{34D5A332-36CA-4B52-A891-64DAEA538463}.Debug|x64.Build.0 = Debug|Any CPU
		{34D5A332-36CA-4B52-A891-64DAEA538463}.Release|Any CPU.ActiveCfg = Release|Any CPU
		{34D5A332-36CA-4B52-A891-64DAEA538463}.Release|Any CPU.Build.0 = Release|Any CPU
		{34D5A332-36CA-4B52-A891-64DAEA538463}.Release|ARM64.ActiveCfg = Release|Any CPU
		{34D5A332-36CA-4B52-A891-64DAEA538463}.Release|ARM64.Build.0 = Release|Any CPU
		{34D5A332-36CA-4B52-A891-64DAEA538463}.Release|x64.ActiveCfg = Release|Any CPU
		{34D5A332-36CA-4B52-A891-64DAEA538463}.Release|x64.Build.0 = Release|Any CPU
		{9952FA02-10ED-4F90-893E-D1E36EBCD4D0}.Debug|Any CPU.ActiveCfg = Debug|Any CPU
		{9952FA02-10ED-4F90-893E-D1E36EBCD4D0}.Debug|Any CPU.Build.0 = Debug|Any CPU
		{9952FA02-10ED-4F90-893E-D1E36EBCD4D0}.Debug|ARM64.ActiveCfg = Debug|Any CPU
		{9952FA02-10ED-4F90-893E-D1E36EBCD4D0}.Debug|ARM64.Build.0 = Debug|Any CPU
		{9952FA02-10ED-4F90-893E-D1E36EBCD4D0}.Debug|x64.ActiveCfg = Debug|Any CPU
		{9952FA02-10ED-4F90-893E-D1E36EBCD4D0}.Debug|x64.Build.0 = Debug|Any CPU
		{9952FA02-10ED-4F90-893E-D1E36EBCD4D0}.Release|Any CPU.ActiveCfg = Release|Any CPU
		{9952FA02-10ED-4F90-893E-D1E36EBCD4D0}.Release|Any CPU.Build.0 = Release|Any CPU
		{9952FA02-10ED-4F90-893E-D1E36EBCD4D0}.Release|ARM64.ActiveCfg = Release|Any CPU
		{9952FA02-10ED-4F90-893E-D1E36EBCD4D0}.Release|ARM64.Build.0 = Release|Any CPU
		{9952FA02-10ED-4F90-893E-D1E36EBCD4D0}.Release|x64.ActiveCfg = Release|Any CPU
		{9952FA02-10ED-4F90-893E-D1E36EBCD4D0}.Release|x64.Build.0 = Release|Any CPU
		{2984822B-0CDB-4C2B-AFE0-7A257E90CDC4}.Debug|Any CPU.ActiveCfg = Debug|Any CPU
		{2984822B-0CDB-4C2B-AFE0-7A257E90CDC4}.Debug|Any CPU.Build.0 = Debug|Any CPU
		{2984822B-0CDB-4C2B-AFE0-7A257E90CDC4}.Debug|ARM64.ActiveCfg = Debug|Any CPU
		{2984822B-0CDB-4C2B-AFE0-7A257E90CDC4}.Debug|ARM64.Build.0 = Debug|Any CPU
		{2984822B-0CDB-4C2B-AFE0-7A257E90CDC4}.Debug|x64.ActiveCfg = Debug|Any CPU
		{2984822B-0CDB-4C2B-AFE0-7A257E90CDC4}.Debug|x64.Build.0 = Debug|Any CPU
		{2984822B-0CDB-4C2B-AFE0-7A257E90CDC4}.Release|Any CPU.ActiveCfg = Release|Any CPU
		{2984822B-0CDB-4C2B-AFE0-7A257E90CDC4}.Release|Any CPU.Build.0 = Release|Any CPU
		{2984822B-0CDB-4C2B-AFE0-7A257E90CDC4}.Release|ARM64.ActiveCfg = Release|Any CPU
		{2984822B-0CDB-4C2B-AFE0-7A257E90CDC4}.Release|ARM64.Build.0 = Release|Any CPU
		{2984822B-0CDB-4C2B-AFE0-7A257E90CDC4}.Release|x64.ActiveCfg = Release|Any CPU
		{2984822B-0CDB-4C2B-AFE0-7A257E90CDC4}.Release|x64.Build.0 = Release|Any CPU
		{D0CA2709-D3CD-4A82-8211-2C4A25FA20FF}.Debug|Any CPU.ActiveCfg = Debug|Any CPU
		{D0CA2709-D3CD-4A82-8211-2C4A25FA20FF}.Debug|Any CPU.Build.0 = Debug|Any CPU
		{D0CA2709-D3CD-4A82-8211-2C4A25FA20FF}.Debug|ARM64.ActiveCfg = Debug|Any CPU
		{D0CA2709-D3CD-4A82-8211-2C4A25FA20FF}.Debug|ARM64.Build.0 = Debug|Any CPU
		{D0CA2709-D3CD-4A82-8211-2C4A25FA20FF}.Debug|x64.ActiveCfg = Debug|Any CPU
		{D0CA2709-D3CD-4A82-8211-2C4A25FA20FF}.Debug|x64.Build.0 = Debug|Any CPU
		{D0CA2709-D3CD-4A82-8211-2C4A25FA20FF}.Release|Any CPU.ActiveCfg = Release|Any CPU
		{D0CA2709-D3CD-4A82-8211-2C4A25FA20FF}.Release|Any CPU.Build.0 = Release|Any CPU
		{D0CA2709-D3CD-4A82-8211-2C4A25FA20FF}.Release|ARM64.ActiveCfg = Release|Any CPU
		{D0CA2709-D3CD-4A82-8211-2C4A25FA20FF}.Release|ARM64.Build.0 = Release|Any CPU
		{D0CA2709-D3CD-4A82-8211-2C4A25FA20FF}.Release|x64.ActiveCfg = Release|Any CPU
		{D0CA2709-D3CD-4A82-8211-2C4A25FA20FF}.Release|x64.Build.0 = Release|Any CPU
		{626D3527-B5E6-4637-AF38-0806C557C5D5}.Debug|Any CPU.ActiveCfg = Debug|Any CPU
		{626D3527-B5E6-4637-AF38-0806C557C5D5}.Debug|Any CPU.Build.0 = Debug|Any CPU
		{626D3527-B5E6-4637-AF38-0806C557C5D5}.Debug|ARM64.ActiveCfg = Debug|Any CPU
		{626D3527-B5E6-4637-AF38-0806C557C5D5}.Debug|ARM64.Build.0 = Debug|Any CPU
		{626D3527-B5E6-4637-AF38-0806C557C5D5}.Debug|x64.ActiveCfg = Debug|Any CPU
		{626D3527-B5E6-4637-AF38-0806C557C5D5}.Debug|x64.Build.0 = Debug|Any CPU
		{626D3527-B5E6-4637-AF38-0806C557C5D5}.Release|Any CPU.ActiveCfg = Release|Any CPU
		{626D3527-B5E6-4637-AF38-0806C557C5D5}.Release|Any CPU.Build.0 = Release|Any CPU
		{626D3527-B5E6-4637-AF38-0806C557C5D5}.Release|ARM64.ActiveCfg = Release|Any CPU
		{626D3527-B5E6-4637-AF38-0806C557C5D5}.Release|ARM64.Build.0 = Release|Any CPU
		{626D3527-B5E6-4637-AF38-0806C557C5D5}.Release|x64.ActiveCfg = Release|Any CPU
		{626D3527-B5E6-4637-AF38-0806C557C5D5}.Release|x64.Build.0 = Release|Any CPU
		{18FD1676-7DBA-42FB-9D42-C6A379EECDBE}.Debug|Any CPU.ActiveCfg = Debug|Any CPU
		{18FD1676-7DBA-42FB-9D42-C6A379EECDBE}.Debug|Any CPU.Build.0 = Debug|Any CPU
		{18FD1676-7DBA-42FB-9D42-C6A379EECDBE}.Debug|ARM64.ActiveCfg = Debug|Any CPU
		{18FD1676-7DBA-42FB-9D42-C6A379EECDBE}.Debug|ARM64.Build.0 = Debug|Any CPU
		{18FD1676-7DBA-42FB-9D42-C6A379EECDBE}.Debug|x64.ActiveCfg = Debug|Any CPU
		{18FD1676-7DBA-42FB-9D42-C6A379EECDBE}.Debug|x64.Build.0 = Debug|Any CPU
		{18FD1676-7DBA-42FB-9D42-C6A379EECDBE}.Release|Any CPU.ActiveCfg = Release|Any CPU
		{18FD1676-7DBA-42FB-9D42-C6A379EECDBE}.Release|Any CPU.Build.0 = Release|Any CPU
		{18FD1676-7DBA-42FB-9D42-C6A379EECDBE}.Release|ARM64.ActiveCfg = Release|Any CPU
		{18FD1676-7DBA-42FB-9D42-C6A379EECDBE}.Release|ARM64.Build.0 = Release|Any CPU
		{18FD1676-7DBA-42FB-9D42-C6A379EECDBE}.Release|x64.ActiveCfg = Release|Any CPU
		{18FD1676-7DBA-42FB-9D42-C6A379EECDBE}.Release|x64.Build.0 = Release|Any CPU
	EndGlobalSection
	GlobalSection(SolutionProperties) = preSolution
		HideSolutionNode = FALSE
	EndGlobalSection
	GlobalSection(NestedProjects) = preSolution
		{C3C823E5-99D2-4032-ACDF-08F796DE5386} = {867C4F9E-6D9A-4FBB-96C1-76398B029B36}
		{AB27EA4C-0065-435D-868F-DEFADA1B08F1} = {867C4F9E-6D9A-4FBB-96C1-76398B029B36}
		{32EF471B-F27E-4BBA-B10C-8891ABD1A967} = {2F09DCDF-4B4D-4920-AFC6-84C7271DAA42}
		{9A23D6AE-234E-4B7E-93CD-C6BB63FAE993} = {F3437D32-7C5A-4F46-B71D-112261EB902E}
		{D485BFA5-7DCE-45A1-98BB-B31F02D8DEE7} = {F3437D32-7C5A-4F46-B71D-112261EB902E}
		{FEB2A451-C1BF-484F-A506-6F14C2761222} = {867C4F9E-6D9A-4FBB-96C1-76398B029B36}
		{2706E0CA-B969-4153-A99D-AE555A7872EB} = {2F09DCDF-4B4D-4920-AFC6-84C7271DAA42}
		{1E97FDF3-65AE-40F1-839C-592AF5B732DF} = {2F09DCDF-4B4D-4920-AFC6-84C7271DAA42}
		{77421930-EAB8-488E-93F2-2CDB8243DDD8} = {2F09DCDF-4B4D-4920-AFC6-84C7271DAA42}
		{125DCD88-7C18-4FBF-9B23-63F1E399D732} = {2F09DCDF-4B4D-4920-AFC6-84C7271DAA42}
		{D4BC0B64-0C5C-40DF-A6E2-D47654AB9EDA} = {2F09DCDF-4B4D-4920-AFC6-84C7271DAA42}
		{16DEBD7E-D147-4FB1-A0F6-F3213761D27A} = {2F09DCDF-4B4D-4920-AFC6-84C7271DAA42}
		{645C5978-4540-4F10-914D-7BE3B9C4895D} = {2F09DCDF-4B4D-4920-AFC6-84C7271DAA42}
		{5B863203-A30A-4FF3-ACD3-6343817941EF} = {2F09DCDF-4B4D-4920-AFC6-84C7271DAA42}
		{9B5A0838-E0FB-42F1-BAC9-D5F8DC3AFA27} = {048A1402-3EFA-4CD9-B550-0B9C39D894DC}
		{CA4C8584-382F-44F7-8476-72445EDCD2CD} = {03077EE3-A564-45E0-AB95-5D29426DAFF0}
		{442B0F7D-96DA-47C4-9C4D-4DF11A6FD1EB} = {03077EE3-A564-45E0-AB95-5D29426DAFF0}
		{A902F7B2-F54D-44C2-8E50-450AC0A231E2} = {03077EE3-A564-45E0-AB95-5D29426DAFF0}
		{46AC337F-8CB5-4E49-9DEE-EDD72A47418E} = {03077EE3-A564-45E0-AB95-5D29426DAFF0}
		{528B25BE-A9ED-41DC-8733-3C4A3E00A7E2} = {03077EE3-A564-45E0-AB95-5D29426DAFF0}
		{5DCD50D1-E12D-425B-AB4F-06FD3F8DD52A} = {03077EE3-A564-45E0-AB95-5D29426DAFF0}
		{CB6482C5-8932-4A5E-B102-7DFA54996359} = {B74F7DA0-53D5-4E58-8902-7459AA6AC3CC}
		{0EE115ED-27F9-420D-9EB7-8F5C6F126B42} = {B74F7DA0-53D5-4E58-8902-7459AA6AC3CC}
		{AF33229D-B85C-4243-BF5A-CCC71E91F818} = {B74F7DA0-53D5-4E58-8902-7459AA6AC3CC}
		{7F3E8549-DB60-4A05-87F4-86E69F35C205} = {B74F7DA0-53D5-4E58-8902-7459AA6AC3CC}
		{6CFEA9AC-B036-4870-9096-E7D5AAE93389} = {03077EE3-A564-45E0-AB95-5D29426DAFF0}
		{2B9CC324-41B8-4384-BA4B-FDEC91A99BDC} = {03077EE3-A564-45E0-AB95-5D29426DAFF0}
		{34D5A332-36CA-4B52-A891-64DAEA538463} = {2F09DCDF-4B4D-4920-AFC6-84C7271DAA42}
		{9952FA02-10ED-4F90-893E-D1E36EBCD4D0} = {03077EE3-A564-45E0-AB95-5D29426DAFF0}
		{2984822B-0CDB-4C2B-AFE0-7A257E90CDC4} = {03077EE3-A564-45E0-AB95-5D29426DAFF0}
		{D0CA2709-D3CD-4A82-8211-2C4A25FA20FF} = {03077EE3-A564-45E0-AB95-5D29426DAFF0}
		{626D3527-B5E6-4637-AF38-0806C557C5D5} = {03077EE3-A564-45E0-AB95-5D29426DAFF0}
		{18FD1676-7DBA-42FB-9D42-C6A379EECDBE} = {03077EE3-A564-45E0-AB95-5D29426DAFF0}
	EndGlobalSection
	GlobalSection(ExtensibilityGlobals) = postSolution
		SolutionGuid = {5173EDB5-BDD5-4A1F-9C5F-7B539127DC21}
	EndGlobalSection
EndGlobal
