
Microsoft Visual Studio Solution File, Format Version 12.00
# Visual Studio Version 17
VisualStudioVersion = 17.2.32630.192
MinimumVisualStudioVersion = 10.0.40219.1
Project("{2150E333-8FDC-42A3-9474-1A3956D46DE8}") = "10.Infrastructure", "10.Infrastructure", "{737DDC30-E91A-4F49-952F-1F5BFCB006E4}"
EndProject
Project("{2150E333-8FDC-42A3-9474-1A3956D46DE8}") = "20.Common", "20.Common", "{F2806AE1-EF05-42B9-BB5C-522C96B582FE}"
EndProject
Project("{2150E333-8FDC-42A3-9474-1A3956D46DE8}") = "30.SystemInterface", "30.SystemInterface", "{D15F451E-6323-4141-8B22-8A329ACED010}"
EndProject
Project("{2150E333-8FDC-42A3-9474-1A3956D46DE8}") = "40.SystemService", "40.SystemService", "{9E101761-3BBF-4D39-A40E-84FBC8714492}"
EndProject
Project("{2150E333-8FDC-42A3-9474-1A3956D46DE8}") = "50.ApplicationService", "50.ApplicationService", "{E3288A39-775D-46E2-9C57-0144AD7BB242}"
EndProject
Project("{2150E333-8FDC-42A3-9474-1A3956D46DE8}") = "60.Application", "60.Application", "{91353D09-73E9-4997-8764-81403F8681C3}"
EndProject
Project("{9A19103F-16F7-4668-BE54-9A1E7A4F7556}") = "NV.CT.ProtocolManagement.ApplicationService.Contract", "ApplicationService.Contract\NV.CT.ProtocolManagement.ApplicationService.Contract.csproj", "{D426F138-6AD8-4651-83D6-8994026E1997}"
EndProject
Project("{9A19103F-16F7-4668-BE54-9A1E7A4F7556}") = "NV.CT.ProtocolManagement.ApplicationService.Impl", "ApplicationService.Impl\NV.CT.ProtocolManagement.ApplicationService.Impl.csproj", "{CD109B60-3083-44F4-9D10-2ED6307C8330}"
EndProject
Project("{9A19103F-16F7-4668-BE54-9A1E7A4F7556}") = "NV.CT.Logging", "..\..\Infrastructure\Logging\NV.CT.Logging.csproj", "{BA9C0DB0-82CE-4F92-877A-328854D4E3EB}"
EndProject
Project("{9A19103F-16F7-4668-BE54-9A1E7A4F7556}") = "NV.CT.CTS", "..\..\Common\CTS\NV.CT.CTS.csproj", "{1DEFF857-5E9B-454C-B00B-D975F189C774}"
EndProject
Project("{9A19103F-16F7-4668-BE54-9A1E7A4F7556}") = "NV.CT.Protocol", "..\..\Common\Protocol\NV.CT.Protocol.csproj", "{EE5EE16E-B4C1-45D9-BAEA-E827FB4E8D87}"
EndProject
Project("{9A19103F-16F7-4668-BE54-9A1E7A4F7556}") = "NV.CT.UI.Controls", "..\..\Common\UI.Controls\NV.CT.UI.Controls.csproj", "{12D9BD0E-B442-4CAB-AAC8-ED4AFAAACDB1}"
EndProject
Project("{9A19103F-16F7-4668-BE54-9A1E7A4F7556}") = "NV.CT.UI.ViewModel", "..\..\Common\ViewModel\NV.CT.UI.ViewModel.csproj", "{54F68A15-D2A0-47FA-94C9-C7C539890B46}"
EndProject
Project("{9A19103F-16F7-4668-BE54-9A1E7A4F7556}") = "NV.CT.WorkingBoxThread", "..\..\Common\WorkingBoxThread\NV.CT.WorkingBoxThread.csproj", "{773B5E9A-F481-4917-9EB8-93FBEFBE4A1A}"
EndProject
Project("{9A19103F-16F7-4668-BE54-9A1E7A4F7556}") = "NV.CT.SystemInterface.MRSIntegration.Contract", "..\..\SystemInterface\MRSIntegration.Contract\NV.CT.SystemInterface.MRSIntegration.Contract.csproj", "{ABCD1334-2E1E-4968-8C69-7FC5612BA3D0}"
EndProject
Project("{9A19103F-16F7-4668-BE54-9A1E7A4F7556}") = "NV.CT.SystemInterface.MRSIntegration.Impl", "..\..\SystemInterface\MRSIntegration.Impl\NV.CT.SystemInterface.MRSIntegration.Impl.csproj", "{D0D76CC1-F6B3-44A4-A6C5-AA5DF74FDE7F}"
EndProject
Project("{9A19103F-16F7-4668-BE54-9A1E7A4F7556}") = "NV.CT.AppService.Contract", "..\..\SystemService\AppService.Contract\NV.CT.AppService.Contract.csproj", "{041A3750-97DA-448F-AE93-B50524A2CA33}"
EndProject
Project("{9A19103F-16F7-4668-BE54-9A1E7A4F7556}") = "NV.CT.ConfigService.Contract", "..\..\SystemService\ConfigService.Contract\NV.CT.ConfigService.Contract.csproj", "{6EFF58FA-089C-46F0-9096-B67A6ADF9B86}"
EndProject
Project("{9A19103F-16F7-4668-BE54-9A1E7A4F7556}") = "NV.CT.DatabaseService.Contract", "..\..\SystemService\DatabaseService.Contract\NV.CT.DatabaseService.Contract.csproj", "{5771D23F-DC5F-47BF-AFB8-353353EFAF8B}"
EndProject
Project("{9A19103F-16F7-4668-BE54-9A1E7A4F7556}") = "NV.CT.JobService.Contract", "..\..\SystemService\JobService.Contract\NV.CT.JobService.Contract.csproj", "{D0D71B52-EDFE-4AA5-8EE1-771FDF950B6D}"
EndProject
Project("{9A19103F-16F7-4668-BE54-9A1E7A4F7556}") = "NV.CT.ProtocolService.Contract", "..\..\SystemService\ProtocolService.Contract\NV.CT.ProtocolService.Contract.csproj", "{544FBD46-DCDB-445E-9784-5B771CAFF32D}"
EndProject
Project("{9A19103F-16F7-4668-BE54-9A1E7A4F7556}") = "NV.CT.SyncService.Contract", "..\..\SystemService\SyncService.Contract\NV.CT.SyncService.Contract.csproj", "{AE142B97-4D48-4FD5-8DB5-E71250632C3B}"
EndProject
Project("{9A19103F-16F7-4668-BE54-9A1E7A4F7556}") = "NV.CT.WorkflowService.Contract", "..\..\SystemService\WorkflowService.Contract\NV.CT.WorkflowService.Contract.csproj", "{711DCB20-365E-4951-A4E1-42BC8A7ED209}"
EndProject
Project("{9A19103F-16F7-4668-BE54-9A1E7A4F7556}") = "NV.CT.ClientProxy", "..\..\SystemService\ClientProxy\NV.CT.ClientProxy.csproj", "{82700B37-5B2D-4A05-B14B-C5B5FBA73767}"
EndProject
Project("{9A19103F-16F7-4668-BE54-9A1E7A4F7556}") = "NV.CT.ProtocolManagement", "App\NV.CT.ProtocolManagement.csproj", "{B798C7FB-246C-4503-8380-C10456997C32}"
EndProject
Project("{9A19103F-16F7-4668-BE54-9A1E7A4F7556}") = "NV.CT.SystemInterface.MCSRuntime.Impl", "..\..\SystemInterface\MCSRuntime.Impl\NV.CT.SystemInterface.MCSRuntime.Impl.csproj", "{424781C1-0643-4043-B705-BC7FFEA69B72}"
EndProject
Project("{9A19103F-16F7-4668-BE54-9A1E7A4F7556}") = "NV.CT.SystemInterface.MCSRuntime.Contract", "..\..\SystemInterface\MCSRuntime.Contract\NV.CT.SystemInterface.MCSRuntime.Contract.csproj", "{3E2AA027-DA36-41CE-AF6F-48F5E10DB01A}"
EndProject
Project("{9A19103F-16F7-4668-BE54-9A1E7A4F7556}") = "NV.CT.MessageService.Contract", "..\..\SystemService\MessageService.Contract\NV.CT.MessageService.Contract.csproj", "{08784FBD-FA34-414E-9AD6-18A48AFD7AE3}"
EndProject
Project("{9A19103F-16F7-4668-BE54-9A1E7A4F7556}") = "NV.CT.Models", "..\..\Common\Models\NV.CT.Models.csproj", "{52637649-EF55-4162-AC52-56114B454623}"
EndProject
Project("{9A19103F-16F7-4668-BE54-9A1E7A4F7556}") = "NV.CT.CommonAttributeUI", "..\..\Common\CommonAttributeUI\NV.CT.CommonAttributeUI.csproj", "{9F42C894-CBC4-46AA-A7DA-1131FBBA9041}"
EndProject
Project("{9A19103F-16F7-4668-BE54-9A1E7A4F7556}") = "NV.CT.DicomUtilityWin", "..\..\Common\DicomUtilityWin\NV.CT.DicomUtilityWin.csproj", "{1F1F03C5-92B7-454E-9568-C8F3815D5B6C}"
EndProject
Project("{9A19103F-16F7-4668-BE54-9A1E7A4F7556}") = "NV.CT.DicomUtility", "..\..\Common\DicomUtility\NV.CT.DicomUtility.csproj", "{79F75C89-5399-4388-9309-EA8C57437D9B}"
EndProject
Global
	GlobalSection(SolutionConfigurationPlatforms) = preSolution
		Debug|Any CPU = Debug|Any CPU
		Debug|ARM64 = Debug|ARM64
		Debug|x64 = Debug|x64
		Release|Any CPU = Release|Any CPU
		Release|ARM64 = Release|ARM64
		Release|x64 = Release|x64
	EndGlobalSection
	GlobalSection(ProjectConfigurationPlatforms) = postSolution
		{D426F138-6AD8-4651-83D6-8994026E1997}.Debug|Any CPU.ActiveCfg = Debug|Any CPU
		{D426F138-6AD8-4651-83D6-8994026E1997}.Debug|Any CPU.Build.0 = Debug|Any CPU
		{D426F138-6AD8-4651-83D6-8994026E1997}.Debug|ARM64.ActiveCfg = Debug|Any CPU
		{D426F138-6AD8-4651-83D6-8994026E1997}.Debug|ARM64.Build.0 = Debug|Any CPU
		{D426F138-6AD8-4651-83D6-8994026E1997}.Debug|x64.ActiveCfg = Debug|Any CPU
		{D426F138-6AD8-4651-83D6-8994026E1997}.Debug|x64.Build.0 = Debug|Any CPU
		{D426F138-6AD8-4651-83D6-8994026E1997}.Release|Any CPU.ActiveCfg = Release|Any CPU
		{D426F138-6AD8-4651-83D6-8994026E1997}.Release|Any CPU.Build.0 = Release|Any CPU
		{D426F138-6AD8-4651-83D6-8994026E1997}.Release|ARM64.ActiveCfg = Release|Any CPU
		{D426F138-6AD8-4651-83D6-8994026E1997}.Release|ARM64.Build.0 = Release|Any CPU
		{D426F138-6AD8-4651-83D6-8994026E1997}.Release|x64.ActiveCfg = Release|Any CPU
		{D426F138-6AD8-4651-83D6-8994026E1997}.Release|x64.Build.0 = Release|Any CPU
		{CD109B60-3083-44F4-9D10-2ED6307C8330}.Debug|Any CPU.ActiveCfg = Debug|Any CPU
		{CD109B60-3083-44F4-9D10-2ED6307C8330}.Debug|Any CPU.Build.0 = Debug|Any CPU
		{CD109B60-3083-44F4-9D10-2ED6307C8330}.Debug|ARM64.ActiveCfg = Debug|Any CPU
		{CD109B60-3083-44F4-9D10-2ED6307C8330}.Debug|ARM64.Build.0 = Debug|Any CPU
		{CD109B60-3083-44F4-9D10-2ED6307C8330}.Debug|x64.ActiveCfg = Debug|Any CPU
		{CD109B60-3083-44F4-9D10-2ED6307C8330}.Debug|x64.Build.0 = Debug|Any CPU
		{CD109B60-3083-44F4-9D10-2ED6307C8330}.Release|Any CPU.ActiveCfg = Release|Any CPU
		{CD109B60-3083-44F4-9D10-2ED6307C8330}.Release|Any CPU.Build.0 = Release|Any CPU
		{CD109B60-3083-44F4-9D10-2ED6307C8330}.Release|ARM64.ActiveCfg = Release|Any CPU
		{CD109B60-3083-44F4-9D10-2ED6307C8330}.Release|ARM64.Build.0 = Release|Any CPU
		{CD109B60-3083-44F4-9D10-2ED6307C8330}.Release|x64.ActiveCfg = Release|Any CPU
		{CD109B60-3083-44F4-9D10-2ED6307C8330}.Release|x64.Build.0 = Release|Any CPU
		{BA9C0DB0-82CE-4F92-877A-328854D4E3EB}.Debug|Any CPU.ActiveCfg = Debug|Any CPU
		{BA9C0DB0-82CE-4F92-877A-328854D4E3EB}.Debug|Any CPU.Build.0 = Debug|Any CPU
		{BA9C0DB0-82CE-4F92-877A-328854D4E3EB}.Debug|ARM64.ActiveCfg = Debug|Any CPU
		{BA9C0DB0-82CE-4F92-877A-328854D4E3EB}.Debug|ARM64.Build.0 = Debug|Any CPU
		{BA9C0DB0-82CE-4F92-877A-328854D4E3EB}.Debug|x64.ActiveCfg = Debug|x64
		{BA9C0DB0-82CE-4F92-877A-328854D4E3EB}.Debug|x64.Build.0 = Debug|x64
		{BA9C0DB0-82CE-4F92-877A-328854D4E3EB}.Release|Any CPU.ActiveCfg = Release|Any CPU
		{BA9C0DB0-82CE-4F92-877A-328854D4E3EB}.Release|Any CPU.Build.0 = Release|Any CPU
		{BA9C0DB0-82CE-4F92-877A-328854D4E3EB}.Release|ARM64.ActiveCfg = Release|Any CPU
		{BA9C0DB0-82CE-4F92-877A-328854D4E3EB}.Release|ARM64.Build.0 = Release|Any CPU
		{BA9C0DB0-82CE-4F92-877A-328854D4E3EB}.Release|x64.ActiveCfg = Release|x64
		{BA9C0DB0-82CE-4F92-877A-328854D4E3EB}.Release|x64.Build.0 = Release|x64
		{1DEFF857-5E9B-454C-B00B-D975F189C774}.Debug|Any CPU.ActiveCfg = Debug|Any CPU
		{1DEFF857-5E9B-454C-B00B-D975F189C774}.Debug|Any CPU.Build.0 = Debug|Any CPU
		{1DEFF857-5E9B-454C-B00B-D975F189C774}.Debug|ARM64.ActiveCfg = Debug|Any CPU
		{1DEFF857-5E9B-454C-B00B-D975F189C774}.Debug|ARM64.Build.0 = Debug|Any CPU
		{1DEFF857-5E9B-454C-B00B-D975F189C774}.Debug|x64.ActiveCfg = Debug|Any CPU
		{1DEFF857-5E9B-454C-B00B-D975F189C774}.Debug|x64.Build.0 = Debug|Any CPU
		{1DEFF857-5E9B-454C-B00B-D975F189C774}.Release|Any CPU.ActiveCfg = Release|Any CPU
		{1DEFF857-5E9B-454C-B00B-D975F189C774}.Release|Any CPU.Build.0 = Release|Any CPU
		{1DEFF857-5E9B-454C-B00B-D975F189C774}.Release|ARM64.ActiveCfg = Release|Any CPU
		{1DEFF857-5E9B-454C-B00B-D975F189C774}.Release|ARM64.Build.0 = Release|Any CPU
		{1DEFF857-5E9B-454C-B00B-D975F189C774}.Release|x64.ActiveCfg = Release|Any CPU
		{1DEFF857-5E9B-454C-B00B-D975F189C774}.Release|x64.Build.0 = Release|Any CPU
		{EE5EE16E-B4C1-45D9-BAEA-E827FB4E8D87}.Debug|Any CPU.ActiveCfg = Debug|Any CPU
		{EE5EE16E-B4C1-45D9-BAEA-E827FB4E8D87}.Debug|Any CPU.Build.0 = Debug|Any CPU
		{EE5EE16E-B4C1-45D9-BAEA-E827FB4E8D87}.Debug|ARM64.ActiveCfg = Debug|Any CPU
		{EE5EE16E-B4C1-45D9-BAEA-E827FB4E8D87}.Debug|ARM64.Build.0 = Debug|Any CPU
		{EE5EE16E-B4C1-45D9-BAEA-E827FB4E8D87}.Debug|x64.ActiveCfg = Debug|x64
		{EE5EE16E-B4C1-45D9-BAEA-E827FB4E8D87}.Debug|x64.Build.0 = Debug|x64
		{EE5EE16E-B4C1-45D9-BAEA-E827FB4E8D87}.Release|Any CPU.ActiveCfg = Release|Any CPU
		{EE5EE16E-B4C1-45D9-BAEA-E827FB4E8D87}.Release|Any CPU.Build.0 = Release|Any CPU
		{EE5EE16E-B4C1-45D9-BAEA-E827FB4E8D87}.Release|ARM64.ActiveCfg = Release|Any CPU
		{EE5EE16E-B4C1-45D9-BAEA-E827FB4E8D87}.Release|ARM64.Build.0 = Release|Any CPU
		{EE5EE16E-B4C1-45D9-BAEA-E827FB4E8D87}.Release|x64.ActiveCfg = Release|x64
		{EE5EE16E-B4C1-45D9-BAEA-E827FB4E8D87}.Release|x64.Build.0 = Release|x64
		{12D9BD0E-B442-4CAB-AAC8-ED4AFAAACDB1}.Debug|Any CPU.ActiveCfg = Debug|Any CPU
		{12D9BD0E-B442-4CAB-AAC8-ED4AFAAACDB1}.Debug|Any CPU.Build.0 = Debug|Any CPU
		{12D9BD0E-B442-4CAB-AAC8-ED4AFAAACDB1}.Debug|ARM64.ActiveCfg = Debug|Any CPU
		{12D9BD0E-B442-4CAB-AAC8-ED4AFAAACDB1}.Debug|ARM64.Build.0 = Debug|Any CPU
		{12D9BD0E-B442-4CAB-AAC8-ED4AFAAACDB1}.Debug|x64.ActiveCfg = Debug|x64
		{12D9BD0E-B442-4CAB-AAC8-ED4AFAAACDB1}.Debug|x64.Build.0 = Debug|x64
		{12D9BD0E-B442-4CAB-AAC8-ED4AFAAACDB1}.Release|Any CPU.ActiveCfg = Release|Any CPU
		{12D9BD0E-B442-4CAB-AAC8-ED4AFAAACDB1}.Release|Any CPU.Build.0 = Release|Any CPU
		{12D9BD0E-B442-4CAB-AAC8-ED4AFAAACDB1}.Release|ARM64.ActiveCfg = Release|Any CPU
		{12D9BD0E-B442-4CAB-AAC8-ED4AFAAACDB1}.Release|ARM64.Build.0 = Release|Any CPU
		{12D9BD0E-B442-4CAB-AAC8-ED4AFAAACDB1}.Release|x64.ActiveCfg = Release|x64
		{12D9BD0E-B442-4CAB-AAC8-ED4AFAAACDB1}.Release|x64.Build.0 = Release|x64
		{54F68A15-D2A0-47FA-94C9-C7C539890B46}.Debug|Any CPU.ActiveCfg = Debug|Any CPU
		{54F68A15-D2A0-47FA-94C9-C7C539890B46}.Debug|Any CPU.Build.0 = Debug|Any CPU
		{54F68A15-D2A0-47FA-94C9-C7C539890B46}.Debug|ARM64.ActiveCfg = Debug|Any CPU
		{54F68A15-D2A0-47FA-94C9-C7C539890B46}.Debug|ARM64.Build.0 = Debug|Any CPU
		{54F68A15-D2A0-47FA-94C9-C7C539890B46}.Debug|x64.ActiveCfg = Debug|Any CPU
		{54F68A15-D2A0-47FA-94C9-C7C539890B46}.Debug|x64.Build.0 = Debug|Any CPU
		{54F68A15-D2A0-47FA-94C9-C7C539890B46}.Release|Any CPU.ActiveCfg = Release|Any CPU
		{54F68A15-D2A0-47FA-94C9-C7C539890B46}.Release|Any CPU.Build.0 = Release|Any CPU
		{54F68A15-D2A0-47FA-94C9-C7C539890B46}.Release|ARM64.ActiveCfg = Release|Any CPU
		{54F68A15-D2A0-47FA-94C9-C7C539890B46}.Release|ARM64.Build.0 = Release|Any CPU
		{54F68A15-D2A0-47FA-94C9-C7C539890B46}.Release|x64.ActiveCfg = Release|Any CPU
		{54F68A15-D2A0-47FA-94C9-C7C539890B46}.Release|x64.Build.0 = Release|Any CPU
		{773B5E9A-F481-4917-9EB8-93FBEFBE4A1A}.Debug|Any CPU.ActiveCfg = Debug|Any CPU
		{773B5E9A-F481-4917-9EB8-93FBEFBE4A1A}.Debug|Any CPU.Build.0 = Debug|Any CPU
		{773B5E9A-F481-4917-9EB8-93FBEFBE4A1A}.Debug|ARM64.ActiveCfg = Debug|Any CPU
		{773B5E9A-F481-4917-9EB8-93FBEFBE4A1A}.Debug|ARM64.Build.0 = Debug|Any CPU
		{773B5E9A-F481-4917-9EB8-93FBEFBE4A1A}.Debug|x64.ActiveCfg = Debug|Any CPU
		{773B5E9A-F481-4917-9EB8-93FBEFBE4A1A}.Debug|x64.Build.0 = Debug|Any CPU
		{773B5E9A-F481-4917-9EB8-93FBEFBE4A1A}.Release|Any CPU.ActiveCfg = Release|Any CPU
		{773B5E9A-F481-4917-9EB8-93FBEFBE4A1A}.Release|Any CPU.Build.0 = Release|Any CPU
		{773B5E9A-F481-4917-9EB8-93FBEFBE4A1A}.Release|ARM64.ActiveCfg = Release|Any CPU
		{773B5E9A-F481-4917-9EB8-93FBEFBE4A1A}.Release|ARM64.Build.0 = Release|Any CPU
		{773B5E9A-F481-4917-9EB8-93FBEFBE4A1A}.Release|x64.ActiveCfg = Release|Any CPU
		{773B5E9A-F481-4917-9EB8-93FBEFBE4A1A}.Release|x64.Build.0 = Release|Any CPU
		{ABCD1334-2E1E-4968-8C69-7FC5612BA3D0}.Debug|Any CPU.ActiveCfg = Debug|Any CPU
		{ABCD1334-2E1E-4968-8C69-7FC5612BA3D0}.Debug|Any CPU.Build.0 = Debug|Any CPU
		{ABCD1334-2E1E-4968-8C69-7FC5612BA3D0}.Debug|ARM64.ActiveCfg = Debug|Any CPU
		{ABCD1334-2E1E-4968-8C69-7FC5612BA3D0}.Debug|ARM64.Build.0 = Debug|Any CPU
		{ABCD1334-2E1E-4968-8C69-7FC5612BA3D0}.Debug|x64.ActiveCfg = Debug|Any CPU
		{ABCD1334-2E1E-4968-8C69-7FC5612BA3D0}.Debug|x64.Build.0 = Debug|Any CPU
		{ABCD1334-2E1E-4968-8C69-7FC5612BA3D0}.Release|Any CPU.ActiveCfg = Release|Any CPU
		{ABCD1334-2E1E-4968-8C69-7FC5612BA3D0}.Release|Any CPU.Build.0 = Release|Any CPU
		{ABCD1334-2E1E-4968-8C69-7FC5612BA3D0}.Release|ARM64.ActiveCfg = Release|Any CPU
		{ABCD1334-2E1E-4968-8C69-7FC5612BA3D0}.Release|ARM64.Build.0 = Release|Any CPU
		{ABCD1334-2E1E-4968-8C69-7FC5612BA3D0}.Release|x64.ActiveCfg = Release|Any CPU
		{ABCD1334-2E1E-4968-8C69-7FC5612BA3D0}.Release|x64.Build.0 = Release|Any CPU
		{D0D76CC1-F6B3-44A4-A6C5-AA5DF74FDE7F}.Debug|Any CPU.ActiveCfg = Debug|Any CPU
		{D0D76CC1-F6B3-44A4-A6C5-AA5DF74FDE7F}.Debug|Any CPU.Build.0 = Debug|Any CPU
		{D0D76CC1-F6B3-44A4-A6C5-AA5DF74FDE7F}.Debug|ARM64.ActiveCfg = Debug|Any CPU
		{D0D76CC1-F6B3-44A4-A6C5-AA5DF74FDE7F}.Debug|ARM64.Build.0 = Debug|Any CPU
		{D0D76CC1-F6B3-44A4-A6C5-AA5DF74FDE7F}.Debug|x64.ActiveCfg = Debug|Any CPU
		{D0D76CC1-F6B3-44A4-A6C5-AA5DF74FDE7F}.Debug|x64.Build.0 = Debug|Any CPU
		{D0D76CC1-F6B3-44A4-A6C5-AA5DF74FDE7F}.Release|Any CPU.ActiveCfg = Release|Any CPU
		{D0D76CC1-F6B3-44A4-A6C5-AA5DF74FDE7F}.Release|Any CPU.Build.0 = Release|Any CPU
		{D0D76CC1-F6B3-44A4-A6C5-AA5DF74FDE7F}.Release|ARM64.ActiveCfg = Release|Any CPU
		{D0D76CC1-F6B3-44A4-A6C5-AA5DF74FDE7F}.Release|ARM64.Build.0 = Release|Any CPU
		{D0D76CC1-F6B3-44A4-A6C5-AA5DF74FDE7F}.Release|x64.ActiveCfg = Release|Any CPU
		{D0D76CC1-F6B3-44A4-A6C5-AA5DF74FDE7F}.Release|x64.Build.0 = Release|Any CPU
		{041A3750-97DA-448F-AE93-B50524A2CA33}.Debug|Any CPU.ActiveCfg = Debug|Any CPU
		{041A3750-97DA-448F-AE93-B50524A2CA33}.Debug|Any CPU.Build.0 = Debug|Any CPU
		{041A3750-97DA-448F-AE93-B50524A2CA33}.Debug|ARM64.ActiveCfg = Debug|Any CPU
		{041A3750-97DA-448F-AE93-B50524A2CA33}.Debug|ARM64.Build.0 = Debug|Any CPU
		{041A3750-97DA-448F-AE93-B50524A2CA33}.Debug|x64.ActiveCfg = Debug|Any CPU
		{041A3750-97DA-448F-AE93-B50524A2CA33}.Debug|x64.Build.0 = Debug|Any CPU
		{041A3750-97DA-448F-AE93-B50524A2CA33}.Release|Any CPU.ActiveCfg = Release|Any CPU
		{041A3750-97DA-448F-AE93-B50524A2CA33}.Release|Any CPU.Build.0 = Release|Any CPU
		{041A3750-97DA-448F-AE93-B50524A2CA33}.Release|ARM64.ActiveCfg = Release|Any CPU
		{041A3750-97DA-448F-AE93-B50524A2CA33}.Release|ARM64.Build.0 = Release|Any CPU
		{041A3750-97DA-448F-AE93-B50524A2CA33}.Release|x64.ActiveCfg = Release|Any CPU
		{041A3750-97DA-448F-AE93-B50524A2CA33}.Release|x64.Build.0 = Release|Any CPU
		{6EFF58FA-089C-46F0-9096-B67A6ADF9B86}.Debug|Any CPU.ActiveCfg = Debug|Any CPU
		{6EFF58FA-089C-46F0-9096-B67A6ADF9B86}.Debug|Any CPU.Build.0 = Debug|Any CPU
		{6EFF58FA-089C-46F0-9096-B67A6ADF9B86}.Debug|ARM64.ActiveCfg = Debug|Any CPU
		{6EFF58FA-089C-46F0-9096-B67A6ADF9B86}.Debug|ARM64.Build.0 = Debug|Any CPU
		{6EFF58FA-089C-46F0-9096-B67A6ADF9B86}.Debug|x64.ActiveCfg = Debug|Any CPU
		{6EFF58FA-089C-46F0-9096-B67A6ADF9B86}.Debug|x64.Build.0 = Debug|Any CPU
		{6EFF58FA-089C-46F0-9096-B67A6ADF9B86}.Release|Any CPU.ActiveCfg = Release|Any CPU
		{6EFF58FA-089C-46F0-9096-B67A6ADF9B86}.Release|Any CPU.Build.0 = Release|Any CPU
		{6EFF58FA-089C-46F0-9096-B67A6ADF9B86}.Release|ARM64.ActiveCfg = Release|Any CPU
		{6EFF58FA-089C-46F0-9096-B67A6ADF9B86}.Release|ARM64.Build.0 = Release|Any CPU
		{6EFF58FA-089C-46F0-9096-B67A6ADF9B86}.Release|x64.ActiveCfg = Release|Any CPU
		{6EFF58FA-089C-46F0-9096-B67A6ADF9B86}.Release|x64.Build.0 = Release|Any CPU
		{5771D23F-DC5F-47BF-AFB8-353353EFAF8B}.Debug|Any CPU.ActiveCfg = Debug|Any CPU
		{5771D23F-DC5F-47BF-AFB8-353353EFAF8B}.Debug|Any CPU.Build.0 = Debug|Any CPU
		{5771D23F-DC5F-47BF-AFB8-353353EFAF8B}.Debug|ARM64.ActiveCfg = Debug|Any CPU
		{5771D23F-DC5F-47BF-AFB8-353353EFAF8B}.Debug|ARM64.Build.0 = Debug|Any CPU
		{5771D23F-DC5F-47BF-AFB8-353353EFAF8B}.Debug|x64.ActiveCfg = Debug|Any CPU
		{5771D23F-DC5F-47BF-AFB8-353353EFAF8B}.Debug|x64.Build.0 = Debug|Any CPU
		{5771D23F-DC5F-47BF-AFB8-353353EFAF8B}.Release|Any CPU.ActiveCfg = Release|Any CPU
		{5771D23F-DC5F-47BF-AFB8-353353EFAF8B}.Release|Any CPU.Build.0 = Release|Any CPU
		{5771D23F-DC5F-47BF-AFB8-353353EFAF8B}.Release|ARM64.ActiveCfg = Release|Any CPU
		{5771D23F-DC5F-47BF-AFB8-353353EFAF8B}.Release|ARM64.Build.0 = Release|Any CPU
		{5771D23F-DC5F-47BF-AFB8-353353EFAF8B}.Release|x64.ActiveCfg = Release|Any CPU
		{5771D23F-DC5F-47BF-AFB8-353353EFAF8B}.Release|x64.Build.0 = Release|Any CPU
		{D0D71B52-EDFE-4AA5-8EE1-771FDF950B6D}.Debug|Any CPU.ActiveCfg = Debug|Any CPU
		{D0D71B52-EDFE-4AA5-8EE1-771FDF950B6D}.Debug|Any CPU.Build.0 = Debug|Any CPU
		{D0D71B52-EDFE-4AA5-8EE1-771FDF950B6D}.Debug|ARM64.ActiveCfg = Debug|Any CPU
		{D0D71B52-EDFE-4AA5-8EE1-771FDF950B6D}.Debug|ARM64.Build.0 = Debug|Any CPU
		{D0D71B52-EDFE-4AA5-8EE1-771FDF950B6D}.Debug|x64.ActiveCfg = Debug|Any CPU
		{D0D71B52-EDFE-4AA5-8EE1-771FDF950B6D}.Debug|x64.Build.0 = Debug|Any CPU
		{D0D71B52-EDFE-4AA5-8EE1-771FDF950B6D}.Release|Any CPU.ActiveCfg = Release|Any CPU
		{D0D71B52-EDFE-4AA5-8EE1-771FDF950B6D}.Release|Any CPU.Build.0 = Release|Any CPU
		{D0D71B52-EDFE-4AA5-8EE1-771FDF950B6D}.Release|ARM64.ActiveCfg = Release|Any CPU
		{D0D71B52-EDFE-4AA5-8EE1-771FDF950B6D}.Release|ARM64.Build.0 = Release|Any CPU
		{D0D71B52-EDFE-4AA5-8EE1-771FDF950B6D}.Release|x64.ActiveCfg = Release|Any CPU
		{D0D71B52-EDFE-4AA5-8EE1-771FDF950B6D}.Release|x64.Build.0 = Release|Any CPU
		{544FBD46-DCDB-445E-9784-5B771CAFF32D}.Debug|Any CPU.ActiveCfg = Debug|Any CPU
		{544FBD46-DCDB-445E-9784-5B771CAFF32D}.Debug|Any CPU.Build.0 = Debug|Any CPU
		{544FBD46-DCDB-445E-9784-5B771CAFF32D}.Debug|ARM64.ActiveCfg = Debug|Any CPU
		{544FBD46-DCDB-445E-9784-5B771CAFF32D}.Debug|ARM64.Build.0 = Debug|Any CPU
		{544FBD46-DCDB-445E-9784-5B771CAFF32D}.Debug|x64.ActiveCfg = Debug|Any CPU
		{544FBD46-DCDB-445E-9784-5B771CAFF32D}.Debug|x64.Build.0 = Debug|Any CPU
		{544FBD46-DCDB-445E-9784-5B771CAFF32D}.Release|Any CPU.ActiveCfg = Release|Any CPU
		{544FBD46-DCDB-445E-9784-5B771CAFF32D}.Release|Any CPU.Build.0 = Release|Any CPU
		{544FBD46-DCDB-445E-9784-5B771CAFF32D}.Release|ARM64.ActiveCfg = Release|Any CPU
		{544FBD46-DCDB-445E-9784-5B771CAFF32D}.Release|ARM64.Build.0 = Release|Any CPU
		{544FBD46-DCDB-445E-9784-5B771CAFF32D}.Release|x64.ActiveCfg = Release|Any CPU
		{544FBD46-DCDB-445E-9784-5B771CAFF32D}.Release|x64.Build.0 = Release|Any CPU
		{AE142B97-4D48-4FD5-8DB5-E71250632C3B}.Debug|Any CPU.ActiveCfg = Debug|Any CPU
		{AE142B97-4D48-4FD5-8DB5-E71250632C3B}.Debug|Any CPU.Build.0 = Debug|Any CPU
		{AE142B97-4D48-4FD5-8DB5-E71250632C3B}.Debug|ARM64.ActiveCfg = Debug|Any CPU
		{AE142B97-4D48-4FD5-8DB5-E71250632C3B}.Debug|ARM64.Build.0 = Debug|Any CPU
		{AE142B97-4D48-4FD5-8DB5-E71250632C3B}.Debug|x64.ActiveCfg = Debug|Any CPU
		{AE142B97-4D48-4FD5-8DB5-E71250632C3B}.Debug|x64.Build.0 = Debug|Any CPU
		{AE142B97-4D48-4FD5-8DB5-E71250632C3B}.Release|Any CPU.ActiveCfg = Release|Any CPU
		{AE142B97-4D48-4FD5-8DB5-E71250632C3B}.Release|Any CPU.Build.0 = Release|Any CPU
		{AE142B97-4D48-4FD5-8DB5-E71250632C3B}.Release|ARM64.ActiveCfg = Release|Any CPU
		{AE142B97-4D48-4FD5-8DB5-E71250632C3B}.Release|ARM64.Build.0 = Release|Any CPU
		{AE142B97-4D48-4FD5-8DB5-E71250632C3B}.Release|x64.ActiveCfg = Release|Any CPU
		{AE142B97-4D48-4FD5-8DB5-E71250632C3B}.Release|x64.Build.0 = Release|Any CPU
		{711DCB20-365E-4951-A4E1-42BC8A7ED209}.Debug|Any CPU.ActiveCfg = Debug|Any CPU
		{711DCB20-365E-4951-A4E1-42BC8A7ED209}.Debug|Any CPU.Build.0 = Debug|Any CPU
		{711DCB20-365E-4951-A4E1-42BC8A7ED209}.Debug|ARM64.ActiveCfg = Debug|Any CPU
		{711DCB20-365E-4951-A4E1-42BC8A7ED209}.Debug|ARM64.Build.0 = Debug|Any CPU
		{711DCB20-365E-4951-A4E1-42BC8A7ED209}.Debug|x64.ActiveCfg = Debug|Any CPU
		{711DCB20-365E-4951-A4E1-42BC8A7ED209}.Debug|x64.Build.0 = Debug|Any CPU
		{711DCB20-365E-4951-A4E1-42BC8A7ED209}.Release|Any CPU.ActiveCfg = Release|Any CPU
		{711DCB20-365E-4951-A4E1-42BC8A7ED209}.Release|Any CPU.Build.0 = Release|Any CPU
		{711DCB20-365E-4951-A4E1-42BC8A7ED209}.Release|ARM64.ActiveCfg = Release|Any CPU
		{711DCB20-365E-4951-A4E1-42BC8A7ED209}.Release|ARM64.Build.0 = Release|Any CPU
		{711DCB20-365E-4951-A4E1-42BC8A7ED209}.Release|x64.ActiveCfg = Release|Any CPU
		{711DCB20-365E-4951-A4E1-42BC8A7ED209}.Release|x64.Build.0 = Release|Any CPU
		{82700B37-5B2D-4A05-B14B-C5B5FBA73767}.Debug|Any CPU.ActiveCfg = Debug|Any CPU
		{82700B37-5B2D-4A05-B14B-C5B5FBA73767}.Debug|Any CPU.Build.0 = Debug|Any CPU
		{82700B37-5B2D-4A05-B14B-C5B5FBA73767}.Debug|ARM64.ActiveCfg = Debug|Any CPU
		{82700B37-5B2D-4A05-B14B-C5B5FBA73767}.Debug|ARM64.Build.0 = Debug|Any CPU
		{82700B37-5B2D-4A05-B14B-C5B5FBA73767}.Debug|x64.ActiveCfg = Debug|Any CPU
		{82700B37-5B2D-4A05-B14B-C5B5FBA73767}.Debug|x64.Build.0 = Debug|Any CPU
		{82700B37-5B2D-4A05-B14B-C5B5FBA73767}.Release|Any CPU.ActiveCfg = Release|Any CPU
		{82700B37-5B2D-4A05-B14B-C5B5FBA73767}.Release|Any CPU.Build.0 = Release|Any CPU
		{82700B37-5B2D-4A05-B14B-C5B5FBA73767}.Release|ARM64.ActiveCfg = Release|Any CPU
		{82700B37-5B2D-4A05-B14B-C5B5FBA73767}.Release|ARM64.Build.0 = Release|Any CPU
		{82700B37-5B2D-4A05-B14B-C5B5FBA73767}.Release|x64.ActiveCfg = Release|Any CPU
		{82700B37-5B2D-4A05-B14B-C5B5FBA73767}.Release|x64.Build.0 = Release|Any CPU
		{B798C7FB-246C-4503-8380-C10456997C32}.Debug|Any CPU.ActiveCfg = Debug|Any CPU
		{B798C7FB-246C-4503-8380-C10456997C32}.Debug|Any CPU.Build.0 = Debug|Any CPU
		{B798C7FB-246C-4503-8380-C10456997C32}.Debug|ARM64.ActiveCfg = Debug|Any CPU
		{B798C7FB-246C-4503-8380-C10456997C32}.Debug|ARM64.Build.0 = Debug|Any CPU
		{B798C7FB-246C-4503-8380-C10456997C32}.Debug|x64.ActiveCfg = Debug|Any CPU
		{B798C7FB-246C-4503-8380-C10456997C32}.Debug|x64.Build.0 = Debug|Any CPU
		{B798C7FB-246C-4503-8380-C10456997C32}.Release|Any CPU.ActiveCfg = Release|Any CPU
		{B798C7FB-246C-4503-8380-C10456997C32}.Release|Any CPU.Build.0 = Release|Any CPU
		{B798C7FB-246C-4503-8380-C10456997C32}.Release|ARM64.ActiveCfg = Release|Any CPU
		{B798C7FB-246C-4503-8380-C10456997C32}.Release|ARM64.Build.0 = Release|Any CPU
		{B798C7FB-246C-4503-8380-C10456997C32}.Release|x64.ActiveCfg = Release|Any CPU
		{B798C7FB-246C-4503-8380-C10456997C32}.Release|x64.Build.0 = Release|Any CPU
		{424781C1-0643-4043-B705-BC7FFEA69B72}.Debug|Any CPU.ActiveCfg = Debug|Any CPU
		{424781C1-0643-4043-B705-BC7FFEA69B72}.Debug|Any CPU.Build.0 = Debug|Any CPU
		{424781C1-0643-4043-B705-BC7FFEA69B72}.Debug|ARM64.ActiveCfg = Debug|Any CPU
		{424781C1-0643-4043-B705-BC7FFEA69B72}.Debug|ARM64.Build.0 = Debug|Any CPU
		{424781C1-0643-4043-B705-BC7FFEA69B72}.Debug|x64.ActiveCfg = Debug|Any CPU
		{424781C1-0643-4043-B705-BC7FFEA69B72}.Debug|x64.Build.0 = Debug|Any CPU
		{424781C1-0643-4043-B705-BC7FFEA69B72}.Release|Any CPU.ActiveCfg = Release|Any CPU
		{424781C1-0643-4043-B705-BC7FFEA69B72}.Release|Any CPU.Build.0 = Release|Any CPU
		{424781C1-0643-4043-B705-BC7FFEA69B72}.Release|ARM64.ActiveCfg = Release|Any CPU
		{424781C1-0643-4043-B705-BC7FFEA69B72}.Release|ARM64.Build.0 = Release|Any CPU
		{424781C1-0643-4043-B705-BC7FFEA69B72}.Release|x64.ActiveCfg = Release|Any CPU
		{424781C1-0643-4043-B705-BC7FFEA69B72}.Release|x64.Build.0 = Release|Any CPU
		{3E2AA027-DA36-41CE-AF6F-48F5E10DB01A}.Debug|Any CPU.ActiveCfg = Debug|Any CPU
		{3E2AA027-DA36-41CE-AF6F-48F5E10DB01A}.Debug|Any CPU.Build.0 = Debug|Any CPU
		{3E2AA027-DA36-41CE-AF6F-48F5E10DB01A}.Debug|ARM64.ActiveCfg = Debug|Any CPU
		{3E2AA027-DA36-41CE-AF6F-48F5E10DB01A}.Debug|ARM64.Build.0 = Debug|Any CPU
		{3E2AA027-DA36-41CE-AF6F-48F5E10DB01A}.Debug|x64.ActiveCfg = Debug|Any CPU
		{3E2AA027-DA36-41CE-AF6F-48F5E10DB01A}.Debug|x64.Build.0 = Debug|Any CPU
		{3E2AA027-DA36-41CE-AF6F-48F5E10DB01A}.Release|Any CPU.ActiveCfg = Release|Any CPU
		{3E2AA027-DA36-41CE-AF6F-48F5E10DB01A}.Release|Any CPU.Build.0 = Release|Any CPU
		{3E2AA027-DA36-41CE-AF6F-48F5E10DB01A}.Release|ARM64.ActiveCfg = Release|Any CPU
		{3E2AA027-DA36-41CE-AF6F-48F5E10DB01A}.Release|ARM64.Build.0 = Release|Any CPU
		{3E2AA027-DA36-41CE-AF6F-48F5E10DB01A}.Release|x64.ActiveCfg = Release|Any CPU
		{3E2AA027-DA36-41CE-AF6F-48F5E10DB01A}.Release|x64.Build.0 = Release|Any CPU
		{08784FBD-FA34-414E-9AD6-18A48AFD7AE3}.Debug|Any CPU.ActiveCfg = Debug|Any CPU
		{08784FBD-FA34-414E-9AD6-18A48AFD7AE3}.Debug|Any CPU.Build.0 = Debug|Any CPU
		{08784FBD-FA34-414E-9AD6-18A48AFD7AE3}.Debug|ARM64.ActiveCfg = Debug|Any CPU
		{08784FBD-FA34-414E-9AD6-18A48AFD7AE3}.Debug|ARM64.Build.0 = Debug|Any CPU
		{08784FBD-FA34-414E-9AD6-18A48AFD7AE3}.Debug|x64.ActiveCfg = Debug|Any CPU
		{08784FBD-FA34-414E-9AD6-18A48AFD7AE3}.Debug|x64.Build.0 = Debug|Any CPU
		{08784FBD-FA34-414E-9AD6-18A48AFD7AE3}.Release|Any CPU.ActiveCfg = Release|Any CPU
		{08784FBD-FA34-414E-9AD6-18A48AFD7AE3}.Release|Any CPU.Build.0 = Release|Any CPU
		{08784FBD-FA34-414E-9AD6-18A48AFD7AE3}.Release|ARM64.ActiveCfg = Release|Any CPU
		{08784FBD-FA34-414E-9AD6-18A48AFD7AE3}.Release|ARM64.Build.0 = Release|Any CPU
		{08784FBD-FA34-414E-9AD6-18A48AFD7AE3}.Release|x64.ActiveCfg = Release|Any CPU
		{08784FBD-FA34-414E-9AD6-18A48AFD7AE3}.Release|x64.Build.0 = Release|Any CPU
		{52637649-EF55-4162-AC52-56114B454623}.Debug|Any CPU.ActiveCfg = Debug|Any CPU
		{52637649-EF55-4162-AC52-56114B454623}.Debug|Any CPU.Build.0 = Debug|Any CPU
		{52637649-EF55-4162-AC52-56114B454623}.Debug|ARM64.ActiveCfg = Debug|Any CPU
		{52637649-EF55-4162-AC52-56114B454623}.Debug|ARM64.Build.0 = Debug|Any CPU
		{52637649-EF55-4162-AC52-56114B454623}.Debug|x64.ActiveCfg = Debug|Any CPU
		{52637649-EF55-4162-AC52-56114B454623}.Debug|x64.Build.0 = Debug|Any CPU
		{52637649-EF55-4162-AC52-56114B454623}.Release|Any CPU.ActiveCfg = Release|Any CPU
		{52637649-EF55-4162-AC52-56114B454623}.Release|Any CPU.Build.0 = Release|Any CPU
		{52637649-EF55-4162-AC52-56114B454623}.Release|ARM64.ActiveCfg = Release|Any CPU
		{52637649-EF55-4162-AC52-56114B454623}.Release|ARM64.Build.0 = Release|Any CPU
		{52637649-EF55-4162-AC52-56114B454623}.Release|x64.ActiveCfg = Release|Any CPU
		{52637649-EF55-4162-AC52-56114B454623}.Release|x64.Build.0 = Release|Any CPU
		{9F42C894-CBC4-46AA-A7DA-1131FBBA9041}.Debug|Any CPU.ActiveCfg = Debug|Any CPU
		{9F42C894-CBC4-46AA-A7DA-1131FBBA9041}.Debug|Any CPU.Build.0 = Debug|Any CPU
		{9F42C894-CBC4-46AA-A7DA-1131FBBA9041}.Debug|ARM64.ActiveCfg = Debug|Any CPU
		{9F42C894-CBC4-46AA-A7DA-1131FBBA9041}.Debug|ARM64.Build.0 = Debug|Any CPU
		{9F42C894-CBC4-46AA-A7DA-1131FBBA9041}.Debug|x64.ActiveCfg = Debug|Any CPU
		{9F42C894-CBC4-46AA-A7DA-1131FBBA9041}.Debug|x64.Build.0 = Debug|Any CPU
		{9F42C894-CBC4-46AA-A7DA-1131FBBA9041}.Release|Any CPU.ActiveCfg = Release|Any CPU
		{9F42C894-CBC4-46AA-A7DA-1131FBBA9041}.Release|Any CPU.Build.0 = Release|Any CPU
		{9F42C894-CBC4-46AA-A7DA-1131FBBA9041}.Release|ARM64.ActiveCfg = Release|Any CPU
		{9F42C894-CBC4-46AA-A7DA-1131FBBA9041}.Release|ARM64.Build.0 = Release|Any CPU
		{9F42C894-CBC4-46AA-A7DA-1131FBBA9041}.Release|x64.ActiveCfg = Release|Any CPU
		{9F42C894-CBC4-46AA-A7DA-1131FBBA9041}.Release|x64.Build.0 = Release|Any CPU
		{1F1F03C5-92B7-454E-9568-C8F3815D5B6C}.Debug|Any CPU.ActiveCfg = Debug|Any CPU
		{1F1F03C5-92B7-454E-9568-C8F3815D5B6C}.Debug|Any CPU.Build.0 = Debug|Any CPU
		{1F1F03C5-92B7-454E-9568-C8F3815D5B6C}.Debug|ARM64.ActiveCfg = Debug|Any CPU
		{1F1F03C5-92B7-454E-9568-C8F3815D5B6C}.Debug|ARM64.Build.0 = Debug|Any CPU
		{1F1F03C5-92B7-454E-9568-C8F3815D5B6C}.Debug|x64.ActiveCfg = Debug|Any CPU
		{1F1F03C5-92B7-454E-9568-C8F3815D5B6C}.Debug|x64.Build.0 = Debug|Any CPU
		{1F1F03C5-92B7-454E-9568-C8F3815D5B6C}.Release|Any CPU.ActiveCfg = Release|Any CPU
		{1F1F03C5-92B7-454E-9568-C8F3815D5B6C}.Release|Any CPU.Build.0 = Release|Any CPU
		{1F1F03C5-92B7-454E-9568-C8F3815D5B6C}.Release|ARM64.ActiveCfg = Release|Any CPU
		{1F1F03C5-92B7-454E-9568-C8F3815D5B6C}.Release|ARM64.Build.0 = Release|Any CPU
		{1F1F03C5-92B7-454E-9568-C8F3815D5B6C}.Release|x64.ActiveCfg = Release|Any CPU
		{1F1F03C5-92B7-454E-9568-C8F3815D5B6C}.Release|x64.Build.0 = Release|Any CPU
		{79F75C89-5399-4388-9309-EA8C57437D9B}.Debug|Any CPU.ActiveCfg = Debug|Any CPU
		{79F75C89-5399-4388-9309-EA8C57437D9B}.Debug|Any CPU.Build.0 = Debug|Any CPU
		{79F75C89-5399-4388-9309-EA8C57437D9B}.Debug|ARM64.ActiveCfg = Debug|Any CPU
		{79F75C89-5399-4388-9309-EA8C57437D9B}.Debug|ARM64.Build.0 = Debug|Any CPU
		{79F75C89-5399-4388-9309-EA8C57437D9B}.Debug|x64.ActiveCfg = Debug|Any CPU
		{79F75C89-5399-4388-9309-EA8C57437D9B}.Debug|x64.Build.0 = Debug|Any CPU
		{79F75C89-5399-4388-9309-EA8C57437D9B}.Release|Any CPU.ActiveCfg = Release|Any CPU
		{79F75C89-5399-4388-9309-EA8C57437D9B}.Release|Any CPU.Build.0 = Release|Any CPU
		{79F75C89-5399-4388-9309-EA8C57437D9B}.Release|ARM64.ActiveCfg = Release|Any CPU
		{79F75C89-5399-4388-9309-EA8C57437D9B}.Release|ARM64.Build.0 = Release|Any CPU
		{79F75C89-5399-4388-9309-EA8C57437D9B}.Release|x64.ActiveCfg = Release|Any CPU
		{79F75C89-5399-4388-9309-EA8C57437D9B}.Release|x64.Build.0 = Release|Any CPU
	EndGlobalSection
	GlobalSection(SolutionProperties) = preSolution
		HideSolutionNode = FALSE
	EndGlobalSection
	GlobalSection(NestedProjects) = preSolution
		{D426F138-6AD8-4651-83D6-8994026E1997} = {E3288A39-775D-46E2-9C57-0144AD7BB242}
		{CD109B60-3083-44F4-9D10-2ED6307C8330} = {E3288A39-775D-46E2-9C57-0144AD7BB242}
		{BA9C0DB0-82CE-4F92-877A-328854D4E3EB} = {737DDC30-E91A-4F49-952F-1F5BFCB006E4}
		{1DEFF857-5E9B-454C-B00B-D975F189C774} = {F2806AE1-EF05-42B9-BB5C-522C96B582FE}
		{EE5EE16E-B4C1-45D9-BAEA-E827FB4E8D87} = {F2806AE1-EF05-42B9-BB5C-522C96B582FE}
		{12D9BD0E-B442-4CAB-AAC8-ED4AFAAACDB1} = {F2806AE1-EF05-42B9-BB5C-522C96B582FE}
		{54F68A15-D2A0-47FA-94C9-C7C539890B46} = {F2806AE1-EF05-42B9-BB5C-522C96B582FE}
		{773B5E9A-F481-4917-9EB8-93FBEFBE4A1A} = {F2806AE1-EF05-42B9-BB5C-522C96B582FE}
		{ABCD1334-2E1E-4968-8C69-7FC5612BA3D0} = {D15F451E-6323-4141-8B22-8A329ACED010}
		{D0D76CC1-F6B3-44A4-A6C5-AA5DF74FDE7F} = {D15F451E-6323-4141-8B22-8A329ACED010}
		{041A3750-97DA-448F-AE93-B50524A2CA33} = {9E101761-3BBF-4D39-A40E-84FBC8714492}
		{6EFF58FA-089C-46F0-9096-B67A6ADF9B86} = {9E101761-3BBF-4D39-A40E-84FBC8714492}
		{5771D23F-DC5F-47BF-AFB8-353353EFAF8B} = {9E101761-3BBF-4D39-A40E-84FBC8714492}
		{D0D71B52-EDFE-4AA5-8EE1-771FDF950B6D} = {9E101761-3BBF-4D39-A40E-84FBC8714492}
		{544FBD46-DCDB-445E-9784-5B771CAFF32D} = {9E101761-3BBF-4D39-A40E-84FBC8714492}
		{AE142B97-4D48-4FD5-8DB5-E71250632C3B} = {9E101761-3BBF-4D39-A40E-84FBC8714492}
		{711DCB20-365E-4951-A4E1-42BC8A7ED209} = {9E101761-3BBF-4D39-A40E-84FBC8714492}
		{82700B37-5B2D-4A05-B14B-C5B5FBA73767} = {9E101761-3BBF-4D39-A40E-84FBC8714492}
		{B798C7FB-246C-4503-8380-C10456997C32} = {91353D09-73E9-4997-8764-81403F8681C3}
		{424781C1-0643-4043-B705-BC7FFEA69B72} = {D15F451E-6323-4141-8B22-8A329ACED010}
		{3E2AA027-DA36-41CE-AF6F-48F5E10DB01A} = {D15F451E-6323-4141-8B22-8A329ACED010}
		{08784FBD-FA34-414E-9AD6-18A48AFD7AE3} = {9E101761-3BBF-4D39-A40E-84FBC8714492}
		{52637649-EF55-4162-AC52-56114B454623} = {F2806AE1-EF05-42B9-BB5C-522C96B582FE}
		{9F42C894-CBC4-46AA-A7DA-1131FBBA9041} = {F2806AE1-EF05-42B9-BB5C-522C96B582FE}
		{1F1F03C5-92B7-454E-9568-C8F3815D5B6C} = {F2806AE1-EF05-42B9-BB5C-522C96B582FE}
		{79F75C89-5399-4388-9309-EA8C57437D9B} = {F2806AE1-EF05-42B9-BB5C-522C96B582FE}
	EndGlobalSection
	GlobalSection(ExtensibilityGlobals) = postSolution
		SolutionGuid = {DDC3645F-CFCC-48DC-B4E4-C1C7847D2D64}
	EndGlobalSection
EndGlobal
