
Microsoft Visual Studio Solution File, Format Version 12.00
# Visual Studio Version 16
VisualStudioVersion = 16.0.32901.82
MinimumVisualStudioVersion = 10.0.40219.1
Project("{FAE04EC0-301F-11D3-BF4B-00C04F79EFBC}") = "CompleteSolution", "CompleteSolution\CompleteSolution.csproj", "{01579336-780C-4615-A366-6DF706FD2FF5}"
EndProject
Global
	GlobalSection(SolutionConfigurationPlatforms) = preSolution
		Debug|Any CPU = Debug|Any CPU
		Release|Any CPU = Release|Any CPU
	EndGlobalSection
	GlobalSection(ProjectConfigurationPlatforms) = postSolution
		{01579336-780C-4615-A366-6DF706FD2FF5}.Debug|Any CPU.ActiveCfg = Debug|Any CPU
		{01579336-780C-4615-A366-6DF706FD2FF5}.Debug|Any CPU.Build.0 = Debug|Any CPU
		{01579336-780C-4615-A366-6DF706FD2FF5}.Release|Any CPU.ActiveCfg = Release|Any CPU
		{01579336-780C-4615-A366-6DF706FD2FF5}.Release|Any CPU.Build.0 = Release|Any CPU
	EndGlobalSection
	GlobalSection(SolutionProperties) = preSolution
		HideSolutionNode = FALSE
	EndGlobalSection
	GlobalSection(ExtensibilityGlobals) = postSolution
		SolutionGuid = {3F0BB747-08C0-4D27-B5E7-981EAAA28FFB}
	EndGlobalSection
EndGlobal
