
Microsoft Visual Studio Solution File, Format Version 12.00
# Visual Studio Version 17
VisualStudioVersion = 17.4.33205.214
MinimumVisualStudioVersion = 10.0.40219.1
Project("{2150E333-8FDC-42A3-9474-1A3956D46DE8}") = "10.Infrastructure", "10.Infrastructure", "{2A143BE2-C30C-467F-B64F-F483BEC1C82F}"
EndProject
Project("{2150E333-8FDC-42A3-9474-1A3956D46DE8}") = "20.Common", "20.Common", "{D851928D-6569-45E9-AC41-78B1F05E98D3}"
EndProject
Project("{2150E333-8FDC-42A3-9474-1A3956D46DE8}") = "30.SystemInterface", "30.SystemInterface", "{E23A9BFA-8C8F-4B06-BBAF-7B931291B9E5}"
EndProject
Project("{2150E333-8FDC-42A3-9474-1A3956D46DE8}") = "40.SystemService", "40.SystemService", "{8F38B64C-CA1F-4B93-A85E-FABA2823B688}"
EndProject
Project("{2150E333-8FDC-42A3-9474-1A3956D46DE8}") = "50.ApplicationService", "50.ApplicationService", "{7951FB76-AA36-4DCD-9073-CE9D636326EB}"
EndProject
Project("{2150E333-8FDC-42A3-9474-1A3956D46DE8}") = "60.Application", "60.Application", "{E8F0CE72-C427-416F-92FA-418395E24502}"
EndProject
Project("{9A19103F-16F7-4668-BE54-9A1E7A4F7556}") = "NV.CT.JobViewer.ApplicationService.Contract", "JobViewer.ApplicationService.Contract\NV.CT.JobViewer.ApplicationService.Contract.csproj", "{15A04D84-1B24-4918-BDD2-2ADEFBDDBF13}"
EndProject
Project("{9A19103F-16F7-4668-BE54-9A1E7A4F7556}") = "NV.CT.JobViewer.ApplicationService.Impl", "JobViewer.ApplicationService.Impl\NV.CT.JobViewer.ApplicationService.Impl.csproj", "{65F0432F-7233-44FC-9727-3FF2DF4B72E3}"
EndProject
Project("{9A19103F-16F7-4668-BE54-9A1E7A4F7556}") = "NV.CT.Logging", "..\..\Infrastructure\Logging\NV.CT.Logging.csproj", "{F28F7CCE-CC3A-4ED3-AADD-3E6E7AF0BFB9}"
EndProject
Project("{9A19103F-16F7-4668-BE54-9A1E7A4F7556}") = "NV.CT.CTS", "..\..\Common\CTS\NV.CT.CTS.csproj", "{5EF08C26-4AA9-4014-851B-BE3296B17614}"
EndProject
Project("{9A19103F-16F7-4668-BE54-9A1E7A4F7556}") = "NV.CT.UI.Controls", "..\..\Common\UI.Controls\NV.CT.UI.Controls.csproj", "{62B86230-2C11-48AE-9590-96A18B943026}"
EndProject
Project("{9A19103F-16F7-4668-BE54-9A1E7A4F7556}") = "NV.CT.WorkingBoxThread", "..\..\Common\WorkingBoxThread\NV.CT.WorkingBoxThread.csproj", "{928223C5-F99D-4AD0-A3E8-29337D402E25}"
EndProject
Project("{9A19103F-16F7-4668-BE54-9A1E7A4F7556}") = "NV.CT.UI.ViewModel", "..\..\Common\ViewModel\NV.CT.UI.ViewModel.csproj", "{6F147C2F-154A-4422-AF78-77EDDAD787D6}"
EndProject
Project("{9A19103F-16F7-4668-BE54-9A1E7A4F7556}") = "NV.CT.Protocol", "..\..\Common\Protocol\NV.CT.Protocol.csproj", "{AA01A334-236C-4B65-AAEC-04325E59116D}"
EndProject
Project("{9A19103F-16F7-4668-BE54-9A1E7A4F7556}") = "NV.CT.SystemInterface.MRSIntegration.Contract", "..\..\SystemInterface\MRSIntegration.Contract\NV.CT.SystemInterface.MRSIntegration.Contract.csproj", "{2D3B01AC-1ABF-4247-87BF-D59A518D9C25}"
EndProject
Project("{9A19103F-16F7-4668-BE54-9A1E7A4F7556}") = "NV.CT.SystemInterface.MRSIntegration.Impl", "..\..\SystemInterface\MRSIntegration.Impl\NV.CT.SystemInterface.MRSIntegration.Impl.csproj", "{69BA6F74-1BE9-4CBD-ABB6-7F112B15AFD9}"
EndProject
Project("{9A19103F-16F7-4668-BE54-9A1E7A4F7556}") = "NV.CT.AppService.Contract", "..\..\SystemService\AppService.Contract\NV.CT.AppService.Contract.csproj", "{F5F8FEDF-7E0B-4737-AE39-A7A835F2AE72}"
EndProject
Project("{9A19103F-16F7-4668-BE54-9A1E7A4F7556}") = "NV.CT.ConfigService.Contract", "..\..\SystemService\ConfigService.Contract\NV.CT.ConfigService.Contract.csproj", "{C6AFBA42-0B44-41E3-89A0-447BD248DAA0}"
EndProject
Project("{9A19103F-16F7-4668-BE54-9A1E7A4F7556}") = "NV.CT.DatabaseService.Contract", "..\..\SystemService\DatabaseService.Contract\NV.CT.DatabaseService.Contract.csproj", "{204CFDDD-9A52-42C0-9B12-6EDFDABD7374}"
EndProject
Project("{9A19103F-16F7-4668-BE54-9A1E7A4F7556}") = "NV.CT.JobService.Contract", "..\..\SystemService\JobService.Contract\NV.CT.JobService.Contract.csproj", "{777F1C66-6845-4EE2-82B3-FC44B9B61902}"
EndProject
Project("{9A19103F-16F7-4668-BE54-9A1E7A4F7556}") = "NV.CT.ProtocolService.Contract", "..\..\SystemService\ProtocolService.Contract\NV.CT.ProtocolService.Contract.csproj", "{2EEBA945-1580-4D21-B9E3-A3B1434B2AE6}"
EndProject
Project("{9A19103F-16F7-4668-BE54-9A1E7A4F7556}") = "NV.CT.SyncService.Contract", "..\..\SystemService\SyncService.Contract\NV.CT.SyncService.Contract.csproj", "{8DE8BF7B-D51C-41C5-B533-D00893362D89}"
EndProject
Project("{9A19103F-16F7-4668-BE54-9A1E7A4F7556}") = "NV.CT.WorkflowService.Contract", "..\..\SystemService\WorkflowService.Contract\NV.CT.WorkflowService.Contract.csproj", "{86BAAF41-E072-41EB-9A02-7540C78D4D14}"
EndProject
Project("{9A19103F-16F7-4668-BE54-9A1E7A4F7556}") = "NV.CT.ClientProxy", "..\..\SystemService\ClientProxy\NV.CT.ClientProxy.csproj", "{6E414D28-DB13-498E-90A5-2B39DBF1CD35}"
EndProject
Project("{9A19103F-16F7-4668-BE54-9A1E7A4F7556}") = "NV.CT.JobViewer", "App\NV.CT.JobViewer.csproj", "{7D07F3A1-4857-4CCE-B1FE-DABB1849E4E8}"
EndProject
Global
	GlobalSection(SolutionConfigurationPlatforms) = preSolution
		Debug|Any CPU = Debug|Any CPU
		Debug|ARM64 = Debug|ARM64
		Debug|x64 = Debug|x64
		Release|Any CPU = Release|Any CPU
		Release|ARM64 = Release|ARM64
		Release|x64 = Release|x64
	EndGlobalSection
	GlobalSection(ProjectConfigurationPlatforms) = postSolution
		{15A04D84-1B24-4918-BDD2-2ADEFBDDBF13}.Debug|Any CPU.ActiveCfg = Debug|Any CPU
		{15A04D84-1B24-4918-BDD2-2ADEFBDDBF13}.Debug|Any CPU.Build.0 = Debug|Any CPU
		{15A04D84-1B24-4918-BDD2-2ADEFBDDBF13}.Debug|ARM64.ActiveCfg = Debug|Any CPU
		{15A04D84-1B24-4918-BDD2-2ADEFBDDBF13}.Debug|ARM64.Build.0 = Debug|Any CPU
		{15A04D84-1B24-4918-BDD2-2ADEFBDDBF13}.Debug|x64.ActiveCfg = Debug|Any CPU
		{15A04D84-1B24-4918-BDD2-2ADEFBDDBF13}.Debug|x64.Build.0 = Debug|Any CPU
		{15A04D84-1B24-4918-BDD2-2ADEFBDDBF13}.Release|Any CPU.ActiveCfg = Release|Any CPU
		{15A04D84-1B24-4918-BDD2-2ADEFBDDBF13}.Release|Any CPU.Build.0 = Release|Any CPU
		{15A04D84-1B24-4918-BDD2-2ADEFBDDBF13}.Release|ARM64.ActiveCfg = Release|Any CPU
		{15A04D84-1B24-4918-BDD2-2ADEFBDDBF13}.Release|ARM64.Build.0 = Release|Any CPU
		{15A04D84-1B24-4918-BDD2-2ADEFBDDBF13}.Release|x64.ActiveCfg = Release|Any CPU
		{15A04D84-1B24-4918-BDD2-2ADEFBDDBF13}.Release|x64.Build.0 = Release|Any CPU
		{65F0432F-7233-44FC-9727-3FF2DF4B72E3}.Debug|Any CPU.ActiveCfg = Debug|Any CPU
		{65F0432F-7233-44FC-9727-3FF2DF4B72E3}.Debug|Any CPU.Build.0 = Debug|Any CPU
		{65F0432F-7233-44FC-9727-3FF2DF4B72E3}.Debug|ARM64.ActiveCfg = Debug|Any CPU
		{65F0432F-7233-44FC-9727-3FF2DF4B72E3}.Debug|ARM64.Build.0 = Debug|Any CPU
		{65F0432F-7233-44FC-9727-3FF2DF4B72E3}.Debug|x64.ActiveCfg = Debug|Any CPU
		{65F0432F-7233-44FC-9727-3FF2DF4B72E3}.Debug|x64.Build.0 = Debug|Any CPU
		{65F0432F-7233-44FC-9727-3FF2DF4B72E3}.Release|Any CPU.ActiveCfg = Release|Any CPU
		{65F0432F-7233-44FC-9727-3FF2DF4B72E3}.Release|Any CPU.Build.0 = Release|Any CPU
		{65F0432F-7233-44FC-9727-3FF2DF4B72E3}.Release|ARM64.ActiveCfg = Release|Any CPU
		{65F0432F-7233-44FC-9727-3FF2DF4B72E3}.Release|ARM64.Build.0 = Release|Any CPU
		{65F0432F-7233-44FC-9727-3FF2DF4B72E3}.Release|x64.ActiveCfg = Release|Any CPU
		{65F0432F-7233-44FC-9727-3FF2DF4B72E3}.Release|x64.Build.0 = Release|Any CPU
		{F28F7CCE-CC3A-4ED3-AADD-3E6E7AF0BFB9}.Debug|Any CPU.ActiveCfg = Debug|Any CPU
		{F28F7CCE-CC3A-4ED3-AADD-3E6E7AF0BFB9}.Debug|Any CPU.Build.0 = Debug|Any CPU
		{F28F7CCE-CC3A-4ED3-AADD-3E6E7AF0BFB9}.Debug|ARM64.ActiveCfg = Debug|Any CPU
		{F28F7CCE-CC3A-4ED3-AADD-3E6E7AF0BFB9}.Debug|ARM64.Build.0 = Debug|Any CPU
		{F28F7CCE-CC3A-4ED3-AADD-3E6E7AF0BFB9}.Debug|x64.ActiveCfg = Debug|x64
		{F28F7CCE-CC3A-4ED3-AADD-3E6E7AF0BFB9}.Debug|x64.Build.0 = Debug|x64
		{F28F7CCE-CC3A-4ED3-AADD-3E6E7AF0BFB9}.Release|Any CPU.ActiveCfg = Release|Any CPU
		{F28F7CCE-CC3A-4ED3-AADD-3E6E7AF0BFB9}.Release|Any CPU.Build.0 = Release|Any CPU
		{F28F7CCE-CC3A-4ED3-AADD-3E6E7AF0BFB9}.Release|ARM64.ActiveCfg = Release|Any CPU
		{F28F7CCE-CC3A-4ED3-AADD-3E6E7AF0BFB9}.Release|ARM64.Build.0 = Release|Any CPU
		{F28F7CCE-CC3A-4ED3-AADD-3E6E7AF0BFB9}.Release|x64.ActiveCfg = Release|x64
		{F28F7CCE-CC3A-4ED3-AADD-3E6E7AF0BFB9}.Release|x64.Build.0 = Release|x64
		{5EF08C26-4AA9-4014-851B-BE3296B17614}.Debug|Any CPU.ActiveCfg = Debug|Any CPU
		{5EF08C26-4AA9-4014-851B-BE3296B17614}.Debug|Any CPU.Build.0 = Debug|Any CPU
		{5EF08C26-4AA9-4014-851B-BE3296B17614}.Debug|ARM64.ActiveCfg = Debug|Any CPU
		{5EF08C26-4AA9-4014-851B-BE3296B17614}.Debug|ARM64.Build.0 = Debug|Any CPU
		{5EF08C26-4AA9-4014-851B-BE3296B17614}.Debug|x64.ActiveCfg = Debug|Any CPU
		{5EF08C26-4AA9-4014-851B-BE3296B17614}.Debug|x64.Build.0 = Debug|Any CPU
		{5EF08C26-4AA9-4014-851B-BE3296B17614}.Release|Any CPU.ActiveCfg = Release|Any CPU
		{5EF08C26-4AA9-4014-851B-BE3296B17614}.Release|Any CPU.Build.0 = Release|Any CPU
		{5EF08C26-4AA9-4014-851B-BE3296B17614}.Release|ARM64.ActiveCfg = Release|Any CPU
		{5EF08C26-4AA9-4014-851B-BE3296B17614}.Release|ARM64.Build.0 = Release|Any CPU
		{5EF08C26-4AA9-4014-851B-BE3296B17614}.Release|x64.ActiveCfg = Release|Any CPU
		{5EF08C26-4AA9-4014-851B-BE3296B17614}.Release|x64.Build.0 = Release|Any CPU
		{62B86230-2C11-48AE-9590-96A18B943026}.Debug|Any CPU.ActiveCfg = Debug|Any CPU
		{62B86230-2C11-48AE-9590-96A18B943026}.Debug|Any CPU.Build.0 = Debug|Any CPU
		{62B86230-2C11-48AE-9590-96A18B943026}.Debug|ARM64.ActiveCfg = Debug|Any CPU
		{62B86230-2C11-48AE-9590-96A18B943026}.Debug|ARM64.Build.0 = Debug|Any CPU
		{62B86230-2C11-48AE-9590-96A18B943026}.Debug|x64.ActiveCfg = Debug|x64
		{62B86230-2C11-48AE-9590-96A18B943026}.Debug|x64.Build.0 = Debug|x64
		{62B86230-2C11-48AE-9590-96A18B943026}.Release|Any CPU.ActiveCfg = Release|Any CPU
		{62B86230-2C11-48AE-9590-96A18B943026}.Release|Any CPU.Build.0 = Release|Any CPU
		{62B86230-2C11-48AE-9590-96A18B943026}.Release|ARM64.ActiveCfg = Release|Any CPU
		{62B86230-2C11-48AE-9590-96A18B943026}.Release|ARM64.Build.0 = Release|Any CPU
		{62B86230-2C11-48AE-9590-96A18B943026}.Release|x64.ActiveCfg = Release|x64
		{62B86230-2C11-48AE-9590-96A18B943026}.Release|x64.Build.0 = Release|x64
		{928223C5-F99D-4AD0-A3E8-29337D402E25}.Debug|Any CPU.ActiveCfg = Debug|Any CPU
		{928223C5-F99D-4AD0-A3E8-29337D402E25}.Debug|Any CPU.Build.0 = Debug|Any CPU
		{928223C5-F99D-4AD0-A3E8-29337D402E25}.Debug|ARM64.ActiveCfg = Debug|Any CPU
		{928223C5-F99D-4AD0-A3E8-29337D402E25}.Debug|ARM64.Build.0 = Debug|Any CPU
		{928223C5-F99D-4AD0-A3E8-29337D402E25}.Debug|x64.ActiveCfg = Debug|Any CPU
		{928223C5-F99D-4AD0-A3E8-29337D402E25}.Debug|x64.Build.0 = Debug|Any CPU
		{928223C5-F99D-4AD0-A3E8-29337D402E25}.Release|Any CPU.ActiveCfg = Release|Any CPU
		{928223C5-F99D-4AD0-A3E8-29337D402E25}.Release|Any CPU.Build.0 = Release|Any CPU
		{928223C5-F99D-4AD0-A3E8-29337D402E25}.Release|ARM64.ActiveCfg = Release|Any CPU
		{928223C5-F99D-4AD0-A3E8-29337D402E25}.Release|ARM64.Build.0 = Release|Any CPU
		{928223C5-F99D-4AD0-A3E8-29337D402E25}.Release|x64.ActiveCfg = Release|Any CPU
		{928223C5-F99D-4AD0-A3E8-29337D402E25}.Release|x64.Build.0 = Release|Any CPU
		{6F147C2F-154A-4422-AF78-77EDDAD787D6}.Debug|Any CPU.ActiveCfg = Debug|Any CPU
		{6F147C2F-154A-4422-AF78-77EDDAD787D6}.Debug|Any CPU.Build.0 = Debug|Any CPU
		{6F147C2F-154A-4422-AF78-77EDDAD787D6}.Debug|ARM64.ActiveCfg = Debug|Any CPU
		{6F147C2F-154A-4422-AF78-77EDDAD787D6}.Debug|ARM64.Build.0 = Debug|Any CPU
		{6F147C2F-154A-4422-AF78-77EDDAD787D6}.Debug|x64.ActiveCfg = Debug|Any CPU
		{6F147C2F-154A-4422-AF78-77EDDAD787D6}.Debug|x64.Build.0 = Debug|Any CPU
		{6F147C2F-154A-4422-AF78-77EDDAD787D6}.Release|Any CPU.ActiveCfg = Release|Any CPU
		{6F147C2F-154A-4422-AF78-77EDDAD787D6}.Release|Any CPU.Build.0 = Release|Any CPU
		{6F147C2F-154A-4422-AF78-77EDDAD787D6}.Release|ARM64.ActiveCfg = Release|Any CPU
		{6F147C2F-154A-4422-AF78-77EDDAD787D6}.Release|ARM64.Build.0 = Release|Any CPU
		{6F147C2F-154A-4422-AF78-77EDDAD787D6}.Release|x64.ActiveCfg = Release|Any CPU
		{6F147C2F-154A-4422-AF78-77EDDAD787D6}.Release|x64.Build.0 = Release|Any CPU
		{AA01A334-236C-4B65-AAEC-04325E59116D}.Debug|Any CPU.ActiveCfg = Debug|Any CPU
		{AA01A334-236C-4B65-AAEC-04325E59116D}.Debug|Any CPU.Build.0 = Debug|Any CPU
		{AA01A334-236C-4B65-AAEC-04325E59116D}.Debug|ARM64.ActiveCfg = Debug|Any CPU
		{AA01A334-236C-4B65-AAEC-04325E59116D}.Debug|ARM64.Build.0 = Debug|Any CPU
		{AA01A334-236C-4B65-AAEC-04325E59116D}.Debug|x64.ActiveCfg = Debug|x64
		{AA01A334-236C-4B65-AAEC-04325E59116D}.Debug|x64.Build.0 = Debug|x64
		{AA01A334-236C-4B65-AAEC-04325E59116D}.Release|Any CPU.ActiveCfg = Release|Any CPU
		{AA01A334-236C-4B65-AAEC-04325E59116D}.Release|Any CPU.Build.0 = Release|Any CPU
		{AA01A334-236C-4B65-AAEC-04325E59116D}.Release|ARM64.ActiveCfg = Release|Any CPU
		{AA01A334-236C-4B65-AAEC-04325E59116D}.Release|ARM64.Build.0 = Release|Any CPU
		{AA01A334-236C-4B65-AAEC-04325E59116D}.Release|x64.ActiveCfg = Release|x64
		{AA01A334-236C-4B65-AAEC-04325E59116D}.Release|x64.Build.0 = Release|x64
		{2D3B01AC-1ABF-4247-87BF-D59A518D9C25}.Debug|Any CPU.ActiveCfg = Debug|Any CPU
		{2D3B01AC-1ABF-4247-87BF-D59A518D9C25}.Debug|Any CPU.Build.0 = Debug|Any CPU
		{2D3B01AC-1ABF-4247-87BF-D59A518D9C25}.Debug|ARM64.ActiveCfg = Debug|Any CPU
		{2D3B01AC-1ABF-4247-87BF-D59A518D9C25}.Debug|ARM64.Build.0 = Debug|Any CPU
		{2D3B01AC-1ABF-4247-87BF-D59A518D9C25}.Debug|x64.ActiveCfg = Debug|Any CPU
		{2D3B01AC-1ABF-4247-87BF-D59A518D9C25}.Debug|x64.Build.0 = Debug|Any CPU
		{2D3B01AC-1ABF-4247-87BF-D59A518D9C25}.Release|Any CPU.ActiveCfg = Release|Any CPU
		{2D3B01AC-1ABF-4247-87BF-D59A518D9C25}.Release|Any CPU.Build.0 = Release|Any CPU
		{2D3B01AC-1ABF-4247-87BF-D59A518D9C25}.Release|ARM64.ActiveCfg = Release|Any CPU
		{2D3B01AC-1ABF-4247-87BF-D59A518D9C25}.Release|ARM64.Build.0 = Release|Any CPU
		{2D3B01AC-1ABF-4247-87BF-D59A518D9C25}.Release|x64.ActiveCfg = Release|Any CPU
		{2D3B01AC-1ABF-4247-87BF-D59A518D9C25}.Release|x64.Build.0 = Release|Any CPU
		{69BA6F74-1BE9-4CBD-ABB6-7F112B15AFD9}.Debug|Any CPU.ActiveCfg = Debug|Any CPU
		{69BA6F74-1BE9-4CBD-ABB6-7F112B15AFD9}.Debug|Any CPU.Build.0 = Debug|Any CPU
		{69BA6F74-1BE9-4CBD-ABB6-7F112B15AFD9}.Debug|ARM64.ActiveCfg = Debug|Any CPU
		{69BA6F74-1BE9-4CBD-ABB6-7F112B15AFD9}.Debug|ARM64.Build.0 = Debug|Any CPU
		{69BA6F74-1BE9-4CBD-ABB6-7F112B15AFD9}.Debug|x64.ActiveCfg = Debug|Any CPU
		{69BA6F74-1BE9-4CBD-ABB6-7F112B15AFD9}.Debug|x64.Build.0 = Debug|Any CPU
		{69BA6F74-1BE9-4CBD-ABB6-7F112B15AFD9}.Release|Any CPU.ActiveCfg = Release|Any CPU
		{69BA6F74-1BE9-4CBD-ABB6-7F112B15AFD9}.Release|Any CPU.Build.0 = Release|Any CPU
		{69BA6F74-1BE9-4CBD-ABB6-7F112B15AFD9}.Release|ARM64.ActiveCfg = Release|Any CPU
		{69BA6F74-1BE9-4CBD-ABB6-7F112B15AFD9}.Release|ARM64.Build.0 = Release|Any CPU
		{69BA6F74-1BE9-4CBD-ABB6-7F112B15AFD9}.Release|x64.ActiveCfg = Release|Any CPU
		{69BA6F74-1BE9-4CBD-ABB6-7F112B15AFD9}.Release|x64.Build.0 = Release|Any CPU
		{F5F8FEDF-7E0B-4737-AE39-A7A835F2AE72}.Debug|Any CPU.ActiveCfg = Debug|Any CPU
		{F5F8FEDF-7E0B-4737-AE39-A7A835F2AE72}.Debug|Any CPU.Build.0 = Debug|Any CPU
		{F5F8FEDF-7E0B-4737-AE39-A7A835F2AE72}.Debug|ARM64.ActiveCfg = Debug|Any CPU
		{F5F8FEDF-7E0B-4737-AE39-A7A835F2AE72}.Debug|ARM64.Build.0 = Debug|Any CPU
		{F5F8FEDF-7E0B-4737-AE39-A7A835F2AE72}.Debug|x64.ActiveCfg = Debug|Any CPU
		{F5F8FEDF-7E0B-4737-AE39-A7A835F2AE72}.Debug|x64.Build.0 = Debug|Any CPU
		{F5F8FEDF-7E0B-4737-AE39-A7A835F2AE72}.Release|Any CPU.ActiveCfg = Release|Any CPU
		{F5F8FEDF-7E0B-4737-AE39-A7A835F2AE72}.Release|Any CPU.Build.0 = Release|Any CPU
		{F5F8FEDF-7E0B-4737-AE39-A7A835F2AE72}.Release|ARM64.ActiveCfg = Release|Any CPU
		{F5F8FEDF-7E0B-4737-AE39-A7A835F2AE72}.Release|ARM64.Build.0 = Release|Any CPU
		{F5F8FEDF-7E0B-4737-AE39-A7A835F2AE72}.Release|x64.ActiveCfg = Release|Any CPU
		{F5F8FEDF-7E0B-4737-AE39-A7A835F2AE72}.Release|x64.Build.0 = Release|Any CPU
		{C6AFBA42-0B44-41E3-89A0-447BD248DAA0}.Debug|Any CPU.ActiveCfg = Debug|Any CPU
		{C6AFBA42-0B44-41E3-89A0-447BD248DAA0}.Debug|Any CPU.Build.0 = Debug|Any CPU
		{C6AFBA42-0B44-41E3-89A0-447BD248DAA0}.Debug|ARM64.ActiveCfg = Debug|Any CPU
		{C6AFBA42-0B44-41E3-89A0-447BD248DAA0}.Debug|ARM64.Build.0 = Debug|Any CPU
		{C6AFBA42-0B44-41E3-89A0-447BD248DAA0}.Debug|x64.ActiveCfg = Debug|Any CPU
		{C6AFBA42-0B44-41E3-89A0-447BD248DAA0}.Debug|x64.Build.0 = Debug|Any CPU
		{C6AFBA42-0B44-41E3-89A0-447BD248DAA0}.Release|Any CPU.ActiveCfg = Release|Any CPU
		{C6AFBA42-0B44-41E3-89A0-447BD248DAA0}.Release|Any CPU.Build.0 = Release|Any CPU
		{C6AFBA42-0B44-41E3-89A0-447BD248DAA0}.Release|ARM64.ActiveCfg = Release|Any CPU
		{C6AFBA42-0B44-41E3-89A0-447BD248DAA0}.Release|ARM64.Build.0 = Release|Any CPU
		{C6AFBA42-0B44-41E3-89A0-447BD248DAA0}.Release|x64.ActiveCfg = Release|Any CPU
		{C6AFBA42-0B44-41E3-89A0-447BD248DAA0}.Release|x64.Build.0 = Release|Any CPU
		{204CFDDD-9A52-42C0-9B12-6EDFDABD7374}.Debug|Any CPU.ActiveCfg = Debug|Any CPU
		{204CFDDD-9A52-42C0-9B12-6EDFDABD7374}.Debug|Any CPU.Build.0 = Debug|Any CPU
		{204CFDDD-9A52-42C0-9B12-6EDFDABD7374}.Debug|ARM64.ActiveCfg = Debug|Any CPU
		{204CFDDD-9A52-42C0-9B12-6EDFDABD7374}.Debug|ARM64.Build.0 = Debug|Any CPU
		{204CFDDD-9A52-42C0-9B12-6EDFDABD7374}.Debug|x64.ActiveCfg = Debug|Any CPU
		{204CFDDD-9A52-42C0-9B12-6EDFDABD7374}.Debug|x64.Build.0 = Debug|Any CPU
		{204CFDDD-9A52-42C0-9B12-6EDFDABD7374}.Release|Any CPU.ActiveCfg = Release|Any CPU
		{204CFDDD-9A52-42C0-9B12-6EDFDABD7374}.Release|Any CPU.Build.0 = Release|Any CPU
		{204CFDDD-9A52-42C0-9B12-6EDFDABD7374}.Release|ARM64.ActiveCfg = Release|Any CPU
		{204CFDDD-9A52-42C0-9B12-6EDFDABD7374}.Release|ARM64.Build.0 = Release|Any CPU
		{204CFDDD-9A52-42C0-9B12-6EDFDABD7374}.Release|x64.ActiveCfg = Release|Any CPU
		{204CFDDD-9A52-42C0-9B12-6EDFDABD7374}.Release|x64.Build.0 = Release|Any CPU
		{777F1C66-6845-4EE2-82B3-FC44B9B61902}.Debug|Any CPU.ActiveCfg = Debug|Any CPU
		{777F1C66-6845-4EE2-82B3-FC44B9B61902}.Debug|Any CPU.Build.0 = Debug|Any CPU
		{777F1C66-6845-4EE2-82B3-FC44B9B61902}.Debug|ARM64.ActiveCfg = Debug|Any CPU
		{777F1C66-6845-4EE2-82B3-FC44B9B61902}.Debug|ARM64.Build.0 = Debug|Any CPU
		{777F1C66-6845-4EE2-82B3-FC44B9B61902}.Debug|x64.ActiveCfg = Debug|Any CPU
		{777F1C66-6845-4EE2-82B3-FC44B9B61902}.Debug|x64.Build.0 = Debug|Any CPU
		{777F1C66-6845-4EE2-82B3-FC44B9B61902}.Release|Any CPU.ActiveCfg = Release|Any CPU
		{777F1C66-6845-4EE2-82B3-FC44B9B61902}.Release|Any CPU.Build.0 = Release|Any CPU
		{777F1C66-6845-4EE2-82B3-FC44B9B61902}.Release|ARM64.ActiveCfg = Release|Any CPU
		{777F1C66-6845-4EE2-82B3-FC44B9B61902}.Release|ARM64.Build.0 = Release|Any CPU
		{777F1C66-6845-4EE2-82B3-FC44B9B61902}.Release|x64.ActiveCfg = Release|Any CPU
		{777F1C66-6845-4EE2-82B3-FC44B9B61902}.Release|x64.Build.0 = Release|Any CPU
		{2EEBA945-1580-4D21-B9E3-A3B1434B2AE6}.Debug|Any CPU.ActiveCfg = Debug|Any CPU
		{2EEBA945-1580-4D21-B9E3-A3B1434B2AE6}.Debug|Any CPU.Build.0 = Debug|Any CPU
		{2EEBA945-1580-4D21-B9E3-A3B1434B2AE6}.Debug|ARM64.ActiveCfg = Debug|Any CPU
		{2EEBA945-1580-4D21-B9E3-A3B1434B2AE6}.Debug|ARM64.Build.0 = Debug|Any CPU
		{2EEBA945-1580-4D21-B9E3-A3B1434B2AE6}.Debug|x64.ActiveCfg = Debug|Any CPU
		{2EEBA945-1580-4D21-B9E3-A3B1434B2AE6}.Debug|x64.Build.0 = Debug|Any CPU
		{2EEBA945-1580-4D21-B9E3-A3B1434B2AE6}.Release|Any CPU.ActiveCfg = Release|Any CPU
		{2EEBA945-1580-4D21-B9E3-A3B1434B2AE6}.Release|Any CPU.Build.0 = Release|Any CPU
		{2EEBA945-1580-4D21-B9E3-A3B1434B2AE6}.Release|ARM64.ActiveCfg = Release|Any CPU
		{2EEBA945-1580-4D21-B9E3-A3B1434B2AE6}.Release|ARM64.Build.0 = Release|Any CPU
		{2EEBA945-1580-4D21-B9E3-A3B1434B2AE6}.Release|x64.ActiveCfg = Release|Any CPU
		{2EEBA945-1580-4D21-B9E3-A3B1434B2AE6}.Release|x64.Build.0 = Release|Any CPU
		{8DE8BF7B-D51C-41C5-B533-D00893362D89}.Debug|Any CPU.ActiveCfg = Debug|Any CPU
		{8DE8BF7B-D51C-41C5-B533-D00893362D89}.Debug|Any CPU.Build.0 = Debug|Any CPU
		{8DE8BF7B-D51C-41C5-B533-D00893362D89}.Debug|ARM64.ActiveCfg = Debug|Any CPU
		{8DE8BF7B-D51C-41C5-B533-D00893362D89}.Debug|ARM64.Build.0 = Debug|Any CPU
		{8DE8BF7B-D51C-41C5-B533-D00893362D89}.Debug|x64.ActiveCfg = Debug|Any CPU
		{8DE8BF7B-D51C-41C5-B533-D00893362D89}.Debug|x64.Build.0 = Debug|Any CPU
		{8DE8BF7B-D51C-41C5-B533-D00893362D89}.Release|Any CPU.ActiveCfg = Release|Any CPU
		{8DE8BF7B-D51C-41C5-B533-D00893362D89}.Release|Any CPU.Build.0 = Release|Any CPU
		{8DE8BF7B-D51C-41C5-B533-D00893362D89}.Release|ARM64.ActiveCfg = Release|Any CPU
		{8DE8BF7B-D51C-41C5-B533-D00893362D89}.Release|ARM64.Build.0 = Release|Any CPU
		{8DE8BF7B-D51C-41C5-B533-D00893362D89}.Release|x64.ActiveCfg = Release|Any CPU
		{8DE8BF7B-D51C-41C5-B533-D00893362D89}.Release|x64.Build.0 = Release|Any CPU
		{86BAAF41-E072-41EB-9A02-7540C78D4D14}.Debug|Any CPU.ActiveCfg = Debug|Any CPU
		{86BAAF41-E072-41EB-9A02-7540C78D4D14}.Debug|Any CPU.Build.0 = Debug|Any CPU
		{86BAAF41-E072-41EB-9A02-7540C78D4D14}.Debug|ARM64.ActiveCfg = Debug|Any CPU
		{86BAAF41-E072-41EB-9A02-7540C78D4D14}.Debug|ARM64.Build.0 = Debug|Any CPU
		{86BAAF41-E072-41EB-9A02-7540C78D4D14}.Debug|x64.ActiveCfg = Debug|Any CPU
		{86BAAF41-E072-41EB-9A02-7540C78D4D14}.Debug|x64.Build.0 = Debug|Any CPU
		{86BAAF41-E072-41EB-9A02-7540C78D4D14}.Release|Any CPU.ActiveCfg = Release|Any CPU
		{86BAAF41-E072-41EB-9A02-7540C78D4D14}.Release|Any CPU.Build.0 = Release|Any CPU
		{86BAAF41-E072-41EB-9A02-7540C78D4D14}.Release|ARM64.ActiveCfg = Release|Any CPU
		{86BAAF41-E072-41EB-9A02-7540C78D4D14}.Release|ARM64.Build.0 = Release|Any CPU
		{86BAAF41-E072-41EB-9A02-7540C78D4D14}.Release|x64.ActiveCfg = Release|Any CPU
		{86BAAF41-E072-41EB-9A02-7540C78D4D14}.Release|x64.Build.0 = Release|Any CPU
		{6E414D28-DB13-498E-90A5-2B39DBF1CD35}.Debug|Any CPU.ActiveCfg = Debug|Any CPU
		{6E414D28-DB13-498E-90A5-2B39DBF1CD35}.Debug|Any CPU.Build.0 = Debug|Any CPU
		{6E414D28-DB13-498E-90A5-2B39DBF1CD35}.Debug|ARM64.ActiveCfg = Debug|Any CPU
		{6E414D28-DB13-498E-90A5-2B39DBF1CD35}.Debug|ARM64.Build.0 = Debug|Any CPU
		{6E414D28-DB13-498E-90A5-2B39DBF1CD35}.Debug|x64.ActiveCfg = Debug|Any CPU
		{6E414D28-DB13-498E-90A5-2B39DBF1CD35}.Debug|x64.Build.0 = Debug|Any CPU
		{6E414D28-DB13-498E-90A5-2B39DBF1CD35}.Release|Any CPU.ActiveCfg = Release|Any CPU
		{6E414D28-DB13-498E-90A5-2B39DBF1CD35}.Release|Any CPU.Build.0 = Release|Any CPU
		{6E414D28-DB13-498E-90A5-2B39DBF1CD35}.Release|ARM64.ActiveCfg = Release|Any CPU
		{6E414D28-DB13-498E-90A5-2B39DBF1CD35}.Release|ARM64.Build.0 = Release|Any CPU
		{6E414D28-DB13-498E-90A5-2B39DBF1CD35}.Release|x64.ActiveCfg = Release|Any CPU
		{6E414D28-DB13-498E-90A5-2B39DBF1CD35}.Release|x64.Build.0 = Release|Any CPU
		{7D07F3A1-4857-4CCE-B1FE-DABB1849E4E8}.Debug|Any CPU.ActiveCfg = Debug|Any CPU
		{7D07F3A1-4857-4CCE-B1FE-DABB1849E4E8}.Debug|Any CPU.Build.0 = Debug|Any CPU
		{7D07F3A1-4857-4CCE-B1FE-DABB1849E4E8}.Debug|ARM64.ActiveCfg = Debug|Any CPU
		{7D07F3A1-4857-4CCE-B1FE-DABB1849E4E8}.Debug|ARM64.Build.0 = Debug|Any CPU
		{7D07F3A1-4857-4CCE-B1FE-DABB1849E4E8}.Debug|x64.ActiveCfg = Debug|Any CPU
		{7D07F3A1-4857-4CCE-B1FE-DABB1849E4E8}.Debug|x64.Build.0 = Debug|Any CPU
		{7D07F3A1-4857-4CCE-B1FE-DABB1849E4E8}.Release|Any CPU.ActiveCfg = Release|Any CPU
		{7D07F3A1-4857-4CCE-B1FE-DABB1849E4E8}.Release|Any CPU.Build.0 = Release|Any CPU
		{7D07F3A1-4857-4CCE-B1FE-DABB1849E4E8}.Release|ARM64.ActiveCfg = Release|Any CPU
		{7D07F3A1-4857-4CCE-B1FE-DABB1849E4E8}.Release|ARM64.Build.0 = Release|Any CPU
		{7D07F3A1-4857-4CCE-B1FE-DABB1849E4E8}.Release|x64.ActiveCfg = Release|Any CPU
		{7D07F3A1-4857-4CCE-B1FE-DABB1849E4E8}.Release|x64.Build.0 = Release|Any CPU
	EndGlobalSection
	GlobalSection(SolutionProperties) = preSolution
		HideSolutionNode = FALSE
	EndGlobalSection
	GlobalSection(NestedProjects) = preSolution
		{15A04D84-1B24-4918-BDD2-2ADEFBDDBF13} = {7951FB76-AA36-4DCD-9073-CE9D636326EB}
		{65F0432F-7233-44FC-9727-3FF2DF4B72E3} = {7951FB76-AA36-4DCD-9073-CE9D636326EB}
		{F28F7CCE-CC3A-4ED3-AADD-3E6E7AF0BFB9} = {2A143BE2-C30C-467F-B64F-F483BEC1C82F}
		{5EF08C26-4AA9-4014-851B-BE3296B17614} = {D851928D-6569-45E9-AC41-78B1F05E98D3}
		{62B86230-2C11-48AE-9590-96A18B943026} = {D851928D-6569-45E9-AC41-78B1F05E98D3}
		{928223C5-F99D-4AD0-A3E8-29337D402E25} = {D851928D-6569-45E9-AC41-78B1F05E98D3}
		{6F147C2F-154A-4422-AF78-77EDDAD787D6} = {D851928D-6569-45E9-AC41-78B1F05E98D3}
		{AA01A334-236C-4B65-AAEC-04325E59116D} = {D851928D-6569-45E9-AC41-78B1F05E98D3}
		{2D3B01AC-1ABF-4247-87BF-D59A518D9C25} = {E23A9BFA-8C8F-4B06-BBAF-7B931291B9E5}
		{69BA6F74-1BE9-4CBD-ABB6-7F112B15AFD9} = {E23A9BFA-8C8F-4B06-BBAF-7B931291B9E5}
		{F5F8FEDF-7E0B-4737-AE39-A7A835F2AE72} = {8F38B64C-CA1F-4B93-A85E-FABA2823B688}
		{C6AFBA42-0B44-41E3-89A0-447BD248DAA0} = {8F38B64C-CA1F-4B93-A85E-FABA2823B688}
		{204CFDDD-9A52-42C0-9B12-6EDFDABD7374} = {8F38B64C-CA1F-4B93-A85E-FABA2823B688}
		{777F1C66-6845-4EE2-82B3-FC44B9B61902} = {8F38B64C-CA1F-4B93-A85E-FABA2823B688}
		{2EEBA945-1580-4D21-B9E3-A3B1434B2AE6} = {8F38B64C-CA1F-4B93-A85E-FABA2823B688}
		{8DE8BF7B-D51C-41C5-B533-D00893362D89} = {8F38B64C-CA1F-4B93-A85E-FABA2823B688}
		{86BAAF41-E072-41EB-9A02-7540C78D4D14} = {8F38B64C-CA1F-4B93-A85E-FABA2823B688}
		{6E414D28-DB13-498E-90A5-2B39DBF1CD35} = {8F38B64C-CA1F-4B93-A85E-FABA2823B688}
		{7D07F3A1-4857-4CCE-B1FE-DABB1849E4E8} = {E8F0CE72-C427-416F-92FA-418395E24502}
	EndGlobalSection
	GlobalSection(ExtensibilityGlobals) = postSolution
		SolutionGuid = {361A8D63-F7EC-4676-87F8-D86B4BE259F8}
	EndGlobalSection
EndGlobal
